{
  "version": 4,
  "terraform_version": "1.11.3",
  "serial": 553,
  "lineage": "d37dc325-59f1-94a4-c5d3-3be290d5bf36",
  "outputs": {
    "wordpress_url": {
      "value": "https://wordpress.stefankaa.com",
      "type": "string"
    }
  },
  "resources": [
    {
      "mode": "data",
      "type": "aws_route53_zone",
      "name": "primary",
      "provider": "provider[\"registry.terraform.io/hashicorp/aws\"]",
      "instances": [
        {
          "schema_version": 0,
          "attributes": {
            "arn": "arn:aws:route53:::hostedzone/Z05158402RI2DG58NCLV5",
            "caller_reference": "RISWorkflow-RD:6240277b-f58d-4933-897b-8f1d7bfec4f8",
            "comment": "HostedZone created by Route53 Registrar",
            "id": "Z05158402RI2DG58NCLV5",
            "linked_service_description": null,
            "linked_service_principal": null,
            "name": "stefankaa.com",
            "name_servers": [
              "ns-896.awsdns-48.net",
              "ns-190.awsdns-23.com",
              "ns-1762.awsdns-28.co.uk",
              "ns-1231.awsdns-25.org"
            ],
            "primary_name_server": "ns-896.awsdns-48.net",
            "private_zone": false,
            "resource_record_set_count": 5,
            "tags": {},
            "vpc_id": null,
            "zone_id": "Z05158402RI2DG58NCLV5"
          },
          "sensitive_attributes": []
        }
      ]
    },
    {
      "mode": "data",
      "type": "template_file",
      "name": "user_data",
      "provider": "provider[\"registry.terraform.io/hashicorp/template\"]",
      "instances": [
        {
          "schema_version": 0,
          "attributes": {
            "filename": null,
            "id": "ba7d17fc2747316413ade2217a63976d0b08ed8108a5086c0944e726ff129b02",
            "rendered": "#!/bin/bash\n# Update and install necessary packages\nyum update -y\n\n# Remove any old PHP versions\nyum remove -y php*\n\n# Enable PHP 7.4 and install necessary packages\namazon-linux-extras enable php7.4\nyum install -y httpd php php-mysqlnd php-fpm mariadb-client wget\n\n# Install WP-CLI\ncurl -O https://raw.githubusercontent.com/wp-cli/builds/gh-pages/phar/wp-cli.phar\nchmod +x wp-cli.phar\nmv wp-cli.phar /usr/local/bin/wp\n\n# Check and ensure PHP 7.4 is installed correctly\nphp -v  # This should now show PHP 7.4.x\n\n# Create the WordPress directory and set permissions\nmkdir -p /var/www/html\ncd /var/www/html\n\n# Download WordPress\nwp core download --locale=en_US\n\n# Create the correct user and group if they don't exist\ngroupadd -f apache\nuseradd -g apache apache\n\n# Set correct ownership and permissions\nchown -R apache:apache /var/www/html\nchmod -R 755 /var/www/html\n\n# Set correct file permissions for files\nfind /var/www/html -type f -exec chmod 644 {} \\;\n\n# Generate wp-config.php file (ensure you replace these variables with actual values)\ncat \u003c\u003cEOF \u003e /var/www/html/wp-config.php\n\u003c?php\ndefine( 'DB_NAME', 'wordpress' );\ndefine( 'DB_USER', 'wordpressuser' );\ndefine( 'DB_PASSWORD', 't0VUSB6Su58BiGGj' );\ndefine( 'DB_HOST', 'wordpress-db.cne8kkwywcc4.eu-central-1.rds.amazonaws.com' );\ndefine('WP_HOME', 'https://wordpress.stefankaa.com');\ndefine('WP_SITEURL', 'https://wordpress.stefankaa.com');\ndefine( 'DB_CHARSET', 'utf8' );\ndefine( 'DB_COLLATE', '' );\n\\$table_prefix = 'wp_';\ndefine( 'WP_DEBUG', false );\nif ( ! defined( 'ABSPATH' ) ) {\n    define( 'ABSPATH', __DIR__ . '/' );\n}\nrequire_once ABSPATH . 'wp-settings.php';\n?\u003e\nEOF\n\n# Create wp-config.php using WP-CLI\nwp config create --dbname=wordpress --dbuser=wordpressuser --dbpass=t0VUSB6Su58BiGGj --dbhost=wordpress-db.cne8kkwywcc4.eu-central-1.rds.amazonaws.com --skip-check\n\n\ncat \u003c\u003cEOF \u003e /var/www/html/.htaccess\n\u003cIfModule mod_rewrite.c\u003e\nRewriteEngine On\nRewriteCond %{HTTPS} off\nRewriteRule ^(.*)$ https://%{HTTP_HOST}%{REQUEST_URI} [L,R=301]\n\u003c/IfModule\u003e\nEOF\n\n# Install WordPress\nwp core install --url=\"https://wordpress.stefankaa.com\" --title=\"My WordPress Site\" --admin_user=admin --admin_password=Admin213125dsgghhdfye324 --admin_email=test@example.com\n\n# Install and activate plugins and themes\nwp plugin install akismet --activate\nwp theme install twentytwentyone --activate\nwp plugin update --all\n\nwp search-replace 'http://wordpress.stefankaa.com' 'https://wordpress.stefankaa.com' --all-tables\nwp cache flush\n\n# Enable the event MPM instead of prefork\nsed -i 's/^LoadModule mpm_prefork_module/#LoadModule mpm_prefork_module/' /etc/httpd/conf.modules.d/00-mpm.conf\nsed -i 's/#LoadModule mpm_event_module/LoadModule mpm_event_module/' /etc/httpd/conf.modules.d/00-mpm.conf\n\n# Start PHP-FPM\nsystemctl start php-fpm\nsystemctl enable php-fpm\n\n# Start Apache\nsystemctl start httpd\nsystemctl enable httpd\n\n# Restart Apache to ensure the settings take effect\nsystemctl restart httpd\n\n# Verify PHP version\nphp -v  # This should print the correct PHP 7.4 version\n\n",
            "template": "#!/bin/bash\n# Update and install necessary packages\nyum update -y\n\n# Remove any old PHP versions\nyum remove -y php*\n\n# Enable PHP 7.4 and install necessary packages\namazon-linux-extras enable php7.4\nyum install -y httpd php php-mysqlnd php-fpm mariadb-client wget\n\n# Install WP-CLI\ncurl -O https://raw.githubusercontent.com/wp-cli/builds/gh-pages/phar/wp-cli.phar\nchmod +x wp-cli.phar\nmv wp-cli.phar /usr/local/bin/wp\n\n# Check and ensure PHP 7.4 is installed correctly\nphp -v  # This should now show PHP 7.4.x\n\n# Create the WordPress directory and set permissions\nmkdir -p /var/www/html\ncd /var/www/html\n\n# Download WordPress\nwp core download --locale=en_US\n\n# Create the correct user and group if they don't exist\ngroupadd -f apache\nuseradd -g apache apache\n\n# Set correct ownership and permissions\nchown -R apache:apache /var/www/html\nchmod -R 755 /var/www/html\n\n# Set correct file permissions for files\nfind /var/www/html -type f -exec chmod 644 {} \\;\n\n# Generate wp-config.php file (ensure you replace these variables with actual values)\ncat \u003c\u003cEOF \u003e /var/www/html/wp-config.php\n\u003c?php\ndefine( 'DB_NAME', '${db_name}' );\ndefine( 'DB_USER', '${db_user}' );\ndefine( 'DB_PASSWORD', '${db_password}' );\ndefine( 'DB_HOST', '${db_host}' );\ndefine('WP_HOME', 'https://wordpress.stefankaa.com');\ndefine('WP_SITEURL', 'https://wordpress.stefankaa.com');\ndefine( 'DB_CHARSET', 'utf8' );\ndefine( 'DB_COLLATE', '' );\n\\$table_prefix = 'wp_';\ndefine( 'WP_DEBUG', false );\nif ( ! defined( 'ABSPATH' ) ) {\n    define( 'ABSPATH', __DIR__ . '/' );\n}\nrequire_once ABSPATH . 'wp-settings.php';\n?\u003e\nEOF\n\n# Create wp-config.php using WP-CLI\nwp config create --dbname=${db_name} --dbuser=${db_user} --dbpass=${db_password} --dbhost=${db_host} --skip-check\n\n\ncat \u003c\u003cEOF \u003e /var/www/html/.htaccess\n\u003cIfModule mod_rewrite.c\u003e\nRewriteEngine On\nRewriteCond %%{HTTPS} off\nRewriteRule ^(.*)$ https://%%{HTTP_HOST}%%{REQUEST_URI} [L,R=301]\n\u003c/IfModule\u003e\nEOF\n\n# Install WordPress\nwp core install --url=\"https://wordpress.stefankaa.com\" --title=\"My WordPress Site\" --admin_user=${admin_user} --admin_password=${admin_password} --admin_email=${admin_email}\n\n# Install and activate plugins and themes\nwp plugin install akismet --activate\nwp theme install twentytwentyone --activate\nwp plugin update --all\n\nwp search-replace 'http://wordpress.stefankaa.com' 'https://wordpress.stefankaa.com' --all-tables\nwp cache flush\n\n# Enable the event MPM instead of prefork\nsed -i 's/^LoadModule mpm_prefork_module/#LoadModule mpm_prefork_module/' /etc/httpd/conf.modules.d/00-mpm.conf\nsed -i 's/#LoadModule mpm_event_module/LoadModule mpm_event_module/' /etc/httpd/conf.modules.d/00-mpm.conf\n\n# Start PHP-FPM\nsystemctl start php-fpm\nsystemctl enable php-fpm\n\n# Start Apache\nsystemctl start httpd\nsystemctl enable httpd\n\n# Restart Apache to ensure the settings take effect\nsystemctl restart httpd\n\n# Verify PHP version\nphp -v  # This should print the correct PHP 7.4 version\n\n",
            "vars": {
              "admin_email": "test@example.com",
              "admin_password": "Admin213125dsgghhdfye324",
              "admin_user": "admin",
              "db_host": "wordpress-db.cne8kkwywcc4.eu-central-1.rds.amazonaws.com",
              "db_name": "wordpress",
              "db_password": "t0VUSB6Su58BiGGj",
              "db_user": "wordpressuser"
            }
          },
          "sensitive_attributes": [
            [
              {
                "type": "get_attr",
                "value": "vars"
              },
              {
                "type": "index",
                "value": {
                  "value": "db_password",
                  "type": "string"
                }
              }
            ]
          ]
        }
      ]
    },
    {
      "mode": "managed",
      "type": "aws_acm_certificate",
      "name": "wordpress_certificate",
      "provider": "provider[\"registry.terraform.io/hashicorp/aws\"]",
      "instances": [
        {
          "schema_version": 0,
          "attributes": {
            "arn": "arn:aws:acm:eu-central-1:950487945443:certificate/2fa8b791-0ef6-4819-9c63-31fd081fc45d",
            "certificate_authority_arn": "",
            "certificate_body": null,
            "certificate_chain": null,
            "domain_name": "wordpress.stefankaa.com",
            "domain_validation_options": [
              {
                "domain_name": "wordpress.stefankaa.com",
                "resource_record_name": "_95d3beb106b0e779da916919d66e2ed7.wordpress.stefankaa.com.",
                "resource_record_type": "CNAME",
                "resource_record_value": "_a8dc0683cd105461ba849c16eacb9eac.xlfgrmvvlj.acm-validations.aws."
              }
            ],
            "early_renewal_duration": "",
            "id": "arn:aws:acm:eu-central-1:950487945443:certificate/2fa8b791-0ef6-4819-9c63-31fd081fc45d",
            "key_algorithm": "RSA_2048",
            "not_after": "2026-05-10T23:59:59Z",
            "not_before": "2025-04-11T00:00:00Z",
            "options": [
              {
                "certificate_transparency_logging_preference": "ENABLED"
              }
            ],
            "pending_renewal": false,
            "private_key": null,
            "renewal_eligibility": "ELIGIBLE",
            "renewal_summary": [],
            "status": "ISSUED",
            "subject_alternative_names": [
              "wordpress.stefankaa.com"
            ],
            "tags": {
              "Name": "wordpress-certificate"
            },
            "tags_all": {
              "Name": "wordpress-certificate"
            },
            "type": "AMAZON_ISSUED",
            "validation_emails": [],
            "validation_method": "DNS",
            "validation_option": []
          },
          "sensitive_attributes": [
            [
              {
                "type": "get_attr",
                "value": "private_key"
              }
            ]
          ],
          "private": "bnVsbA=="
        }
      ]
    },
    {
      "mode": "managed",
      "type": "aws_acm_certificate_validation",
      "name": "wordpress_certificate_validation",
      "provider": "provider[\"registry.terraform.io/hashicorp/aws\"]",
      "instances": [
        {
          "schema_version": 0,
          "attributes": {
            "certificate_arn": "arn:aws:acm:eu-central-1:950487945443:certificate/2fa8b791-0ef6-4819-9c63-31fd081fc45d",
            "id": "2025-04-11 11:04:39.146 +0000 UTC",
            "timeouts": null,
            "validation_record_fqdns": [
              "_95d3beb106b0e779da916919d66e2ed7.wordpress.stefankaa.com"
            ]
          },
          "sensitive_attributes": [],
          "private": "eyJlMmJmYjczMC1lY2FhLTExZTYtOGY4OC0zNDM2M2JjN2M0YzAiOnsiY3JlYXRlIjo0NTAwMDAwMDAwMDAwfX0=",
          "dependencies": [
            "aws_acm_certificate.wordpress_certificate",
            "aws_route53_record.wordpress_certificate_validation",
            "data.aws_route53_zone.primary"
          ]
        }
      ]
    },
    {
      "mode": "managed",
      "type": "aws_autoscaling_group",
      "name": "wordpress_asg",
      "provider": "provider[\"registry.terraform.io/hashicorp/aws\"]",
      "instances": [
        {
          "schema_version": 1,
          "attributes": {
            "arn": "arn:aws:autoscaling:eu-central-1:950487945443:autoScalingGroup:1dbad050-62e6-4135-a42e-c1df298aab5e:autoScalingGroupName/terraform-20250411111656609200000007",
            "availability_zone_distribution": [
              {
                "capacity_distribution_strategy": "balanced-best-effort"
              }
            ],
            "availability_zones": [
              "eu-central-1a",
              "eu-central-1b"
            ],
            "capacity_rebalance": false,
            "context": "",
            "default_cooldown": 300,
            "default_instance_warmup": 0,
            "desired_capacity": 2,
            "desired_capacity_type": "",
            "enabled_metrics": [],
            "force_delete": false,
            "force_delete_warm_pool": false,
            "health_check_grace_period": 300,
            "health_check_type": "ELB",
            "id": "terraform-20250411111656609200000007",
            "ignore_failed_scaling_activities": false,
            "initial_lifecycle_hook": [],
            "instance_maintenance_policy": [],
            "instance_refresh": [],
            "launch_configuration": "",
            "launch_template": [
              {
                "id": "lt-07dab89e7a9caa7c4",
                "name": "wordpress-20250411111650600800000005",
                "version": "$Latest"
              }
            ],
            "load_balancers": [],
            "max_instance_lifetime": 0,
            "max_size": 3,
            "metrics_granularity": "1Minute",
            "min_elb_capacity": null,
            "min_size": 1,
            "mixed_instances_policy": [],
            "name": "terraform-20250411111656609200000007",
            "name_prefix": "terraform-",
            "placement_group": "",
            "predicted_capacity": 0,
            "protect_from_scale_in": false,
            "service_linked_role_arn": "arn:aws:iam::950487945443:role/aws-service-role/autoscaling.amazonaws.com/AWSServiceRoleForAutoScaling",
            "suspended_processes": [],
            "tag": [
              {
                "key": "Name",
                "propagate_at_launch": true,
                "value": "wordpress-instance"
              }
            ],
            "target_group_arns": [
              "arn:aws:elasticloadbalancing:eu-central-1:950487945443:targetgroup/wordpress-tg/e5c1c781f84ab4ea"
            ],
            "termination_policies": [],
            "timeouts": null,
            "traffic_source": [
              {
                "identifier": "arn:aws:elasticloadbalancing:eu-central-1:950487945443:targetgroup/wordpress-tg/e5c1c781f84ab4ea",
                "type": "elbv2"
              }
            ],
            "vpc_zone_identifier": [
              "subnet-00cb3a2ea41cb843c",
              "subnet-05fe54f496a6a3e51"
            ],
            "wait_for_capacity_timeout": "10m",
            "wait_for_elb_capacity": null,
            "warm_pool": [],
            "warm_pool_size": 0
          },
          "sensitive_attributes": [],
          "private": "eyJlMmJmYjczMC1lY2FhLTExZTYtOGY4OC0zNDM2M2JjN2M0YzAiOnsiZGVsZXRlIjo2MDAwMDAwMDAwMDAsInVwZGF0ZSI6NjAwMDAwMDAwMDAwfSwic2NoZW1hX3ZlcnNpb24iOiIxIn0=",
          "dependencies": [
            "aws_db_instance.wordpress",
            "aws_db_subnet_group.wordpress_db_subnet",
            "aws_key_pair.wordpress_key",
            "aws_launch_template.wordpress",
            "aws_lb_target_group.wordpress_target_group",
            "aws_security_group.alb_sg",
            "aws_security_group.ec2_sg",
            "aws_security_group.rds_sg",
            "data.template_file.user_data",
            "module.vpc.aws_subnet.private",
            "module.vpc.aws_subnet.public",
            "module.vpc.aws_vpc.this",
            "module.vpc.aws_vpc_ipv4_cidr_block_association.this",
            "random_password.db_password",
            "tls_private_key.wordpress_key"
          ]
        }
      ]
    },
    {
      "mode": "managed",
      "type": "aws_db_instance",
      "name": "wordpress",
      "provider": "provider[\"registry.terraform.io/hashicorp/aws\"]",
      "instances": [
        {
          "schema_version": 2,
          "attributes": {
            "address": "wordpress-db.cne8kkwywcc4.eu-central-1.rds.amazonaws.com",
            "allocated_storage": 20,
            "allow_major_version_upgrade": null,
            "apply_immediately": false,
            "arn": "arn:aws:rds:eu-central-1:950487945443:db:wordpress-db",
            "auto_minor_version_upgrade": true,
            "availability_zone": "eu-central-1a",
            "backup_retention_period": 0,
            "backup_target": "region",
            "backup_window": "01:37-02:07",
            "blue_green_update": [],
            "ca_cert_identifier": "rds-ca-rsa2048-g1",
            "character_set_name": "",
            "copy_tags_to_snapshot": false,
            "custom_iam_instance_profile": "",
            "customer_owned_ip_enabled": false,
            "database_insights_mode": "standard",
            "db_name": "wordpress",
            "db_subnet_group_name": "wordpress-db-subnet",
            "dedicated_log_volume": false,
            "delete_automated_backups": true,
            "deletion_protection": false,
            "domain": "",
            "domain_auth_secret_arn": "",
            "domain_dns_ips": [],
            "domain_fqdn": "",
            "domain_iam_role_name": "",
            "domain_ou": "",
            "enabled_cloudwatch_logs_exports": [],
            "endpoint": "wordpress-db.cne8kkwywcc4.eu-central-1.rds.amazonaws.com:3306",
            "engine": "mysql",
            "engine_lifecycle_support": "open-source-rds-extended-support",
            "engine_version": "8.0",
            "engine_version_actual": "8.0.40",
            "final_snapshot_identifier": null,
            "hosted_zone_id": "Z1RLNUO7B9Q6NB",
            "iam_database_authentication_enabled": false,
            "id": "db-XHAD5DDK7NED6OFV34AYKFJX3M",
            "identifier": "wordpress-db",
            "identifier_prefix": "",
            "instance_class": "db.t3.micro",
            "iops": 0,
            "kms_key_id": "",
            "latest_restorable_time": "",
            "license_model": "general-public-license",
            "listener_endpoint": [],
            "maintenance_window": "sat:00:28-sat:00:58",
            "manage_master_user_password": null,
            "master_user_secret": [],
            "master_user_secret_kms_key_id": null,
            "max_allocated_storage": 100,
            "monitoring_interval": 0,
            "monitoring_role_arn": "",
            "multi_az": true,
            "nchar_character_set_name": "",
            "network_type": "IPV4",
            "option_group_name": "default:mysql-8-0",
            "parameter_group_name": "default.mysql8.0",
            "password": "t0VUSB6Su58BiGGj",
            "password_wo": null,
            "password_wo_version": null,
            "performance_insights_enabled": false,
            "performance_insights_kms_key_id": "",
            "performance_insights_retention_period": 0,
            "port": 3306,
            "publicly_accessible": false,
            "replica_mode": "",
            "replicas": [],
            "replicate_source_db": "",
            "resource_id": "db-XHAD5DDK7NED6OFV34AYKFJX3M",
            "restore_to_point_in_time": [],
            "s3_import": [],
            "skip_final_snapshot": true,
            "snapshot_identifier": null,
            "status": "available",
            "storage_encrypted": false,
            "storage_throughput": 0,
            "storage_type": "gp2",
            "tags": {},
            "tags_all": {},
            "timeouts": null,
            "timezone": "",
            "upgrade_storage_config": null,
            "username": "wordpressuser",
            "vpc_security_group_ids": [
              "sg-0f4d8f382e9c64ac7"
            ]
          },
          "sensitive_attributes": [
            [
              {
                "type": "get_attr",
                "value": "password_wo"
              }
            ],
            [
              {
                "type": "get_attr",
                "value": "password"
              }
            ]
          ],
          "private": "eyJlMmJmYjczMC1lY2FhLTExZTYtOGY4OC0zNDM2M2JjN2M0YzAiOnsiY3JlYXRlIjozMDAwMDAwMDAwMDAwLCJkZWxldGUiOjM2MDAwMDAwMDAwMDAsInVwZGF0ZSI6NDgwMDAwMDAwMDAwMH0sInNjaGVtYV92ZXJzaW9uIjoiMiJ9",
          "dependencies": [
            "aws_db_subnet_group.wordpress_db_subnet",
            "aws_security_group.alb_sg",
            "aws_security_group.ec2_sg",
            "aws_security_group.rds_sg",
            "module.vpc.aws_subnet.private",
            "module.vpc.aws_vpc.this",
            "module.vpc.aws_vpc_ipv4_cidr_block_association.this",
            "random_password.db_password"
          ]
        }
      ]
    },
    {
      "mode": "managed",
      "type": "aws_db_subnet_group",
      "name": "wordpress_db_subnet",
      "provider": "provider[\"registry.terraform.io/hashicorp/aws\"]",
      "instances": [
        {
          "schema_version": 0,
          "attributes": {
            "arn": "arn:aws:rds:eu-central-1:950487945443:subgrp:wordpress-db-subnet",
            "description": "Managed by Terraform",
            "id": "wordpress-db-subnet",
            "name": "wordpress-db-subnet",
            "name_prefix": "",
            "subnet_ids": [
              "subnet-04c5e61d345f9d3bf",
              "subnet-0e4d0328122e207d0"
            ],
            "supported_network_types": [
              "IPV4"
            ],
            "tags": {},
            "tags_all": {},
            "vpc_id": "vpc-078a5ca2014039d03"
          },
          "sensitive_attributes": [],
          "private": "bnVsbA==",
          "dependencies": [
            "module.vpc.aws_subnet.private",
            "module.vpc.aws_vpc.this",
            "module.vpc.aws_vpc_ipv4_cidr_block_association.this"
          ]
        }
      ]
    },
    {
      "mode": "managed",
      "type": "aws_key_pair",
      "name": "wordpress_key",
      "provider": "provider[\"registry.terraform.io/hashicorp/aws\"]",
      "instances": [
        {
          "schema_version": 1,
          "attributes": {
            "arn": "arn:aws:ec2:eu-central-1:950487945443:key-pair/wordpress-key",
            "fingerprint": "f4:2e:a4:2c:91:d3:e1:27:a4:a7:a0:f9:9c:8a:39:82",
            "id": "wordpress-key",
            "key_name": "wordpress-key",
            "key_name_prefix": "",
            "key_pair_id": "key-0a67a188325261ab8",
            "key_type": "rsa",
            "public_key": "ssh-rsa AAAAB3NzaC1yc2EAAAADAQABAAACAQC7MuYIDcWUa0rxzqg7WOKJNpDpQk524Y8c1AzrnsrH0xrEeJuDNFu1We6IFvV78xvQEI7wOnXRzgI+zNyQ7Pl/XuVnW1ylvN6ofLMAaZRhifKWUW2GDhYmUJB8Y1OTSemlHUjP7J0njoDr9y5ySrL8sfv0dDDJsM9+mrdtDTGypG3QuSMhjTpBiUMsdSmUKChzXC0jxoYjCfEPcO+GMT/4xlQSVnG9WlDbkn1eh9CBlEo9L+c4BVKTrCsRkkHu/Sed5QOoumfFE71Ed05KV9yPH9RFXodjpsCqBXUK/oVdVEjJncVhZuO+6hlBBDZ1Bfgavum6Ojru8g5VJYOdWtI/HMZf8geww717cDhgDRA36Cr+qZFTWOEG8qllB+R+TF99zpj2q13KnWqhXWiPUqF42hsz6g5wy856vR/6bbIYhSKsEQjSHskZx5Z5dLWtj5w+4hGBfL9hMWFCdvhNJMW8MwwykcInZFSm7lpIAiGjswWPA3gUbGH7fSrC6RgdzGBq/LjMrhg3r9OU71ZIHVnBW4w7xb28HpNaNEs8h7MfTFwRc3xxRWJE8px9SIVruf7k4d1NLgPlaJGBk3OqOcE/Qge9OqU1xkYFgMMm4bQ99aQKJMfGPNEv3o9nSJUyKOWMdkUItaYkhyE6cxOJKJ8ymXsmsQ5xuZ5udk1dUOnbMQ==",
            "tags": {},
            "tags_all": {}
          },
          "sensitive_attributes": [],
          "private": "eyJzY2hlbWFfdmVyc2lvbiI6IjEifQ==",
          "dependencies": [
            "tls_private_key.wordpress_key"
          ]
        }
      ]
    },
    {
      "mode": "managed",
      "type": "aws_launch_template",
      "name": "wordpress",
      "provider": "provider[\"registry.terraform.io/hashicorp/aws\"]",
      "instances": [
        {
          "schema_version": 0,
          "attributes": {
            "arn": "arn:aws:ec2:eu-central-1:950487945443:launch-template/lt-07dab89e7a9caa7c4",
            "block_device_mappings": [],
            "capacity_reservation_specification": [],
            "cpu_options": [],
            "credit_specification": [],
            "default_version": 1,
            "description": "",
            "disable_api_stop": false,
            "disable_api_termination": false,
            "ebs_optimized": "",
            "elastic_gpu_specifications": [],
            "elastic_inference_accelerator": [],
            "enclave_options": [],
            "hibernation_options": [],
            "iam_instance_profile": [],
            "id": "lt-07dab89e7a9caa7c4",
            "image_id": "ami-00ac244ee0ad9050d",
            "instance_initiated_shutdown_behavior": "",
            "instance_market_options": [],
            "instance_requirements": [],
            "instance_type": "t3.micro",
            "kernel_id": "",
            "key_name": "wordpress-key",
            "latest_version": 2,
            "license_specification": [],
            "maintenance_options": [],
            "metadata_options": [],
            "monitoring": [],
            "name": "wordpress-20250411111650600800000005",
            "name_prefix": "wordpress-",
            "network_interfaces": [
              {
                "associate_carrier_ip_address": "",
                "associate_public_ip_address": "true",
                "connection_tracking_specification": [],
                "delete_on_termination": "",
                "description": "",
                "device_index": 0,
                "ena_srd_specification": [],
                "interface_type": "",
                "ipv4_address_count": 0,
                "ipv4_addresses": [],
                "ipv4_prefix_count": 0,
                "ipv4_prefixes": [],
                "ipv6_address_count": 0,
                "ipv6_addresses": [],
                "ipv6_prefix_count": 0,
                "ipv6_prefixes": [],
                "network_card_index": 0,
                "network_interface_id": "",
                "primary_ipv6": "",
                "private_ip_address": "",
                "security_groups": [
                  "sg-0ea11e6daea86cdcb"
                ],
                "subnet_id": ""
              }
            ],
            "placement": [],
            "private_dns_name_options": [],
            "ram_disk_id": "",
            "security_group_names": [],
            "tag_specifications": [],
            "tags": {},
            "tags_all": {},
            "update_default_version": null,
            "user_data": "IyEvYmluL2Jhc2gKIyBVcGRhdGUgYW5kIGluc3RhbGwgbmVjZXNzYXJ5IHBhY2thZ2VzCnl1bSB1cGRhdGUgLXkKCiMgUmVtb3ZlIGFueSBvbGQgUEhQIHZlcnNpb25zCnl1bSByZW1vdmUgLXkgcGhwKgoKIyBFbmFibGUgUEhQIDcuNCBhbmQgaW5zdGFsbCBuZWNlc3NhcnkgcGFja2FnZXMKYW1hem9uLWxpbnV4LWV4dHJhcyBlbmFibGUgcGhwNy40Cnl1bSBpbnN0YWxsIC15IGh0dHBkIHBocCBwaHAtbXlzcWxuZCBwaHAtZnBtIG1hcmlhZGItY2xpZW50IHdnZXQKCiMgSW5zdGFsbCBXUC1DTEkKY3VybCAtTyBodHRwczovL3Jhdy5naXRodWJ1c2VyY29udGVudC5jb20vd3AtY2xpL2J1aWxkcy9naC1wYWdlcy9waGFyL3dwLWNsaS5waGFyCmNobW9kICt4IHdwLWNsaS5waGFyCm12IHdwLWNsaS5waGFyIC91c3IvbG9jYWwvYmluL3dwCgojIENoZWNrIGFuZCBlbnN1cmUgUEhQIDcuNCBpcyBpbnN0YWxsZWQgY29ycmVjdGx5CnBocCAtdiAgIyBUaGlzIHNob3VsZCBub3cgc2hvdyBQSFAgNy40LngKCiMgQ3JlYXRlIHRoZSBXb3JkUHJlc3MgZGlyZWN0b3J5IGFuZCBzZXQgcGVybWlzc2lvbnMKbWtkaXIgLXAgL3Zhci93d3cvaHRtbApjZCAvdmFyL3d3dy9odG1sCgojIERvd25sb2FkIFdvcmRQcmVzcwp3cCBjb3JlIGRvd25sb2FkIC0tbG9jYWxlPWVuX1VTCgojIENyZWF0ZSB0aGUgY29ycmVjdCB1c2VyIGFuZCBncm91cCBpZiB0aGV5IGRvbid0IGV4aXN0Cmdyb3VwYWRkIC1mIGFwYWNoZQp1c2VyYWRkIC1nIGFwYWNoZSBhcGFjaGUKCiMgU2V0IGNvcnJlY3Qgb3duZXJzaGlwIGFuZCBwZXJtaXNzaW9ucwpjaG93biAtUiBhcGFjaGU6YXBhY2hlIC92YXIvd3d3L2h0bWwKY2htb2QgLVIgNzU1IC92YXIvd3d3L2h0bWwKCiMgU2V0IGNvcnJlY3QgZmlsZSBwZXJtaXNzaW9ucyBmb3IgZmlsZXMKZmluZCAvdmFyL3d3dy9odG1sIC10eXBlIGYgLWV4ZWMgY2htb2QgNjQ0IHt9IFw7CgojIEdlbmVyYXRlIHdwLWNvbmZpZy5waHAgZmlsZSAoZW5zdXJlIHlvdSByZXBsYWNlIHRoZXNlIHZhcmlhYmxlcyB3aXRoIGFjdHVhbCB2YWx1ZXMpCmNhdCA8PEVPRiA+IC92YXIvd3d3L2h0bWwvd3AtY29uZmlnLnBocAo8P3BocApkZWZpbmUoICdEQl9OQU1FJywgJ3dvcmRwcmVzcycgKTsKZGVmaW5lKCAnREJfVVNFUicsICd3b3JkcHJlc3N1c2VyJyApOwpkZWZpbmUoICdEQl9QQVNTV09SRCcsICd0MFZVU0I2U3U1OEJpR0dqJyApOwpkZWZpbmUoICdEQl9IT1NUJywgJ3dvcmRwcmVzcy1kYi5jbmU4a2t3eXdjYzQuZXUtY2VudHJhbC0xLnJkcy5hbWF6b25hd3MuY29tJyApOwpkZWZpbmUoJ1dQX0hPTUUnLCAnaHR0cHM6Ly93b3JkcHJlc3Muc3RlZmFua2FhLmNvbScpOwpkZWZpbmUoJ1dQX1NJVEVVUkwnLCAnaHR0cHM6Ly93b3JkcHJlc3Muc3RlZmFua2FhLmNvbScpOwpkZWZpbmUoICdEQl9DSEFSU0VUJywgJ3V0ZjgnICk7CmRlZmluZSggJ0RCX0NPTExBVEUnLCAnJyApOwpcJHRhYmxlX3ByZWZpeCA9ICd3cF8nOwpkZWZpbmUoICdXUF9ERUJVRycsIGZhbHNlICk7CmlmICggISBkZWZpbmVkKCAnQUJTUEFUSCcgKSApIHsKICAgIGRlZmluZSggJ0FCU1BBVEgnLCBfX0RJUl9fIC4gJy8nICk7Cn0KcmVxdWlyZV9vbmNlIEFCU1BBVEggLiAnd3Atc2V0dGluZ3MucGhwJzsKPz4KRU9GCgojIENyZWF0ZSB3cC1jb25maWcucGhwIHVzaW5nIFdQLUNMSQp3cCBjb25maWcgY3JlYXRlIC0tZGJuYW1lPXdvcmRwcmVzcyAtLWRidXNlcj13b3JkcHJlc3N1c2VyIC0tZGJwYXNzPXQwVlVTQjZTdTU4QmlHR2ogLS1kYmhvc3Q9d29yZHByZXNzLWRiLmNuZThra3d5d2NjNC5ldS1jZW50cmFsLTEucmRzLmFtYXpvbmF3cy5jb20gLS1za2lwLWNoZWNrCgoKY2F0IDw8RU9GID4gL3Zhci93d3cvaHRtbC8uaHRhY2Nlc3MKPElmTW9kdWxlIG1vZF9yZXdyaXRlLmM+ClJld3JpdGVFbmdpbmUgT24KUmV3cml0ZUNvbmQgJXtIVFRQU30gb2ZmClJld3JpdGVSdWxlIF4oLiopJCBodHRwczovLyV7SFRUUF9IT1NUfSV7UkVRVUVTVF9VUkl9IFtMLFI9MzAxXQo8L0lmTW9kdWxlPgpFT0YKCiMgSW5zdGFsbCBXb3JkUHJlc3MKd3AgY29yZSBpbnN0YWxsIC0tdXJsPSJodHRwczovL3dvcmRwcmVzcy5zdGVmYW5rYWEuY29tIiAtLXRpdGxlPSJNeSBXb3JkUHJlc3MgU2l0ZSIgLS1hZG1pbl91c2VyPWFkbWluIC0tYWRtaW5fcGFzc3dvcmQ9QWRtaW4yMTMxMjVkc2dnaGhkZnllMzI0IC0tYWRtaW5fZW1haWw9dGVzdEBleGFtcGxlLmNvbQoKIyBJbnN0YWxsIGFuZCBhY3RpdmF0ZSBwbHVnaW5zIGFuZCB0aGVtZXMKd3AgcGx1Z2luIGluc3RhbGwgYWtpc21ldCAtLWFjdGl2YXRlCndwIHRoZW1lIGluc3RhbGwgdHdlbnR5dHdlbnR5b25lIC0tYWN0aXZhdGUKd3AgcGx1Z2luIHVwZGF0ZSAtLWFsbAoKd3Agc2VhcmNoLXJlcGxhY2UgJ2h0dHA6Ly93b3JkcHJlc3Muc3RlZmFua2FhLmNvbScgJ2h0dHBzOi8vd29yZHByZXNzLnN0ZWZhbmthYS5jb20nIC0tYWxsLXRhYmxlcwp3cCBjYWNoZSBmbHVzaAoKIyBFbmFibGUgdGhlIGV2ZW50IE1QTSBpbnN0ZWFkIG9mIHByZWZvcmsKc2VkIC1pICdzL15Mb2FkTW9kdWxlIG1wbV9wcmVmb3JrX21vZHVsZS8jTG9hZE1vZHVsZSBtcG1fcHJlZm9ya19tb2R1bGUvJyAvZXRjL2h0dHBkL2NvbmYubW9kdWxlcy5kLzAwLW1wbS5jb25mCnNlZCAtaSAncy8jTG9hZE1vZHVsZSBtcG1fZXZlbnRfbW9kdWxlL0xvYWRNb2R1bGUgbXBtX2V2ZW50X21vZHVsZS8nIC9ldGMvaHR0cGQvY29uZi5tb2R1bGVzLmQvMDAtbXBtLmNvbmYKCiMgU3RhcnQgUEhQLUZQTQpzeXN0ZW1jdGwgc3RhcnQgcGhwLWZwbQpzeXN0ZW1jdGwgZW5hYmxlIHBocC1mcG0KCiMgU3RhcnQgQXBhY2hlCnN5c3RlbWN0bCBzdGFydCBodHRwZApzeXN0ZW1jdGwgZW5hYmxlIGh0dHBkCgojIFJlc3RhcnQgQXBhY2hlIHRvIGVuc3VyZSB0aGUgc2V0dGluZ3MgdGFrZSBlZmZlY3QKc3lzdGVtY3RsIHJlc3RhcnQgaHR0cGQKCiMgVmVyaWZ5IFBIUCB2ZXJzaW9uCnBocCAtdiAgIyBUaGlzIHNob3VsZCBwcmludCB0aGUgY29ycmVjdCBQSFAgNy40IHZlcnNpb24KCg==",
            "vpc_security_group_ids": []
          },
          "sensitive_attributes": [],
          "private": "bnVsbA==",
          "dependencies": [
            "aws_db_instance.wordpress",
            "aws_db_subnet_group.wordpress_db_subnet",
            "aws_key_pair.wordpress_key",
            "aws_security_group.alb_sg",
            "aws_security_group.ec2_sg",
            "aws_security_group.rds_sg",
            "data.template_file.user_data",
            "module.vpc.aws_subnet.private",
            "module.vpc.aws_vpc.this",
            "module.vpc.aws_vpc_ipv4_cidr_block_association.this",
            "random_password.db_password",
            "tls_private_key.wordpress_key"
          ]
        }
      ]
    },
    {
      "mode": "managed",
      "type": "aws_lb",
      "name": "wordpress_lb",
      "provider": "provider[\"registry.terraform.io/hashicorp/aws\"]",
      "instances": [
        {
          "schema_version": 0,
          "attributes": {
            "access_logs": [
              {
                "bucket": "",
                "enabled": false,
                "prefix": ""
              }
            ],
            "arn": "arn:aws:elasticloadbalancing:eu-central-1:950487945443:loadbalancer/app/wordpress-lb/7650c6e4e9f5df7b",
            "arn_suffix": "app/wordpress-lb/7650c6e4e9f5df7b",
            "client_keep_alive": 3600,
            "connection_logs": [
              {
                "bucket": "",
                "enabled": false,
                "prefix": ""
              }
            ],
            "customer_owned_ipv4_pool": "",
            "desync_mitigation_mode": "defensive",
            "dns_name": "wordpress-lb-974581811.eu-central-1.elb.amazonaws.com",
            "dns_record_client_routing_policy": null,
            "drop_invalid_header_fields": false,
            "enable_cross_zone_load_balancing": true,
            "enable_deletion_protection": false,
            "enable_http2": true,
            "enable_tls_version_and_cipher_suite_headers": false,
            "enable_waf_fail_open": false,
            "enable_xff_client_port": false,
            "enable_zonal_shift": false,
            "enforce_security_group_inbound_rules_on_private_link_traffic": "",
            "id": "arn:aws:elasticloadbalancing:eu-central-1:950487945443:loadbalancer/app/wordpress-lb/7650c6e4e9f5df7b",
            "idle_timeout": 60,
            "internal": false,
            "ip_address_type": "ipv4",
            "ipam_pools": [],
            "load_balancer_type": "application",
            "name": "wordpress-lb",
            "name_prefix": "",
            "preserve_host_header": false,
            "security_groups": [
              "sg-016ce1afd00f4e24b"
            ],
            "subnet_mapping": [
              {
                "allocation_id": "",
                "ipv6_address": "",
                "outpost_id": "",
                "private_ipv4_address": "",
                "subnet_id": "subnet-00cb3a2ea41cb843c"
              },
              {
                "allocation_id": "",
                "ipv6_address": "",
                "outpost_id": "",
                "private_ipv4_address": "",
                "subnet_id": "subnet-05fe54f496a6a3e51"
              }
            ],
            "subnets": [
              "subnet-00cb3a2ea41cb843c",
              "subnet-05fe54f496a6a3e51"
            ],
            "tags": {
              "Name": "wordpress-lb"
            },
            "tags_all": {
              "Name": "wordpress-lb"
            },
            "timeouts": null,
            "vpc_id": "vpc-078a5ca2014039d03",
            "xff_header_processing_mode": "append",
            "zone_id": "Z215JYRZR1TBD5"
          },
          "sensitive_attributes": [],
          "private": "eyJlMmJmYjczMC1lY2FhLTExZTYtOGY4OC0zNDM2M2JjN2M0YzAiOnsiY3JlYXRlIjo2MDAwMDAwMDAwMDAsImRlbGV0ZSI6NjAwMDAwMDAwMDAwLCJ1cGRhdGUiOjYwMDAwMDAwMDAwMH19",
          "dependencies": [
            "aws_security_group.alb_sg",
            "module.vpc.aws_subnet.public",
            "module.vpc.aws_vpc.this",
            "module.vpc.aws_vpc_ipv4_cidr_block_association.this"
          ]
        }
      ]
    },
    {
      "mode": "managed",
      "type": "aws_lb_listener",
      "name": "http_redirect",
      "provider": "provider[\"registry.terraform.io/hashicorp/aws\"]",
      "instances": [
        {
          "schema_version": 0,
          "attributes": {
            "alpn_policy": null,
            "arn": "arn:aws:elasticloadbalancing:eu-central-1:950487945443:listener/app/wordpress-lb/7650c6e4e9f5df7b/3d953091955452ba",
            "certificate_arn": null,
            "default_action": [
              {
                "authenticate_cognito": [],
                "authenticate_oidc": [],
                "fixed_response": [],
                "forward": [],
                "order": 1,
                "redirect": [
                  {
                    "host": "#{host}",
                    "path": "/#{path}",
                    "port": "443",
                    "protocol": "HTTPS",
                    "query": "#{query}",
                    "status_code": "HTTP_301"
                  }
                ],
                "target_group_arn": "",
                "type": "redirect"
              }
            ],
            "id": "arn:aws:elasticloadbalancing:eu-central-1:950487945443:listener/app/wordpress-lb/7650c6e4e9f5df7b/3d953091955452ba",
            "load_balancer_arn": "arn:aws:elasticloadbalancing:eu-central-1:950487945443:loadbalancer/app/wordpress-lb/7650c6e4e9f5df7b",
            "mutual_authentication": [],
            "port": 80,
            "protocol": "HTTP",
            "routing_http_request_x_amzn_mtls_clientcert_header_name": null,
            "routing_http_request_x_amzn_mtls_clientcert_issuer_header_name": null,
            "routing_http_request_x_amzn_mtls_clientcert_leaf_header_name": null,
            "routing_http_request_x_amzn_mtls_clientcert_serial_number_header_name": null,
            "routing_http_request_x_amzn_mtls_clientcert_subject_header_name": null,
            "routing_http_request_x_amzn_mtls_clientcert_validity_header_name": null,
            "routing_http_request_x_amzn_tls_cipher_suite_header_name": null,
            "routing_http_request_x_amzn_tls_version_header_name": null,
            "routing_http_response_access_control_allow_credentials_header_value": "",
            "routing_http_response_access_control_allow_headers_header_value": "",
            "routing_http_response_access_control_allow_methods_header_value": "",
            "routing_http_response_access_control_allow_origin_header_value": "",
            "routing_http_response_access_control_expose_headers_header_value": "",
            "routing_http_response_access_control_max_age_header_value": "",
            "routing_http_response_content_security_policy_header_value": "",
            "routing_http_response_server_enabled": false,
            "routing_http_response_strict_transport_security_header_value": "",
            "routing_http_response_x_content_type_options_header_value": "",
            "routing_http_response_x_frame_options_header_value": "",
            "ssl_policy": "",
            "tags": {},
            "tags_all": {},
            "tcp_idle_timeout_seconds": null,
            "timeouts": null
          },
          "sensitive_attributes": [],
          "private": "eyJlMmJmYjczMC1lY2FhLTExZTYtOGY4OC0zNDM2M2JjN2M0YzAiOnsiY3JlYXRlIjozMDAwMDAwMDAwMDAsInVwZGF0ZSI6MzAwMDAwMDAwMDAwfX0=",
          "dependencies": [
            "aws_lb.wordpress_lb",
            "aws_security_group.alb_sg",
            "module.vpc.aws_subnet.public",
            "module.vpc.aws_vpc.this",
            "module.vpc.aws_vpc_ipv4_cidr_block_association.this"
          ]
        }
      ]
    },
    {
      "mode": "managed",
      "type": "aws_lb_listener",
      "name": "https",
      "provider": "provider[\"registry.terraform.io/hashicorp/aws\"]",
      "instances": [
        {
          "schema_version": 0,
          "attributes": {
            "alpn_policy": null,
            "arn": "arn:aws:elasticloadbalancing:eu-central-1:950487945443:listener/app/wordpress-lb/7650c6e4e9f5df7b/cc86f0f00831d106",
            "certificate_arn": "arn:aws:acm:eu-central-1:950487945443:certificate/2fa8b791-0ef6-4819-9c63-31fd081fc45d",
            "default_action": [
              {
                "authenticate_cognito": [],
                "authenticate_oidc": [],
                "fixed_response": [],
                "forward": [],
                "order": 1,
                "redirect": [],
                "target_group_arn": "arn:aws:elasticloadbalancing:eu-central-1:950487945443:targetgroup/wordpress-tg/e5c1c781f84ab4ea",
                "type": "forward"
              }
            ],
            "id": "arn:aws:elasticloadbalancing:eu-central-1:950487945443:listener/app/wordpress-lb/7650c6e4e9f5df7b/cc86f0f00831d106",
            "load_balancer_arn": "arn:aws:elasticloadbalancing:eu-central-1:950487945443:loadbalancer/app/wordpress-lb/7650c6e4e9f5df7b",
            "mutual_authentication": [
              {
                "advertise_trust_store_ca_names": "",
                "ignore_client_certificate_expiry": false,
                "mode": "off",
                "trust_store_arn": ""
              }
            ],
            "port": 443,
            "protocol": "HTTPS",
            "routing_http_request_x_amzn_mtls_clientcert_header_name": "",
            "routing_http_request_x_amzn_mtls_clientcert_issuer_header_name": "",
            "routing_http_request_x_amzn_mtls_clientcert_leaf_header_name": "",
            "routing_http_request_x_amzn_mtls_clientcert_serial_number_header_name": "",
            "routing_http_request_x_amzn_mtls_clientcert_subject_header_name": "",
            "routing_http_request_x_amzn_mtls_clientcert_validity_header_name": "",
            "routing_http_request_x_amzn_tls_cipher_suite_header_name": "",
            "routing_http_request_x_amzn_tls_version_header_name": "",
            "routing_http_response_access_control_allow_credentials_header_value": "",
            "routing_http_response_access_control_allow_headers_header_value": "",
            "routing_http_response_access_control_allow_methods_header_value": "",
            "routing_http_response_access_control_allow_origin_header_value": "",
            "routing_http_response_access_control_expose_headers_header_value": "",
            "routing_http_response_access_control_max_age_header_value": "",
            "routing_http_response_content_security_policy_header_value": "",
            "routing_http_response_server_enabled": false,
            "routing_http_response_strict_transport_security_header_value": "",
            "routing_http_response_x_content_type_options_header_value": "",
            "routing_http_response_x_frame_options_header_value": "",
            "ssl_policy": "ELBSecurityPolicy-2016-08",
            "tags": {},
            "tags_all": {},
            "tcp_idle_timeout_seconds": null,
            "timeouts": null
          },
          "sensitive_attributes": [],
          "private": "eyJlMmJmYjczMC1lY2FhLTExZTYtOGY4OC0zNDM2M2JjN2M0YzAiOnsiY3JlYXRlIjozMDAwMDAwMDAwMDAsInVwZGF0ZSI6MzAwMDAwMDAwMDAwfX0=",
          "dependencies": [
            "aws_acm_certificate.wordpress_certificate",
            "aws_lb.wordpress_lb",
            "aws_lb_target_group.wordpress_target_group",
            "aws_security_group.alb_sg",
            "module.vpc.aws_subnet.public",
            "module.vpc.aws_vpc.this",
            "module.vpc.aws_vpc_ipv4_cidr_block_association.this"
          ]
        }
      ]
    },
    {
      "mode": "managed",
      "type": "aws_lb_target_group",
      "name": "wordpress_target_group",
      "provider": "provider[\"registry.terraform.io/hashicorp/aws\"]",
      "instances": [
        {
          "schema_version": 0,
          "attributes": {
            "arn": "arn:aws:elasticloadbalancing:eu-central-1:950487945443:targetgroup/wordpress-tg/e5c1c781f84ab4ea",
            "arn_suffix": "targetgroup/wordpress-tg/e5c1c781f84ab4ea",
            "connection_termination": null,
            "deregistration_delay": "300",
            "health_check": [
              {
                "enabled": true,
                "healthy_threshold": 3,
                "interval": 30,
                "matcher": "200",
                "path": "/",
                "port": "traffic-port",
                "protocol": "HTTP",
                "timeout": 5,
                "unhealthy_threshold": 5
              }
            ],
            "id": "arn:aws:elasticloadbalancing:eu-central-1:950487945443:targetgroup/wordpress-tg/e5c1c781f84ab4ea",
            "ip_address_type": "ipv4",
            "lambda_multi_value_headers_enabled": false,
            "load_balancer_arns": [
              "arn:aws:elasticloadbalancing:eu-central-1:950487945443:loadbalancer/app/wordpress-lb/7650c6e4e9f5df7b"
            ],
            "load_balancing_algorithm_type": "round_robin",
            "load_balancing_anomaly_mitigation": "off",
            "load_balancing_cross_zone_enabled": "use_load_balancer_configuration",
            "name": "wordpress-tg",
            "name_prefix": "",
            "port": 80,
            "preserve_client_ip": null,
            "protocol": "HTTP",
            "protocol_version": "HTTP1",
            "proxy_protocol_v2": false,
            "slow_start": 0,
            "stickiness": [
              {
                "cookie_duration": 86400,
                "cookie_name": "",
                "enabled": false,
                "type": "lb_cookie"
              }
            ],
            "tags": {},
            "tags_all": {},
            "target_failover": [
              {
                "on_deregistration": null,
                "on_unhealthy": null
              }
            ],
            "target_group_health": [
              {
                "dns_failover": [
                  {
                    "minimum_healthy_targets_count": "1",
                    "minimum_healthy_targets_percentage": "off"
                  }
                ],
                "unhealthy_state_routing": [
                  {
                    "minimum_healthy_targets_count": 1,
                    "minimum_healthy_targets_percentage": "off"
                  }
                ]
              }
            ],
            "target_health_state": [
              {
                "enable_unhealthy_connection_termination": null,
                "unhealthy_draining_interval": null
              }
            ],
            "target_type": "instance",
            "vpc_id": "vpc-078a5ca2014039d03"
          },
          "sensitive_attributes": [],
          "private": "bnVsbA==",
          "dependencies": [
            "module.vpc.aws_vpc.this"
          ]
        }
      ]
    },
    {
      "mode": "managed",
      "type": "aws_route53_record",
      "name": "wordpress_certificate_validation",
      "provider": "provider[\"registry.terraform.io/hashicorp/aws\"]",
      "instances": [
        {
          "schema_version": 2,
          "attributes": {
            "alias": [],
            "allow_overwrite": null,
            "cidr_routing_policy": [],
            "failover_routing_policy": [],
            "fqdn": "_95d3beb106b0e779da916919d66e2ed7.wordpress.stefankaa.com",
            "geolocation_routing_policy": [],
            "geoproximity_routing_policy": [],
            "health_check_id": "",
            "id": "Z05158402RI2DG58NCLV5__95d3beb106b0e779da916919d66e2ed7.wordpress.stefankaa.com._CNAME",
            "latency_routing_policy": [],
            "multivalue_answer_routing_policy": false,
            "name": "_95d3beb106b0e779da916919d66e2ed7.wordpress.stefankaa.com",
            "records": [
              "_a8dc0683cd105461ba849c16eacb9eac.xlfgrmvvlj.acm-validations.aws."
            ],
            "set_identifier": "",
            "timeouts": null,
            "ttl": 60,
            "type": "CNAME",
            "weighted_routing_policy": [],
            "zone_id": "Z05158402RI2DG58NCLV5"
          },
          "sensitive_attributes": [],
          "private": "eyJlMmJmYjczMC1lY2FhLTExZTYtOGY4OC0zNDM2M2JjN2M0YzAiOnsiY3JlYXRlIjoxODAwMDAwMDAwMDAwLCJkZWxldGUiOjE4MDAwMDAwMDAwMDAsInVwZGF0ZSI6MTgwMDAwMDAwMDAwMH0sInNjaGVtYV92ZXJzaW9uIjoiMiJ9",
          "dependencies": [
            "aws_acm_certificate.wordpress_certificate",
            "data.aws_route53_zone.primary"
          ]
        }
      ]
    },
    {
      "mode": "managed",
      "type": "aws_route53_record",
      "name": "wordpress_dns",
      "provider": "provider[\"registry.terraform.io/hashicorp/aws\"]",
      "instances": [
        {
          "schema_version": 2,
          "attributes": {
            "alias": [],
            "allow_overwrite": null,
            "cidr_routing_policy": [],
            "failover_routing_policy": [],
            "fqdn": "wordpress.stefankaa.com",
            "geolocation_routing_policy": [],
            "geoproximity_routing_policy": [],
            "health_check_id": "",
            "id": "Z05158402RI2DG58NCLV5_wordpress.stefankaa.com_CNAME",
            "latency_routing_policy": [],
            "multivalue_answer_routing_policy": false,
            "name": "wordpress.stefankaa.com",
            "records": [
              "wordpress-lb-974581811.eu-central-1.elb.amazonaws.com"
            ],
            "set_identifier": "",
            "timeouts": null,
            "ttl": 60,
            "type": "CNAME",
            "weighted_routing_policy": [],
            "zone_id": "Z05158402RI2DG58NCLV5"
          },
          "sensitive_attributes": [],
          "private": "eyJlMmJmYjczMC1lY2FhLTExZTYtOGY4OC0zNDM2M2JjN2M0YzAiOnsiY3JlYXRlIjoxODAwMDAwMDAwMDAwLCJkZWxldGUiOjE4MDAwMDAwMDAwMDAsInVwZGF0ZSI6MTgwMDAwMDAwMDAwMH0sInNjaGVtYV92ZXJzaW9uIjoiMiJ9",
          "dependencies": [
            "aws_lb.wordpress_lb",
            "aws_security_group.alb_sg",
            "data.aws_route53_zone.primary",
            "module.vpc.aws_subnet.public",
            "module.vpc.aws_vpc.this",
            "module.vpc.aws_vpc_ipv4_cidr_block_association.this"
          ]
        }
      ]
    },
    {
      "mode": "managed",
      "type": "aws_security_group",
      "name": "alb_sg",
      "provider": "provider[\"registry.terraform.io/hashicorp/aws\"]",
      "instances": [
        {
          "schema_version": 1,
          "attributes": {
            "arn": "arn:aws:ec2:eu-central-1:950487945443:security-group/sg-016ce1afd00f4e24b",
            "description": "Allow HTTP and HTTPS traffic",
            "egress": [
              {
                "cidr_blocks": [
                  "0.0.0.0/0"
                ],
                "description": "",
                "from_port": 0,
                "ipv6_cidr_blocks": [],
                "prefix_list_ids": [],
                "protocol": "-1",
                "security_groups": [],
                "self": false,
                "to_port": 0
              }
            ],
            "id": "sg-016ce1afd00f4e24b",
            "ingress": [
              {
                "cidr_blocks": [
                  "0.0.0.0/0"
                ],
                "description": "",
                "from_port": 443,
                "ipv6_cidr_blocks": [],
                "prefix_list_ids": [],
                "protocol": "tcp",
                "security_groups": [],
                "self": false,
                "to_port": 443
              },
              {
                "cidr_blocks": [
                  "0.0.0.0/0"
                ],
                "description": "",
                "from_port": 80,
                "ipv6_cidr_blocks": [],
                "prefix_list_ids": [],
                "protocol": "tcp",
                "security_groups": [],
                "self": false,
                "to_port": 80
              }
            ],
            "name": "alb-sg",
            "name_prefix": "",
            "owner_id": "950487945443",
            "revoke_rules_on_delete": false,
            "tags": {},
            "tags_all": {},
            "timeouts": null,
            "vpc_id": "vpc-078a5ca2014039d03"
          },
          "sensitive_attributes": [],
          "private": "eyJlMmJmYjczMC1lY2FhLTExZTYtOGY4OC0zNDM2M2JjN2M0YzAiOnsiY3JlYXRlIjo2MDAwMDAwMDAwMDAsImRlbGV0ZSI6OTAwMDAwMDAwMDAwfSwic2NoZW1hX3ZlcnNpb24iOiIxIn0=",
          "dependencies": [
            "module.vpc.aws_vpc.this"
          ]
        }
      ]
    },
    {
      "mode": "managed",
      "type": "aws_security_group",
      "name": "ec2_sg",
      "provider": "provider[\"registry.terraform.io/hashicorp/aws\"]",
      "instances": [
        {
          "schema_version": 1,
          "attributes": {
            "arn": "arn:aws:ec2:eu-central-1:950487945443:security-group/sg-0ea11e6daea86cdcb",
            "description": "Allow HTTP from ALB",
            "egress": [
              {
                "cidr_blocks": [
                  "0.0.0.0/0"
                ],
                "description": "",
                "from_port": 0,
                "ipv6_cidr_blocks": [],
                "prefix_list_ids": [],
                "protocol": "-1",
                "security_groups": [],
                "self": false,
                "to_port": 0
              }
            ],
            "id": "sg-0ea11e6daea86cdcb",
            "ingress": [
              {
                "cidr_blocks": [
                  "0.0.0.0/0"
                ],
                "description": "",
                "from_port": 22,
                "ipv6_cidr_blocks": [],
                "prefix_list_ids": [],
                "protocol": "tcp",
                "security_groups": [],
                "self": false,
                "to_port": 22
              },
              {
                "cidr_blocks": [],
                "description": "",
                "from_port": 80,
                "ipv6_cidr_blocks": [],
                "prefix_list_ids": [],
                "protocol": "tcp",
                "security_groups": [
                  "sg-016ce1afd00f4e24b"
                ],
                "self": false,
                "to_port": 80
              }
            ],
            "name": "ec2-sg",
            "name_prefix": "",
            "owner_id": "950487945443",
            "revoke_rules_on_delete": false,
            "tags": {},
            "tags_all": {},
            "timeouts": null,
            "vpc_id": "vpc-078a5ca2014039d03"
          },
          "sensitive_attributes": [],
          "private": "eyJlMmJmYjczMC1lY2FhLTExZTYtOGY4OC0zNDM2M2JjN2M0YzAiOnsiY3JlYXRlIjo2MDAwMDAwMDAwMDAsImRlbGV0ZSI6OTAwMDAwMDAwMDAwfSwic2NoZW1hX3ZlcnNpb24iOiIxIn0=",
          "dependencies": [
            "aws_security_group.alb_sg",
            "module.vpc.aws_vpc.this"
          ]
        }
      ]
    },
    {
      "mode": "managed",
      "type": "aws_security_group",
      "name": "rds_sg",
      "provider": "provider[\"registry.terraform.io/hashicorp/aws\"]",
      "instances": [
        {
          "schema_version": 1,
          "attributes": {
            "arn": "arn:aws:ec2:eu-central-1:950487945443:security-group/sg-0f4d8f382e9c64ac7",
            "description": "Managed by Terraform",
            "egress": [
              {
                "cidr_blocks": [
                  "0.0.0.0/0"
                ],
                "description": "",
                "from_port": 0,
                "ipv6_cidr_blocks": [],
                "prefix_list_ids": [],
                "protocol": "-1",
                "security_groups": [],
                "self": false,
                "to_port": 0
              }
            ],
            "id": "sg-0f4d8f382e9c64ac7",
            "ingress": [
              {
                "cidr_blocks": [],
                "description": "",
                "from_port": 3306,
                "ipv6_cidr_blocks": [],
                "prefix_list_ids": [],
                "protocol": "tcp",
                "security_groups": [
                  "sg-0ea11e6daea86cdcb"
                ],
                "self": false,
                "to_port": 3306
              }
            ],
            "name": "rds-sg",
            "name_prefix": "",
            "owner_id": "950487945443",
            "revoke_rules_on_delete": false,
            "tags": {},
            "tags_all": {},
            "timeouts": null,
            "vpc_id": "vpc-078a5ca2014039d03"
          },
          "sensitive_attributes": [],
          "private": "eyJlMmJmYjczMC1lY2FhLTExZTYtOGY4OC0zNDM2M2JjN2M0YzAiOnsiY3JlYXRlIjo2MDAwMDAwMDAwMDAsImRlbGV0ZSI6OTAwMDAwMDAwMDAwfSwic2NoZW1hX3ZlcnNpb24iOiIxIn0=",
          "dependencies": [
            "aws_security_group.alb_sg",
            "aws_security_group.ec2_sg",
            "module.vpc.aws_vpc.this"
          ]
        }
      ]
    },
    {
      "mode": "managed",
      "type": "local_file",
      "name": "private_key",
      "provider": "provider[\"registry.terraform.io/hashicorp/local\"]",
      "instances": [
        {
          "schema_version": 0,
          "attributes": {
            "content": "-----BEGIN RSA PRIVATE KEY-----\nMIIJKAIBAAKCAgEAuzLmCA3FlGtK8c6oO1jiiTaQ6UJOduGPHNQM657Kx9MaxHib\ngzRbtVnuiBb1e/Mb0BCO8Dp10c4CPszckOz5f17lZ1tcpbzeqHyzAGmUYYnyllFt\nhg4WJlCQfGNTk0nppR1Iz+ydJ46A6/cuckqy/LH79HQwybDPfpq3bQ0xsqRt0Lkj\nIY06QYlDLHUplCgoc1wtI8aGIwnxD3DvhjE/+MZUElZxvVpQ25J9XofQgZRKPS/n\nOAVSk6wrEZJB7v0nneUDqLpnxRO9RHdOSlfcjx/URV6HY6bAqgV1Cv6FXVRIyZ3F\nYWbjvuoZQQQ2dQX4Gr7pujo67vIOVSWDnVrSPxzGX/IHsMO9e3A4YA0QN+gq/qmR\nU1jhBvKpZQfkfkxffc6Y9qtdyp1qoV1oj1KheNobM+oOcMvOer0f+m2yGIUirBEI\n0h7JGceWeXS1rY+cPuIRgXy/YTFhQnb4TSTFvDMMMpHCJ2RUpu5aSAIho7MFjwN4\nFGxh+30qwukYHcxgavy4zK4YN6/TlO9WSB1ZwVuMO8W9vB6TWjRLPIezH0xcEXN8\ncUViRPKcfUiFa7n+5OHdTS4D5WiRgZNzqjnBP0IHvTqlNcZGBYDDJuG0PfWkCiTH\nxjzRL96PZ0iVMijljHZFCLWmJIchOnMTiSifMpl7JrEOcbmebnZNXVDp2zECAwEA\nAQKCAgA8kFwR0PrSaOAHWXfeM4SfJfM+NECUf6dAiW5gsLAkdC0d0XNmwILHKoBc\nsSjc4CtoZmMIX7GMnlzlmnvlu3WA+t+3T7yqtm9HDYkQIhhqcin07gVEMLyDyt7k\nD3KTnX8k91N+SawShy04qnDxcy9zR9YfIZRDPJv09vNPKcyhYkdRFwTBryJg35rH\nAGTiVRe5MuI7x9fP8EB4YW5s+PQcdXXvtN35iAXO9BbxhXk04xgdsajZ3Ab6VeJd\nPfds7aRqlhRX+27lONysEPlYXhKyj3aqtsmQuPtuRnO2id/18PXXnN6mA5a9RpnD\nCizgMX0ykf+mS36TneZ7L7bkKuUIDn8eCm2WRtJujV+KBHIrABDLcmL/N7nK5gfn\nuf0UZHj7P3yy3jj5vkezqV0LEcpSfunmNTDDTog6+c0jEEmVWqkWlwZTeEW1qVY/\nXZOJeN5iz0fNWEIOBbKpq6Jec/TnN2MrvqrE1681bPOsfMTUiDpOILV2joePiYqd\nZuCKcLJ3fvlN2lTqvj5sdCSmDVA+5RafXOMYXyzFJHeWZJLD88YuATWap5vd+/tx\nfBy+5ZZ1cItG7WsaLvMNL6UKS/HGZXjeefqGMLpgPY90uace1gH/YSlJ8Xw7/k8q\nPtlP5vxunga+7ETaOhlqPeZaZ4g5HD5LyXv+pN5YwuB37QXvrQKCAQEA4TCHC0VB\nggWrlYrXytMNtL6rF7KM/PoAIXPpgciAN/TRqP5stNd4HKrVhThoyc433f0clUN/\njI9EpLiVaCT0V4Qq7r8uARKxD2dFE6qUxyIOqtvvFhDaXPdupLCnL/B1OXJzjCpc\ntq8rWImqlWMceD7NZuawNdagvFYZ/5Hvq1LZG9A+jOzZlcU7hyLLdC0RY7fQ8OjL\nV9tcrpxaa+RvOyI1diDbQWxdJs9oPehKyZWLsTEbn4XT7chrVAPpFuW4US4+ZMvv\nP0GGm4kd07OEoMcHpuQl7i2G/BbmtQF/3F21tuEEs4ndYFwSvB1eYaU/bj5G8286\nwnMyzBkfPZ1bBwKCAQEA1M+12D1Aoo2Y+B/qFJ88ETVljrnGBjb+5iKXCo+VBO8B\nF5xerfOBd37NzLWiALaDzFY+p4XEChFM/J7saWfWdNlZU0vL2w0WYDdPSBNzhk1+\nwm+/b32i+gbnE1Ide5JvT1gAwNzlUdMoDpZqAmULwzlU/vAVMLxGzmApJ13csE8w\nO5KdweXrG/xgBEDWkxmh6QJN4mjEwIXtvSpTu50hdSKC554dM+xfQXeCge+d03p+\nKPLnZzpsfbRayDrDbiw8cVXbF8Jn30IDCyRY8gq3EnjBsKCLCTNwvC7SSqHyT3j7\nGJ+cw+vU/p371bfmJr/88WlgpJJOahZKIGQwlUMyBwKCAQAf/IGiIzM74cxOkIs4\nXyQ6QT8SPaVzJZuxJMLNUYqM6DSDuaf9RAHmqIltw+Z2i9k5qgNOXGkYsR0B/MoU\nIfOnHrnuca96LYqC8ptIQNmjM3473MOoMbqiq+7Ga+VDlPdBsrUg+r9yn40bpWpa\nj9pyZhFNBYWQEC2CswQ8XiFaB4mZPsozwEzjzkE3X8TgeqpWrLx8C8UedKVElCbv\n3mHCV4iaf+5E67yLj7hx2rYMzjYqdBxFW4AP7YD5TRjlzLmSpmvsa19Pb+JL430e\nHgi/waWfmhadL1BWLHaWzWC5D4KJOIsvaWzNjCaJG+7VFeDdqvDvESSajDxx6zuZ\nx+kvAoIBAHcTGc66xzWtQRBk2xda2cNPO1oW/IRxtUKTzCuul1VBXj0V06xFegWg\nwApw/wqjFS/6eehGYqC3eXpIekOoREjxbJe8633P3ttLV2Me7x8QsYKeAGGjzNNV\nlWosIi8Iipu8w/8mGnIkUl+HLh3U6DX+GF7lexXf40aKa7yJOni0dmp+6SKbQWhR\nWHBIz0dTqlK0ZVvv/1cyGQolauCpVRUzkEeFIxXwhoQdGLsXlhnEil7jOzN5b0cO\n6VTr/Hni6pcH0SWEM5aqWwWa+uHDuRfu1YG88s7dJ5FEKYp0/x4UtXrbpF3D0VP+\nlfDJi0/XUPLLYbXz30hg3G0vYjfCd3UCggEBANS+VeqC5cBsNjJ+4RQCCeXwYTgs\nzdFwq9pzSwsrMpTBmUZZ+kVeyZfXsrFf53+YD5wBDfdykeA/81Pu5G5KDw5j5xiT\nowm5TVKs2i02UKz76kpMLAqt+pOJxf8d+FrVdOE56wCiDObk5yXhwmrRf0UQQPiX\nbzmYrWqkgT8kz8my1X8t6ZZF0NXayvrjpemBJH4HfRB1Fo+FWVFJWl8tjW83erkZ\nY3VtKzc338pJu/nBd1GIK1EpUVG8JgVse67+uct2TVXMkdpt9gq7eveulRG7sLZi\nkje8pMQdJstzh8h/sL0YgXORXbjnslYTxTvddlMTgDU4gtEH2IHwEhWIzA4=\n-----END RSA PRIVATE KEY-----\n",
            "content_base64": null,
            "content_base64sha256": "hvotSRDn3G0FrbDxLQFsN8j/ki55h+nq6vCtSSS/KW0=",
            "content_base64sha512": "hgu7kYEQANliequYkSyU0rpcu461C0R6le8bWAUP7TeA0VenYYeZ2JWNyLkdHG1CNseNogRweCqs96dHTmgQtA==",
            "content_md5": "c31e608dd44cec175f3ee136283ed000",
            "content_sha1": "91bb1e7b949d61a6975f6b34dda3593e05562484",
            "content_sha256": "86fa2d4910e7dc6d05adb0f12d016c37c8ff922e7987e9eaeaf0ad4924bf296d",
            "content_sha512": "860bbb91811000d9627aab98912c94d2ba5cbb8eb50b447a95ef1b58050fed3780d157a7618799d8958dc8b91d1c6d4236c78da20470782aacf7a7474e6810b4",
            "directory_permission": "0777",
            "file_permission": "0600",
            "filename": "wordpress-key.pem",
            "id": "91bb1e7b949d61a6975f6b34dda3593e05562484",
            "sensitive_content": null,
            "source": null
          },
          "sensitive_attributes": [
            [
              {
                "type": "get_attr",
                "value": "content"
              }
            ],
            [
              {
                "type": "get_attr",
                "value": "sensitive_content"
              }
            ]
          ],
          "dependencies": [
            "tls_private_key.wordpress_key"
          ]
        }
      ]
    },
    {
      "mode": "managed",
      "type": "null_resource",
      "name": "wait_for_targets_healthy",
      "provider": "provider[\"registry.terraform.io/hashicorp/null\"]",
      "instances": [
        {
          "schema_version": 0,
          "attributes": {
            "id": "4891022779460767371",
            "triggers": null
          },
          "sensitive_attributes": [],
          "dependencies": [
            "aws_lb_target_group.wordpress_target_group",
            "module.vpc.aws_vpc.this"
          ]
        }
      ]
    },
    {
      "mode": "managed",
      "type": "random_password",
      "name": "db_password",
      "provider": "provider[\"registry.terraform.io/hashicorp/random\"]",
      "instances": [
        {
          "schema_version": 3,
          "attributes": {
            "bcrypt_hash": "$2a$10$ZLW1si/tTkdFbu.I72oqq.adKjZkCkLy0SkExlhuwG70CGs655wgq",
            "id": "none",
            "keepers": null,
            "length": 16,
            "lower": true,
            "min_lower": 0,
            "min_numeric": 0,
            "min_special": 0,
            "min_upper": 0,
            "number": true,
            "numeric": true,
            "override_special": null,
            "result": "t0VUSB6Su58BiGGj",
            "special": false,
            "upper": true
          },
          "sensitive_attributes": [
            [
              {
                "type": "get_attr",
                "value": "bcrypt_hash"
              }
            ],
            [
              {
                "type": "get_attr",
                "value": "result"
              }
            ]
          ]
        }
      ]
    },
    {
      "mode": "managed",
      "type": "tls_private_key",
      "name": "wordpress_key",
      "provider": "provider[\"registry.terraform.io/hashicorp/tls\"]",
      "instances": [
        {
          "schema_version": 1,
          "attributes": {
            "algorithm": "RSA",
            "ecdsa_curve": "P224",
            "id": "5377b28f402fbc6351f473d119a58091864cbc9c",
            "private_key_openssh": "-----BEGIN OPENSSH PRIVATE KEY-----\nb3BlbnNzaC1rZXktdjEAAAAABG5vbmUAAAAEbm9uZQAAAAAAAAABAAACFwAAAAdz\nc2gtcnNhAAAAAwEAAQAAAgEAuzLmCA3FlGtK8c6oO1jiiTaQ6UJOduGPHNQM657K\nx9MaxHibgzRbtVnuiBb1e/Mb0BCO8Dp10c4CPszckOz5f17lZ1tcpbzeqHyzAGmU\nYYnyllFthg4WJlCQfGNTk0nppR1Iz+ydJ46A6/cuckqy/LH79HQwybDPfpq3bQ0x\nsqRt0LkjIY06QYlDLHUplCgoc1wtI8aGIwnxD3DvhjE/+MZUElZxvVpQ25J9XofQ\ngZRKPS/nOAVSk6wrEZJB7v0nneUDqLpnxRO9RHdOSlfcjx/URV6HY6bAqgV1Cv6F\nXVRIyZ3FYWbjvuoZQQQ2dQX4Gr7pujo67vIOVSWDnVrSPxzGX/IHsMO9e3A4YA0Q\nN+gq/qmRU1jhBvKpZQfkfkxffc6Y9qtdyp1qoV1oj1KheNobM+oOcMvOer0f+m2y\nGIUirBEI0h7JGceWeXS1rY+cPuIRgXy/YTFhQnb4TSTFvDMMMpHCJ2RUpu5aSAIh\no7MFjwN4FGxh+30qwukYHcxgavy4zK4YN6/TlO9WSB1ZwVuMO8W9vB6TWjRLPIez\nH0xcEXN8cUViRPKcfUiFa7n+5OHdTS4D5WiRgZNzqjnBP0IHvTqlNcZGBYDDJuG0\nPfWkCiTHxjzRL96PZ0iVMijljHZFCLWmJIchOnMTiSifMpl7JrEOcbmebnZNXVDp\n2zEAAAc4sjtkwrI7ZMIAAAAHc3NoLXJzYQAAAgEAuzLmCA3FlGtK8c6oO1jiiTaQ\n6UJOduGPHNQM657Kx9MaxHibgzRbtVnuiBb1e/Mb0BCO8Dp10c4CPszckOz5f17l\nZ1tcpbzeqHyzAGmUYYnyllFthg4WJlCQfGNTk0nppR1Iz+ydJ46A6/cuckqy/LH7\n9HQwybDPfpq3bQ0xsqRt0LkjIY06QYlDLHUplCgoc1wtI8aGIwnxD3DvhjE/+MZU\nElZxvVpQ25J9XofQgZRKPS/nOAVSk6wrEZJB7v0nneUDqLpnxRO9RHdOSlfcjx/U\nRV6HY6bAqgV1Cv6FXVRIyZ3FYWbjvuoZQQQ2dQX4Gr7pujo67vIOVSWDnVrSPxzG\nX/IHsMO9e3A4YA0QN+gq/qmRU1jhBvKpZQfkfkxffc6Y9qtdyp1qoV1oj1KheNob\nM+oOcMvOer0f+m2yGIUirBEI0h7JGceWeXS1rY+cPuIRgXy/YTFhQnb4TSTFvDMM\nMpHCJ2RUpu5aSAIho7MFjwN4FGxh+30qwukYHcxgavy4zK4YN6/TlO9WSB1ZwVuM\nO8W9vB6TWjRLPIezH0xcEXN8cUViRPKcfUiFa7n+5OHdTS4D5WiRgZNzqjnBP0IH\nvTqlNcZGBYDDJuG0PfWkCiTHxjzRL96PZ0iVMijljHZFCLWmJIchOnMTiSifMpl7\nJrEOcbmebnZNXVDp2zEAAAADAQABAAACADyQXBHQ+tJo4AdZd94zhJ8l8z40QJR/\np0CJbmCwsCR0LR3Rc2bAgscqgFyxKNzgK2hmYwhfsYyeXOWae+W7dYD637dPvKq2\nb0cNiRAiGGpyKfTuBUQwvIPK3uQPcpOdfyT3U35JrBKHLTiqcPFzL3NH1h8hlEM8\nm/T2808pzKFiR1EXBMGvImDfmscAZOJVF7ky4jvH18/wQHhhbmz49Bx1de+03fmI\nBc70FvGFeTTjGB2xqNncBvpV4l0992ztpGqWFFf7buU43KwQ+VheErKPdqq2yZC4\n+25Gc7aJ3/Xw9dec3qYDlr1GmcMKLOAxfTKR/6ZLfpOd5nsvtuQq5QgOfx4KbZZG\n0m6NX4oEcisAEMtyYv83ucrmB+e5/RRkePs/fLLeOPm+R7OpXQsRylJ+6eY1MMNO\niDr5zSMQSZVaqRaXBlN4RbWpVj9dk4l43mLPR81YQg4Fsqmrol5z9Oc3Yyu+qsTX\nrzVs86x8xNSIOk4gtXaOh4+Jip1m4Ipwsnd++U3aVOq+Pmx0JKYNUD7lFp9c4xhf\nLMUkd5ZkksPzxi4BNZqnm937+3F8HL7llnVwi0btaxou8w0vpQpL8cZleN55+oYw\numA9j3S5px7WAf9hKUnxfDv+Tyo+2U/m/G6eBr7sRNo6GWo95lpniDkcPkvJe/6k\n3ljC4HftBe+tAAABAQDUvlXqguXAbDYyfuEUAgnl8GE4LM3RcKvac0sLKzKUwZlG\nWfpFXsmX17KxX+d/mA+cAQ33cpHgP/NT7uRuSg8OY+cYk6MJuU1SrNotNlCs++pK\nTCwKrfqTicX/Hfha1XThOesAogzm5Ocl4cJq0X9FEED4l285mK1qpIE/JM/JstV/\nLemWRdDV2sr646XpgSR+B30QdRaPhVlRSVpfLY1vN3q5GWN1bSs3N9/KSbv5wXdR\niCtRKVFRvCYFbHuu/rnLdk1VzJHabfYKu3r3rpURu7C2YpI3vKTEHSbLc4fIf7C9\nGIFzkV2457JWE8U73XZTE4A1OILRB9iB8BIViMwOAAABAQDhMIcLRUGCBauVitfK\n0w20vqsXsoz8+gAhc+mByIA39NGo/my013gcqtWFOGjJzjfd/RyVQ3+Mj0SkuJVo\nJPRXhCruvy4BErEPZ0UTqpTHIg6q2+8WENpc926ksKcv8HU5cnOMKly2rytYiaqV\nYxx4Ps1m5rA11qC8Vhn/ke+rUtkb0D6M7NmVxTuHIst0LRFjt9Dw6MtX21yunFpr\n5G87IjV2INtBbF0mz2g96ErJlYuxMRufhdPtyGtUA+kW5bhRLj5ky+8/QYabiR3T\ns4Sgxwem5CXuLYb8Fua1AX/cXbW24QSzid1gXBK8HV5hpT9uPkbzbzrCczLMGR89\nnVsHAAABAQDUz7XYPUCijZj4H+oUnzwRNWWOucYGNv7mIpcKj5UE7wEXnF6t84F3\nfs3MtaIAtoPMVj6nhcQKEUz8nuxpZ9Z02VlTS8vbDRZgN09IE3OGTX7Cb79vfaL6\nBucTUh17km9PWADA3OVR0ygOlmoCZQvDOVT+8BUwvEbOYCknXdywTzA7kp3B5esb\n/GAEQNaTGaHpAk3iaMTAhe29KlO7nSF1IoLnnh0z7F9Bd4KB753Ten4o8udnOmx9\ntFrIOsNuLDxxVdsXwmffQgMLJFjyCrcSeMGwoIsJM3C8LtJKofJPePsYn5zD69T+\nnfvVt+Ymv/zxaWCkkk5qFkogZDCVQzIHAAAAAAEC\n-----END OPENSSH PRIVATE KEY-----\n",
            "private_key_pem": "-----BEGIN RSA PRIVATE KEY-----\nMIIJKAIBAAKCAgEAuzLmCA3FlGtK8c6oO1jiiTaQ6UJOduGPHNQM657Kx9MaxHib\ngzRbtVnuiBb1e/Mb0BCO8Dp10c4CPszckOz5f17lZ1tcpbzeqHyzAGmUYYnyllFt\nhg4WJlCQfGNTk0nppR1Iz+ydJ46A6/cuckqy/LH79HQwybDPfpq3bQ0xsqRt0Lkj\nIY06QYlDLHUplCgoc1wtI8aGIwnxD3DvhjE/+MZUElZxvVpQ25J9XofQgZRKPS/n\nOAVSk6wrEZJB7v0nneUDqLpnxRO9RHdOSlfcjx/URV6HY6bAqgV1Cv6FXVRIyZ3F\nYWbjvuoZQQQ2dQX4Gr7pujo67vIOVSWDnVrSPxzGX/IHsMO9e3A4YA0QN+gq/qmR\nU1jhBvKpZQfkfkxffc6Y9qtdyp1qoV1oj1KheNobM+oOcMvOer0f+m2yGIUirBEI\n0h7JGceWeXS1rY+cPuIRgXy/YTFhQnb4TSTFvDMMMpHCJ2RUpu5aSAIho7MFjwN4\nFGxh+30qwukYHcxgavy4zK4YN6/TlO9WSB1ZwVuMO8W9vB6TWjRLPIezH0xcEXN8\ncUViRPKcfUiFa7n+5OHdTS4D5WiRgZNzqjnBP0IHvTqlNcZGBYDDJuG0PfWkCiTH\nxjzRL96PZ0iVMijljHZFCLWmJIchOnMTiSifMpl7JrEOcbmebnZNXVDp2zECAwEA\nAQKCAgA8kFwR0PrSaOAHWXfeM4SfJfM+NECUf6dAiW5gsLAkdC0d0XNmwILHKoBc\nsSjc4CtoZmMIX7GMnlzlmnvlu3WA+t+3T7yqtm9HDYkQIhhqcin07gVEMLyDyt7k\nD3KTnX8k91N+SawShy04qnDxcy9zR9YfIZRDPJv09vNPKcyhYkdRFwTBryJg35rH\nAGTiVRe5MuI7x9fP8EB4YW5s+PQcdXXvtN35iAXO9BbxhXk04xgdsajZ3Ab6VeJd\nPfds7aRqlhRX+27lONysEPlYXhKyj3aqtsmQuPtuRnO2id/18PXXnN6mA5a9RpnD\nCizgMX0ykf+mS36TneZ7L7bkKuUIDn8eCm2WRtJujV+KBHIrABDLcmL/N7nK5gfn\nuf0UZHj7P3yy3jj5vkezqV0LEcpSfunmNTDDTog6+c0jEEmVWqkWlwZTeEW1qVY/\nXZOJeN5iz0fNWEIOBbKpq6Jec/TnN2MrvqrE1681bPOsfMTUiDpOILV2joePiYqd\nZuCKcLJ3fvlN2lTqvj5sdCSmDVA+5RafXOMYXyzFJHeWZJLD88YuATWap5vd+/tx\nfBy+5ZZ1cItG7WsaLvMNL6UKS/HGZXjeefqGMLpgPY90uace1gH/YSlJ8Xw7/k8q\nPtlP5vxunga+7ETaOhlqPeZaZ4g5HD5LyXv+pN5YwuB37QXvrQKCAQEA4TCHC0VB\nggWrlYrXytMNtL6rF7KM/PoAIXPpgciAN/TRqP5stNd4HKrVhThoyc433f0clUN/\njI9EpLiVaCT0V4Qq7r8uARKxD2dFE6qUxyIOqtvvFhDaXPdupLCnL/B1OXJzjCpc\ntq8rWImqlWMceD7NZuawNdagvFYZ/5Hvq1LZG9A+jOzZlcU7hyLLdC0RY7fQ8OjL\nV9tcrpxaa+RvOyI1diDbQWxdJs9oPehKyZWLsTEbn4XT7chrVAPpFuW4US4+ZMvv\nP0GGm4kd07OEoMcHpuQl7i2G/BbmtQF/3F21tuEEs4ndYFwSvB1eYaU/bj5G8286\nwnMyzBkfPZ1bBwKCAQEA1M+12D1Aoo2Y+B/qFJ88ETVljrnGBjb+5iKXCo+VBO8B\nF5xerfOBd37NzLWiALaDzFY+p4XEChFM/J7saWfWdNlZU0vL2w0WYDdPSBNzhk1+\nwm+/b32i+gbnE1Ide5JvT1gAwNzlUdMoDpZqAmULwzlU/vAVMLxGzmApJ13csE8w\nO5KdweXrG/xgBEDWkxmh6QJN4mjEwIXtvSpTu50hdSKC554dM+xfQXeCge+d03p+\nKPLnZzpsfbRayDrDbiw8cVXbF8Jn30IDCyRY8gq3EnjBsKCLCTNwvC7SSqHyT3j7\nGJ+cw+vU/p371bfmJr/88WlgpJJOahZKIGQwlUMyBwKCAQAf/IGiIzM74cxOkIs4\nXyQ6QT8SPaVzJZuxJMLNUYqM6DSDuaf9RAHmqIltw+Z2i9k5qgNOXGkYsR0B/MoU\nIfOnHrnuca96LYqC8ptIQNmjM3473MOoMbqiq+7Ga+VDlPdBsrUg+r9yn40bpWpa\nj9pyZhFNBYWQEC2CswQ8XiFaB4mZPsozwEzjzkE3X8TgeqpWrLx8C8UedKVElCbv\n3mHCV4iaf+5E67yLj7hx2rYMzjYqdBxFW4AP7YD5TRjlzLmSpmvsa19Pb+JL430e\nHgi/waWfmhadL1BWLHaWzWC5D4KJOIsvaWzNjCaJG+7VFeDdqvDvESSajDxx6zuZ\nx+kvAoIBAHcTGc66xzWtQRBk2xda2cNPO1oW/IRxtUKTzCuul1VBXj0V06xFegWg\nwApw/wqjFS/6eehGYqC3eXpIekOoREjxbJe8633P3ttLV2Me7x8QsYKeAGGjzNNV\nlWosIi8Iipu8w/8mGnIkUl+HLh3U6DX+GF7lexXf40aKa7yJOni0dmp+6SKbQWhR\nWHBIz0dTqlK0ZVvv/1cyGQolauCpVRUzkEeFIxXwhoQdGLsXlhnEil7jOzN5b0cO\n6VTr/Hni6pcH0SWEM5aqWwWa+uHDuRfu1YG88s7dJ5FEKYp0/x4UtXrbpF3D0VP+\nlfDJi0/XUPLLYbXz30hg3G0vYjfCd3UCggEBANS+VeqC5cBsNjJ+4RQCCeXwYTgs\nzdFwq9pzSwsrMpTBmUZZ+kVeyZfXsrFf53+YD5wBDfdykeA/81Pu5G5KDw5j5xiT\nowm5TVKs2i02UKz76kpMLAqt+pOJxf8d+FrVdOE56wCiDObk5yXhwmrRf0UQQPiX\nbzmYrWqkgT8kz8my1X8t6ZZF0NXayvrjpemBJH4HfRB1Fo+FWVFJWl8tjW83erkZ\nY3VtKzc338pJu/nBd1GIK1EpUVG8JgVse67+uct2TVXMkdpt9gq7eveulRG7sLZi\nkje8pMQdJstzh8h/sL0YgXORXbjnslYTxTvddlMTgDU4gtEH2IHwEhWIzA4=\n-----END RSA PRIVATE KEY-----\n",
            "private_key_pem_pkcs8": "-----BEGIN PRIVATE KEY-----\nMIIJQgIBADANBgkqhkiG9w0BAQEFAASCCSwwggkoAgEAAoICAQC7MuYIDcWUa0rx\nzqg7WOKJNpDpQk524Y8c1AzrnsrH0xrEeJuDNFu1We6IFvV78xvQEI7wOnXRzgI+\nzNyQ7Pl/XuVnW1ylvN6ofLMAaZRhifKWUW2GDhYmUJB8Y1OTSemlHUjP7J0njoDr\n9y5ySrL8sfv0dDDJsM9+mrdtDTGypG3QuSMhjTpBiUMsdSmUKChzXC0jxoYjCfEP\ncO+GMT/4xlQSVnG9WlDbkn1eh9CBlEo9L+c4BVKTrCsRkkHu/Sed5QOoumfFE71E\nd05KV9yPH9RFXodjpsCqBXUK/oVdVEjJncVhZuO+6hlBBDZ1Bfgavum6Ojru8g5V\nJYOdWtI/HMZf8geww717cDhgDRA36Cr+qZFTWOEG8qllB+R+TF99zpj2q13KnWqh\nXWiPUqF42hsz6g5wy856vR/6bbIYhSKsEQjSHskZx5Z5dLWtj5w+4hGBfL9hMWFC\ndvhNJMW8MwwykcInZFSm7lpIAiGjswWPA3gUbGH7fSrC6RgdzGBq/LjMrhg3r9OU\n71ZIHVnBW4w7xb28HpNaNEs8h7MfTFwRc3xxRWJE8px9SIVruf7k4d1NLgPlaJGB\nk3OqOcE/Qge9OqU1xkYFgMMm4bQ99aQKJMfGPNEv3o9nSJUyKOWMdkUItaYkhyE6\ncxOJKJ8ymXsmsQ5xuZ5udk1dUOnbMQIDAQABAoICADyQXBHQ+tJo4AdZd94zhJ8l\n8z40QJR/p0CJbmCwsCR0LR3Rc2bAgscqgFyxKNzgK2hmYwhfsYyeXOWae+W7dYD6\n37dPvKq2b0cNiRAiGGpyKfTuBUQwvIPK3uQPcpOdfyT3U35JrBKHLTiqcPFzL3NH\n1h8hlEM8m/T2808pzKFiR1EXBMGvImDfmscAZOJVF7ky4jvH18/wQHhhbmz49Bx1\nde+03fmIBc70FvGFeTTjGB2xqNncBvpV4l0992ztpGqWFFf7buU43KwQ+VheErKP\ndqq2yZC4+25Gc7aJ3/Xw9dec3qYDlr1GmcMKLOAxfTKR/6ZLfpOd5nsvtuQq5QgO\nfx4KbZZG0m6NX4oEcisAEMtyYv83ucrmB+e5/RRkePs/fLLeOPm+R7OpXQsRylJ+\n6eY1MMNOiDr5zSMQSZVaqRaXBlN4RbWpVj9dk4l43mLPR81YQg4Fsqmrol5z9Oc3\nYyu+qsTXrzVs86x8xNSIOk4gtXaOh4+Jip1m4Ipwsnd++U3aVOq+Pmx0JKYNUD7l\nFp9c4xhfLMUkd5ZkksPzxi4BNZqnm937+3F8HL7llnVwi0btaxou8w0vpQpL8cZl\neN55+oYwumA9j3S5px7WAf9hKUnxfDv+Tyo+2U/m/G6eBr7sRNo6GWo95lpniDkc\nPkvJe/6k3ljC4HftBe+tAoIBAQDhMIcLRUGCBauVitfK0w20vqsXsoz8+gAhc+mB\nyIA39NGo/my013gcqtWFOGjJzjfd/RyVQ3+Mj0SkuJVoJPRXhCruvy4BErEPZ0UT\nqpTHIg6q2+8WENpc926ksKcv8HU5cnOMKly2rytYiaqVYxx4Ps1m5rA11qC8Vhn/\nke+rUtkb0D6M7NmVxTuHIst0LRFjt9Dw6MtX21yunFpr5G87IjV2INtBbF0mz2g9\n6ErJlYuxMRufhdPtyGtUA+kW5bhRLj5ky+8/QYabiR3Ts4Sgxwem5CXuLYb8Fua1\nAX/cXbW24QSzid1gXBK8HV5hpT9uPkbzbzrCczLMGR89nVsHAoIBAQDUz7XYPUCi\njZj4H+oUnzwRNWWOucYGNv7mIpcKj5UE7wEXnF6t84F3fs3MtaIAtoPMVj6nhcQK\nEUz8nuxpZ9Z02VlTS8vbDRZgN09IE3OGTX7Cb79vfaL6BucTUh17km9PWADA3OVR\n0ygOlmoCZQvDOVT+8BUwvEbOYCknXdywTzA7kp3B5esb/GAEQNaTGaHpAk3iaMTA\nhe29KlO7nSF1IoLnnh0z7F9Bd4KB753Ten4o8udnOmx9tFrIOsNuLDxxVdsXwmff\nQgMLJFjyCrcSeMGwoIsJM3C8LtJKofJPePsYn5zD69T+nfvVt+Ymv/zxaWCkkk5q\nFkogZDCVQzIHAoIBAB/8gaIjMzvhzE6QizhfJDpBPxI9pXMlm7Ekws1RiozoNIO5\np/1EAeaoiW3D5naL2TmqA05caRixHQH8yhQh86ceue5xr3otioLym0hA2aMzfjvc\nw6gxuqKr7sZr5UOU90GytSD6v3KfjRulalqP2nJmEU0FhZAQLYKzBDxeIVoHiZk+\nyjPATOPOQTdfxOB6qlasvHwLxR50pUSUJu/eYcJXiJp/7kTrvIuPuHHatgzONip0\nHEVbgA/tgPlNGOXMuZKma+xrX09v4kvjfR4eCL/BpZ+aFp0vUFYsdpbNYLkPgok4\niy9pbM2MJokb7tUV4N2q8O8RJJqMPHHrO5nH6S8CggEAdxMZzrrHNa1BEGTbF1rZ\nw087Whb8hHG1QpPMK66XVUFePRXTrEV6BaDACnD/CqMVL/p56EZioLd5ekh6Q6hE\nSPFsl7zrfc/e20tXYx7vHxCxgp4AYaPM01WVaiwiLwiKm7zD/yYaciRSX4cuHdTo\nNf4YXuV7Fd/jRoprvIk6eLR2an7pIptBaFFYcEjPR1OqUrRlW+//VzIZCiVq4KlV\nFTOQR4UjFfCGhB0YuxeWGcSKXuM7M3lvRw7pVOv8eeLqlwfRJYQzlqpbBZr64cO5\nF+7Vgbzyzt0nkUQpinT/HhS1etukXcPRU/6V8MmLT9dQ8sthtfPfSGDcbS9iN8J3\ndQKCAQEA1L5V6oLlwGw2Mn7hFAIJ5fBhOCzN0XCr2nNLCysylMGZRln6RV7Jl9ey\nsV/nf5gPnAEN93KR4D/zU+7kbkoPDmPnGJOjCblNUqzaLTZQrPvqSkwsCq36k4nF\n/x34WtV04TnrAKIM5uTnJeHCatF/RRBA+JdvOZitaqSBPyTPybLVfy3plkXQ1drK\n+uOl6YEkfgd9EHUWj4VZUUlaXy2Nbzd6uRljdW0rNzffykm7+cF3UYgrUSlRUbwm\nBWx7rv65y3ZNVcyR2m32Crt6966VEbuwtmKSN7ykxB0my3OHyH+wvRiBc5FduOey\nVhPFO912UxOANTiC0QfYgfASFYjMDg==\n-----END PRIVATE KEY-----\n",
            "public_key_fingerprint_md5": "a1:bc:8a:96:c4:ff:4a:8c:94:44:71:63:cd:7a:a6:16",
            "public_key_fingerprint_sha256": "SHA256:piuh6A4EMMHOIrSbBb8oyP4zoZn4fhbA8k2NUfxqNjs",
            "public_key_openssh": "ssh-rsa AAAAB3NzaC1yc2EAAAADAQABAAACAQC7MuYIDcWUa0rxzqg7WOKJNpDpQk524Y8c1AzrnsrH0xrEeJuDNFu1We6IFvV78xvQEI7wOnXRzgI+zNyQ7Pl/XuVnW1ylvN6ofLMAaZRhifKWUW2GDhYmUJB8Y1OTSemlHUjP7J0njoDr9y5ySrL8sfv0dDDJsM9+mrdtDTGypG3QuSMhjTpBiUMsdSmUKChzXC0jxoYjCfEPcO+GMT/4xlQSVnG9WlDbkn1eh9CBlEo9L+c4BVKTrCsRkkHu/Sed5QOoumfFE71Ed05KV9yPH9RFXodjpsCqBXUK/oVdVEjJncVhZuO+6hlBBDZ1Bfgavum6Ojru8g5VJYOdWtI/HMZf8geww717cDhgDRA36Cr+qZFTWOEG8qllB+R+TF99zpj2q13KnWqhXWiPUqF42hsz6g5wy856vR/6bbIYhSKsEQjSHskZx5Z5dLWtj5w+4hGBfL9hMWFCdvhNJMW8MwwykcInZFSm7lpIAiGjswWPA3gUbGH7fSrC6RgdzGBq/LjMrhg3r9OU71ZIHVnBW4w7xb28HpNaNEs8h7MfTFwRc3xxRWJE8px9SIVruf7k4d1NLgPlaJGBk3OqOcE/Qge9OqU1xkYFgMMm4bQ99aQKJMfGPNEv3o9nSJUyKOWMdkUItaYkhyE6cxOJKJ8ymXsmsQ5xuZ5udk1dUOnbMQ==\n",
            "public_key_pem": "-----BEGIN PUBLIC KEY-----\nMIICIjANBgkqhkiG9w0BAQEFAAOCAg8AMIICCgKCAgEAuzLmCA3FlGtK8c6oO1ji\niTaQ6UJOduGPHNQM657Kx9MaxHibgzRbtVnuiBb1e/Mb0BCO8Dp10c4CPszckOz5\nf17lZ1tcpbzeqHyzAGmUYYnyllFthg4WJlCQfGNTk0nppR1Iz+ydJ46A6/cuckqy\n/LH79HQwybDPfpq3bQ0xsqRt0LkjIY06QYlDLHUplCgoc1wtI8aGIwnxD3DvhjE/\n+MZUElZxvVpQ25J9XofQgZRKPS/nOAVSk6wrEZJB7v0nneUDqLpnxRO9RHdOSlfc\njx/URV6HY6bAqgV1Cv6FXVRIyZ3FYWbjvuoZQQQ2dQX4Gr7pujo67vIOVSWDnVrS\nPxzGX/IHsMO9e3A4YA0QN+gq/qmRU1jhBvKpZQfkfkxffc6Y9qtdyp1qoV1oj1Kh\neNobM+oOcMvOer0f+m2yGIUirBEI0h7JGceWeXS1rY+cPuIRgXy/YTFhQnb4TSTF\nvDMMMpHCJ2RUpu5aSAIho7MFjwN4FGxh+30qwukYHcxgavy4zK4YN6/TlO9WSB1Z\nwVuMO8W9vB6TWjRLPIezH0xcEXN8cUViRPKcfUiFa7n+5OHdTS4D5WiRgZNzqjnB\nP0IHvTqlNcZGBYDDJuG0PfWkCiTHxjzRL96PZ0iVMijljHZFCLWmJIchOnMTiSif\nMpl7JrEOcbmebnZNXVDp2zECAwEAAQ==\n-----END PUBLIC KEY-----\n",
            "rsa_bits": 4096
          },
          "sensitive_attributes": [
            [
              {
                "type": "get_attr",
                "value": "private_key_pem_pkcs8"
              }
            ],
            [
              {
                "type": "get_attr",
                "value": "private_key_pem"
              }
            ],
            [
              {
                "type": "get_attr",
                "value": "private_key_openssh"
              }
            ]
          ]
        }
      ]
    },
    {
      "module": "module.vpc",
      "mode": "managed",
      "type": "aws_default_network_acl",
      "name": "this",
      "provider": "provider[\"registry.terraform.io/hashicorp/aws\"]",
      "instances": [
        {
          "index_key": 0,
          "schema_version": 0,
          "attributes": {
            "arn": "arn:aws:ec2:eu-central-1:950487945443:network-acl/acl-028eeabba3400c39f",
            "default_network_acl_id": "acl-028eeabba3400c39f",
            "egress": [
              {
                "action": "allow",
                "cidr_block": "",
                "from_port": 0,
                "icmp_code": 0,
                "icmp_type": 0,
                "ipv6_cidr_block": "::/0",
                "protocol": "-1",
                "rule_no": 101,
                "to_port": 0
              },
              {
                "action": "allow",
                "cidr_block": "0.0.0.0/0",
                "from_port": 0,
                "icmp_code": 0,
                "icmp_type": 0,
                "ipv6_cidr_block": "",
                "protocol": "-1",
                "rule_no": 100,
                "to_port": 0
              }
            ],
            "id": "acl-028eeabba3400c39f",
            "ingress": [
              {
                "action": "allow",
                "cidr_block": "",
                "from_port": 0,
                "icmp_code": 0,
                "icmp_type": 0,
                "ipv6_cidr_block": "::/0",
                "protocol": "-1",
                "rule_no": 101,
                "to_port": 0
              },
              {
                "action": "allow",
                "cidr_block": "0.0.0.0/0",
                "from_port": 0,
                "icmp_code": 0,
                "icmp_type": 0,
                "ipv6_cidr_block": "",
                "protocol": "-1",
                "rule_no": 100,
                "to_port": 0
              }
            ],
            "owner_id": "950487945443",
            "subnet_ids": [
              "subnet-00cb3a2ea41cb843c",
              "subnet-04c5e61d345f9d3bf",
              "subnet-05fe54f496a6a3e51",
              "subnet-0e4d0328122e207d0"
            ],
            "tags": {
              "Environment": "dev",
              "Name": "wordpress-default",
              "Terraform": "true"
            },
            "tags_all": {
              "Environment": "dev",
              "Name": "wordpress-default",
              "Terraform": "true"
            },
            "vpc_id": "vpc-078a5ca2014039d03"
          },
          "sensitive_attributes": [],
          "private": "bnVsbA==",
          "dependencies": [
            "module.vpc.aws_vpc.this"
          ]
        }
      ]
    },
    {
      "module": "module.vpc",
      "mode": "managed",
      "type": "aws_default_route_table",
      "name": "default",
      "provider": "provider[\"registry.terraform.io/hashicorp/aws\"]",
      "instances": [
        {
          "index_key": 0,
          "schema_version": 0,
          "attributes": {
            "arn": "arn:aws:ec2:eu-central-1:950487945443:route-table/rtb-080c8e8ce3d2dce73",
            "default_route_table_id": "rtb-080c8e8ce3d2dce73",
            "id": "rtb-080c8e8ce3d2dce73",
            "owner_id": "950487945443",
            "propagating_vgws": [],
            "route": [],
            "tags": {
              "Environment": "dev",
              "Name": "wordpress-default",
              "Terraform": "true"
            },
            "tags_all": {
              "Environment": "dev",
              "Name": "wordpress-default",
              "Terraform": "true"
            },
            "timeouts": {
              "create": "5m",
              "update": "5m"
            },
            "vpc_id": "vpc-078a5ca2014039d03"
          },
          "sensitive_attributes": [],
          "private": "eyJlMmJmYjczMC1lY2FhLTExZTYtOGY4OC0zNDM2M2JjN2M0YzAiOnsiY3JlYXRlIjozMDAwMDAwMDAwMDAsInVwZGF0ZSI6MzAwMDAwMDAwMDAwfX0=",
          "dependencies": [
            "module.vpc.aws_vpc.this"
          ]
        }
      ]
    },
    {
      "module": "module.vpc",
      "mode": "managed",
      "type": "aws_default_security_group",
      "name": "this",
      "provider": "provider[\"registry.terraform.io/hashicorp/aws\"]",
      "instances": [
        {
          "index_key": 0,
          "schema_version": 1,
          "attributes": {
            "arn": "arn:aws:ec2:eu-central-1:950487945443:security-group/sg-00e15594eac3c8f24",
            "description": "default VPC security group",
            "egress": [],
            "id": "sg-00e15594eac3c8f24",
            "ingress": [],
            "name": "default",
            "name_prefix": "",
            "owner_id": "950487945443",
            "revoke_rules_on_delete": false,
            "tags": {
              "Environment": "dev",
              "Name": "wordpress-default",
              "Terraform": "true"
            },
            "tags_all": {
              "Environment": "dev",
              "Name": "wordpress-default",
              "Terraform": "true"
            },
            "vpc_id": "vpc-078a5ca2014039d03"
          },
          "sensitive_attributes": [],
          "private": "eyJzY2hlbWFfdmVyc2lvbiI6IjEifQ==",
          "dependencies": [
            "module.vpc.aws_vpc.this"
          ]
        }
      ]
    },
    {
      "module": "module.vpc",
      "mode": "managed",
      "type": "aws_eip",
      "name": "nat",
      "provider": "provider[\"registry.terraform.io/hashicorp/aws\"]",
      "instances": [
        {
          "index_key": 0,
          "schema_version": 0,
          "attributes": {
            "address": null,
            "allocation_id": "eipalloc-0fdb025916dcf0b9a",
            "arn": "arn:aws:ec2:eu-central-1:950487945443:elastic-ip/eipalloc-0fdb025916dcf0b9a",
            "associate_with_private_ip": null,
            "association_id": "eipassoc-084b7db8c88bbba84",
            "carrier_ip": "",
            "customer_owned_ip": "",
            "customer_owned_ipv4_pool": "",
            "domain": "vpc",
            "id": "eipalloc-0fdb025916dcf0b9a",
            "instance": "",
            "ipam_pool_id": null,
            "network_border_group": "eu-central-1",
            "network_interface": "eni-0e5b815c4221253b9",
            "private_dns": "ip-10-0-1-44.eu-central-1.compute.internal",
            "private_ip": "10.0.1.44",
            "ptr_record": "",
            "public_dns": "ec2-3-64-38-237.eu-central-1.compute.amazonaws.com",
            "public_ip": "3.64.38.237",
            "public_ipv4_pool": "amazon",
            "tags": {
              "Environment": "dev",
              "Name": "wordpress-eu-central-1a",
              "Terraform": "true"
            },
            "tags_all": {
              "Environment": "dev",
              "Name": "wordpress-eu-central-1a",
              "Terraform": "true"
            },
            "timeouts": null,
            "vpc": true
          },
          "sensitive_attributes": [],
          "private": "eyJlMmJmYjczMC1lY2FhLTExZTYtOGY4OC0zNDM2M2JjN2M0YzAiOnsiZGVsZXRlIjoxODAwMDAwMDAwMDAsInJlYWQiOjkwMDAwMDAwMDAwMCwidXBkYXRlIjozMDAwMDAwMDAwMDB9fQ==",
          "dependencies": [
            "module.vpc.aws_internet_gateway.this",
            "module.vpc.aws_vpc.this",
            "module.vpc.aws_vpc_ipv4_cidr_block_association.this"
          ]
        }
      ]
    },
    {
      "module": "module.vpc",
      "mode": "managed",
      "type": "aws_internet_gateway",
      "name": "this",
      "provider": "provider[\"registry.terraform.io/hashicorp/aws\"]",
      "instances": [
        {
          "index_key": 0,
          "schema_version": 0,
          "attributes": {
            "arn": "arn:aws:ec2:eu-central-1:950487945443:internet-gateway/igw-001f92ffe0f0eefb3",
            "id": "igw-001f92ffe0f0eefb3",
            "owner_id": "950487945443",
            "tags": {
              "Environment": "dev",
              "Name": "wordpress",
              "Terraform": "true"
            },
            "tags_all": {
              "Environment": "dev",
              "Name": "wordpress",
              "Terraform": "true"
            },
            "timeouts": null,
            "vpc_id": "vpc-078a5ca2014039d03"
          },
          "sensitive_attributes": [],
          "private": "eyJlMmJmYjczMC1lY2FhLTExZTYtOGY4OC0zNDM2M2JjN2M0YzAiOnsiY3JlYXRlIjoxMjAwMDAwMDAwMDAwLCJkZWxldGUiOjEyMDAwMDAwMDAwMDAsInVwZGF0ZSI6MTIwMDAwMDAwMDAwMH19",
          "dependencies": [
            "module.vpc.aws_vpc.this",
            "module.vpc.aws_vpc_ipv4_cidr_block_association.this"
          ]
        }
      ]
    },
    {
      "module": "module.vpc",
      "mode": "managed",
      "type": "aws_nat_gateway",
      "name": "this",
      "provider": "provider[\"registry.terraform.io/hashicorp/aws\"]",
      "instances": [
        {
          "index_key": 0,
          "schema_version": 0,
          "attributes": {
            "allocation_id": "eipalloc-0fdb025916dcf0b9a",
            "association_id": "eipassoc-084b7db8c88bbba84",
            "connectivity_type": "public",
            "id": "nat-09b586a8bf0a3181b",
            "network_interface_id": "eni-0e5b815c4221253b9",
            "private_ip": "10.0.1.44",
            "public_ip": "3.64.38.237",
            "secondary_allocation_ids": [],
            "secondary_private_ip_address_count": 0,
            "secondary_private_ip_addresses": [],
            "subnet_id": "subnet-05fe54f496a6a3e51",
            "tags": {
              "Environment": "dev",
              "Name": "wordpress-eu-central-1a",
              "Terraform": "true"
            },
            "tags_all": {
              "Environment": "dev",
              "Name": "wordpress-eu-central-1a",
              "Terraform": "true"
            },
            "timeouts": null
          },
          "sensitive_attributes": [],
          "private": "eyJlMmJmYjczMC1lY2FhLTExZTYtOGY4OC0zNDM2M2JjN2M0YzAiOnsiY3JlYXRlIjo2MDAwMDAwMDAwMDAsImRlbGV0ZSI6MTgwMDAwMDAwMDAwMCwidXBkYXRlIjo2MDAwMDAwMDAwMDB9fQ==",
          "dependencies": [
            "module.vpc.aws_eip.nat",
            "module.vpc.aws_internet_gateway.this",
            "module.vpc.aws_subnet.public",
            "module.vpc.aws_vpc.this",
            "module.vpc.aws_vpc_ipv4_cidr_block_association.this"
          ]
        }
      ]
    },
    {
      "module": "module.vpc",
      "mode": "managed",
      "type": "aws_route",
      "name": "private_nat_gateway",
      "provider": "provider[\"registry.terraform.io/hashicorp/aws\"]",
      "instances": [
        {
          "index_key": 0,
          "schema_version": 0,
          "attributes": {
            "carrier_gateway_id": "",
            "core_network_arn": "",
            "destination_cidr_block": "0.0.0.0/0",
            "destination_ipv6_cidr_block": "",
            "destination_prefix_list_id": "",
            "egress_only_gateway_id": "",
            "gateway_id": "",
            "id": "r-rtb-0b65b307eb17991551080289494",
            "instance_id": "",
            "instance_owner_id": "",
            "local_gateway_id": "",
            "nat_gateway_id": "nat-09b586a8bf0a3181b",
            "network_interface_id": "",
            "origin": "CreateRoute",
            "route_table_id": "rtb-0b65b307eb1799155",
            "state": "active",
            "timeouts": {
              "create": "5m",
              "delete": null,
              "update": null
            },
            "transit_gateway_id": "",
            "vpc_endpoint_id": "",
            "vpc_peering_connection_id": ""
          },
          "sensitive_attributes": [],
          "private": "eyJlMmJmYjczMC1lY2FhLTExZTYtOGY4OC0zNDM2M2JjN2M0YzAiOnsiY3JlYXRlIjozMDAwMDAwMDAwMDAsImRlbGV0ZSI6MzAwMDAwMDAwMDAwLCJ1cGRhdGUiOjEyMDAwMDAwMDAwMH19",
          "dependencies": [
            "module.vpc.aws_eip.nat",
            "module.vpc.aws_internet_gateway.this",
            "module.vpc.aws_nat_gateway.this",
            "module.vpc.aws_route_table.private",
            "module.vpc.aws_subnet.public",
            "module.vpc.aws_vpc.this",
            "module.vpc.aws_vpc_ipv4_cidr_block_association.this"
          ]
        }
      ]
    },
    {
      "module": "module.vpc",
      "mode": "managed",
      "type": "aws_route",
      "name": "public_internet_gateway",
      "provider": "provider[\"registry.terraform.io/hashicorp/aws\"]",
      "instances": [
        {
          "index_key": 0,
          "schema_version": 0,
          "attributes": {
            "carrier_gateway_id": "",
            "core_network_arn": "",
            "destination_cidr_block": "0.0.0.0/0",
            "destination_ipv6_cidr_block": "",
            "destination_prefix_list_id": "",
            "egress_only_gateway_id": "",
            "gateway_id": "igw-001f92ffe0f0eefb3",
            "id": "r-rtb-06797df02947f56f11080289494",
            "instance_id": "",
            "instance_owner_id": "",
            "local_gateway_id": "",
            "nat_gateway_id": "",
            "network_interface_id": "",
            "origin": "CreateRoute",
            "route_table_id": "rtb-06797df02947f56f1",
            "state": "active",
            "timeouts": {
              "create": "5m",
              "delete": null,
              "update": null
            },
            "transit_gateway_id": "",
            "vpc_endpoint_id": "",
            "vpc_peering_connection_id": ""
          },
          "sensitive_attributes": [],
          "private": "eyJlMmJmYjczMC1lY2FhLTExZTYtOGY4OC0zNDM2M2JjN2M0YzAiOnsiY3JlYXRlIjozMDAwMDAwMDAwMDAsImRlbGV0ZSI6MzAwMDAwMDAwMDAwLCJ1cGRhdGUiOjEyMDAwMDAwMDAwMH19",
          "dependencies": [
            "module.vpc.aws_internet_gateway.this",
            "module.vpc.aws_route_table.public",
            "module.vpc.aws_vpc.this",
            "module.vpc.aws_vpc_ipv4_cidr_block_association.this"
          ]
        }
      ]
    },
    {
      "module": "module.vpc",
      "mode": "managed",
      "type": "aws_route_table",
      "name": "private",
      "provider": "provider[\"registry.terraform.io/hashicorp/aws\"]",
      "instances": [
        {
          "index_key": 0,
          "schema_version": 0,
          "attributes": {
            "arn": "arn:aws:ec2:eu-central-1:950487945443:route-table/rtb-0b65b307eb1799155",
            "id": "rtb-0b65b307eb1799155",
            "owner_id": "950487945443",
            "propagating_vgws": [],
            "route": [
              {
                "carrier_gateway_id": "",
                "cidr_block": "0.0.0.0/0",
                "core_network_arn": "",
                "destination_prefix_list_id": "",
                "egress_only_gateway_id": "",
                "gateway_id": "",
                "ipv6_cidr_block": "",
                "local_gateway_id": "",
                "nat_gateway_id": "nat-09b586a8bf0a3181b",
                "network_interface_id": "",
                "transit_gateway_id": "",
                "vpc_endpoint_id": "",
                "vpc_peering_connection_id": ""
              }
            ],
            "tags": {
              "Environment": "dev",
              "Name": "wordpress-private",
              "Terraform": "true"
            },
            "tags_all": {
              "Environment": "dev",
              "Name": "wordpress-private",
              "Terraform": "true"
            },
            "timeouts": null,
            "vpc_id": "vpc-078a5ca2014039d03"
          },
          "sensitive_attributes": [],
          "private": "eyJlMmJmYjczMC1lY2FhLTExZTYtOGY4OC0zNDM2M2JjN2M0YzAiOnsiY3JlYXRlIjozMDAwMDAwMDAwMDAsImRlbGV0ZSI6MzAwMDAwMDAwMDAwLCJ1cGRhdGUiOjEyMDAwMDAwMDAwMH19",
          "dependencies": [
            "module.vpc.aws_vpc.this",
            "module.vpc.aws_vpc_ipv4_cidr_block_association.this"
          ]
        }
      ]
    },
    {
      "module": "module.vpc",
      "mode": "managed",
      "type": "aws_route_table",
      "name": "public",
      "provider": "provider[\"registry.terraform.io/hashicorp/aws\"]",
      "instances": [
        {
          "index_key": 0,
          "schema_version": 0,
          "attributes": {
            "arn": "arn:aws:ec2:eu-central-1:950487945443:route-table/rtb-06797df02947f56f1",
            "id": "rtb-06797df02947f56f1",
            "owner_id": "950487945443",
            "propagating_vgws": [],
            "route": [
              {
                "carrier_gateway_id": "",
                "cidr_block": "0.0.0.0/0",
                "core_network_arn": "",
                "destination_prefix_list_id": "",
                "egress_only_gateway_id": "",
                "gateway_id": "igw-001f92ffe0f0eefb3",
                "ipv6_cidr_block": "",
                "local_gateway_id": "",
                "nat_gateway_id": "",
                "network_interface_id": "",
                "transit_gateway_id": "",
                "vpc_endpoint_id": "",
                "vpc_peering_connection_id": ""
              }
            ],
            "tags": {
              "Environment": "dev",
              "Name": "wordpress-public",
              "Terraform": "true"
            },
            "tags_all": {
              "Environment": "dev",
              "Name": "wordpress-public",
              "Terraform": "true"
            },
            "timeouts": null,
            "vpc_id": "vpc-078a5ca2014039d03"
          },
          "sensitive_attributes": [],
          "private": "eyJlMmJmYjczMC1lY2FhLTExZTYtOGY4OC0zNDM2M2JjN2M0YzAiOnsiY3JlYXRlIjozMDAwMDAwMDAwMDAsImRlbGV0ZSI6MzAwMDAwMDAwMDAwLCJ1cGRhdGUiOjEyMDAwMDAwMDAwMH19",
          "dependencies": [
            "module.vpc.aws_vpc.this",
            "module.vpc.aws_vpc_ipv4_cidr_block_association.this"
          ]
        }
      ]
    },
    {
      "module": "module.vpc",
      "mode": "managed",
      "type": "aws_route_table_association",
      "name": "private",
      "provider": "provider[\"registry.terraform.io/hashicorp/aws\"]",
      "instances": [
        {
          "index_key": 0,
          "schema_version": 0,
          "attributes": {
            "gateway_id": "",
            "id": "rtbassoc-0d31dfb2c1d4df1ea",
            "route_table_id": "rtb-0b65b307eb1799155",
            "subnet_id": "subnet-04c5e61d345f9d3bf",
            "timeouts": null
          },
          "sensitive_attributes": [],
          "private": "eyJlMmJmYjczMC1lY2FhLTExZTYtOGY4OC0zNDM2M2JjN2M0YzAiOnsiY3JlYXRlIjozMDAwMDAwMDAwMDAsImRlbGV0ZSI6MzAwMDAwMDAwMDAwLCJ1cGRhdGUiOjEyMDAwMDAwMDAwMH19",
          "dependencies": [
            "module.vpc.aws_route_table.private",
            "module.vpc.aws_subnet.private",
            "module.vpc.aws_vpc.this",
            "module.vpc.aws_vpc_ipv4_cidr_block_association.this"
          ]
        },
        {
          "index_key": 1,
          "schema_version": 0,
          "attributes": {
            "gateway_id": "",
            "id": "rtbassoc-00ee347f625370bac",
            "route_table_id": "rtb-0b65b307eb1799155",
            "subnet_id": "subnet-0e4d0328122e207d0",
            "timeouts": null
          },
          "sensitive_attributes": [],
          "private": "eyJlMmJmYjczMC1lY2FhLTExZTYtOGY4OC0zNDM2M2JjN2M0YzAiOnsiY3JlYXRlIjozMDAwMDAwMDAwMDAsImRlbGV0ZSI6MzAwMDAwMDAwMDAwLCJ1cGRhdGUiOjEyMDAwMDAwMDAwMH19",
          "dependencies": [
            "module.vpc.aws_route_table.private",
            "module.vpc.aws_subnet.private",
            "module.vpc.aws_vpc.this",
            "module.vpc.aws_vpc_ipv4_cidr_block_association.this"
          ]
        }
      ]
    },
    {
      "module": "module.vpc",
      "mode": "managed",
      "type": "aws_route_table_association",
      "name": "public",
      "provider": "provider[\"registry.terraform.io/hashicorp/aws\"]",
      "instances": [
        {
          "index_key": 0,
          "schema_version": 0,
          "attributes": {
            "gateway_id": "",
            "id": "rtbassoc-027b1787f49cc48fa",
            "route_table_id": "rtb-06797df02947f56f1",
            "subnet_id": "subnet-05fe54f496a6a3e51",
            "timeouts": null
          },
          "sensitive_attributes": [],
          "private": "eyJlMmJmYjczMC1lY2FhLTExZTYtOGY4OC0zNDM2M2JjN2M0YzAiOnsiY3JlYXRlIjozMDAwMDAwMDAwMDAsImRlbGV0ZSI6MzAwMDAwMDAwMDAwLCJ1cGRhdGUiOjEyMDAwMDAwMDAwMH19",
          "dependencies": [
            "module.vpc.aws_route_table.public",
            "module.vpc.aws_subnet.public",
            "module.vpc.aws_vpc.this",
            "module.vpc.aws_vpc_ipv4_cidr_block_association.this"
          ]
        },
        {
          "index_key": 1,
          "schema_version": 0,
          "attributes": {
            "gateway_id": "",
            "id": "rtbassoc-05ec7b67409cba1ae",
            "route_table_id": "rtb-06797df02947f56f1",
            "subnet_id": "subnet-00cb3a2ea41cb843c",
            "timeouts": null
          },
          "sensitive_attributes": [],
          "private": "eyJlMmJmYjczMC1lY2FhLTExZTYtOGY4OC0zNDM2M2JjN2M0YzAiOnsiY3JlYXRlIjozMDAwMDAwMDAwMDAsImRlbGV0ZSI6MzAwMDAwMDAwMDAwLCJ1cGRhdGUiOjEyMDAwMDAwMDAwMH19",
          "dependencies": [
            "module.vpc.aws_route_table.public",
            "module.vpc.aws_subnet.public",
            "module.vpc.aws_vpc.this",
            "module.vpc.aws_vpc_ipv4_cidr_block_association.this"
          ]
        }
      ]
    },
    {
      "module": "module.vpc",
      "mode": "managed",
      "type": "aws_subnet",
      "name": "private",
      "provider": "provider[\"registry.terraform.io/hashicorp/aws\"]",
      "instances": [
        {
          "index_key": 0,
          "schema_version": 1,
          "attributes": {
            "arn": "arn:aws:ec2:eu-central-1:950487945443:subnet/subnet-04c5e61d345f9d3bf",
            "assign_ipv6_address_on_creation": false,
            "availability_zone": "eu-central-1a",
            "availability_zone_id": "euc1-az2",
            "cidr_block": "10.0.11.0/24",
            "customer_owned_ipv4_pool": "",
            "enable_dns64": false,
            "enable_lni_at_device_index": 0,
            "enable_resource_name_dns_a_record_on_launch": false,
            "enable_resource_name_dns_aaaa_record_on_launch": false,
            "id": "subnet-04c5e61d345f9d3bf",
            "ipv6_cidr_block": "",
            "ipv6_cidr_block_association_id": "",
            "ipv6_native": false,
            "map_customer_owned_ip_on_launch": false,
            "map_public_ip_on_launch": false,
            "outpost_arn": "",
            "owner_id": "950487945443",
            "private_dns_hostname_type_on_launch": "ip-name",
            "tags": {
              "Environment": "dev",
              "Name": "wordpress-private-eu-central-1a",
              "Terraform": "true"
            },
            "tags_all": {
              "Environment": "dev",
              "Name": "wordpress-private-eu-central-1a",
              "Terraform": "true"
            },
            "timeouts": null,
            "vpc_id": "vpc-078a5ca2014039d03"
          },
          "sensitive_attributes": [],
          "private": "eyJlMmJmYjczMC1lY2FhLTExZTYtOGY4OC0zNDM2M2JjN2M0YzAiOnsiY3JlYXRlIjo2MDAwMDAwMDAwMDAsImRlbGV0ZSI6MTIwMDAwMDAwMDAwMH0sInNjaGVtYV92ZXJzaW9uIjoiMSJ9",
          "dependencies": [
            "module.vpc.aws_vpc.this",
            "module.vpc.aws_vpc_ipv4_cidr_block_association.this"
          ]
        },
        {
          "index_key": 1,
          "schema_version": 1,
          "attributes": {
            "arn": "arn:aws:ec2:eu-central-1:950487945443:subnet/subnet-0e4d0328122e207d0",
            "assign_ipv6_address_on_creation": false,
            "availability_zone": "eu-central-1b",
            "availability_zone_id": "euc1-az3",
            "cidr_block": "10.0.12.0/24",
            "customer_owned_ipv4_pool": "",
            "enable_dns64": false,
            "enable_lni_at_device_index": 0,
            "enable_resource_name_dns_a_record_on_launch": false,
            "enable_resource_name_dns_aaaa_record_on_launch": false,
            "id": "subnet-0e4d0328122e207d0",
            "ipv6_cidr_block": "",
            "ipv6_cidr_block_association_id": "",
            "ipv6_native": false,
            "map_customer_owned_ip_on_launch": false,
            "map_public_ip_on_launch": false,
            "outpost_arn": "",
            "owner_id": "950487945443",
            "private_dns_hostname_type_on_launch": "ip-name",
            "tags": {
              "Environment": "dev",
              "Name": "wordpress-private-eu-central-1b",
              "Terraform": "true"
            },
            "tags_all": {
              "Environment": "dev",
              "Name": "wordpress-private-eu-central-1b",
              "Terraform": "true"
            },
            "timeouts": null,
            "vpc_id": "vpc-078a5ca2014039d03"
          },
          "sensitive_attributes": [],
          "private": "eyJlMmJmYjczMC1lY2FhLTExZTYtOGY4OC0zNDM2M2JjN2M0YzAiOnsiY3JlYXRlIjo2MDAwMDAwMDAwMDAsImRlbGV0ZSI6MTIwMDAwMDAwMDAwMH0sInNjaGVtYV92ZXJzaW9uIjoiMSJ9",
          "dependencies": [
            "module.vpc.aws_vpc.this",
            "module.vpc.aws_vpc_ipv4_cidr_block_association.this"
          ]
        }
      ]
    },
    {
      "module": "module.vpc",
      "mode": "managed",
      "type": "aws_subnet",
      "name": "public",
      "provider": "provider[\"registry.terraform.io/hashicorp/aws\"]",
      "instances": [
        {
          "index_key": 0,
          "schema_version": 1,
          "attributes": {
            "arn": "arn:aws:ec2:eu-central-1:950487945443:subnet/subnet-05fe54f496a6a3e51",
            "assign_ipv6_address_on_creation": false,
            "availability_zone": "eu-central-1a",
            "availability_zone_id": "euc1-az2",
            "cidr_block": "10.0.1.0/24",
            "customer_owned_ipv4_pool": "",
            "enable_dns64": false,
            "enable_lni_at_device_index": 0,
            "enable_resource_name_dns_a_record_on_launch": false,
            "enable_resource_name_dns_aaaa_record_on_launch": false,
            "id": "subnet-05fe54f496a6a3e51",
            "ipv6_cidr_block": "",
            "ipv6_cidr_block_association_id": "",
            "ipv6_native": false,
            "map_customer_owned_ip_on_launch": false,
            "map_public_ip_on_launch": false,
            "outpost_arn": "",
            "owner_id": "950487945443",
            "private_dns_hostname_type_on_launch": "ip-name",
            "tags": {
              "Environment": "dev",
              "Name": "wordpress-public-eu-central-1a",
              "Terraform": "true"
            },
            "tags_all": {
              "Environment": "dev",
              "Name": "wordpress-public-eu-central-1a",
              "Terraform": "true"
            },
            "timeouts": null,
            "vpc_id": "vpc-078a5ca2014039d03"
          },
          "sensitive_attributes": [],
          "private": "eyJlMmJmYjczMC1lY2FhLTExZTYtOGY4OC0zNDM2M2JjN2M0YzAiOnsiY3JlYXRlIjo2MDAwMDAwMDAwMDAsImRlbGV0ZSI6MTIwMDAwMDAwMDAwMH0sInNjaGVtYV92ZXJzaW9uIjoiMSJ9",
          "dependencies": [
            "module.vpc.aws_vpc.this",
            "module.vpc.aws_vpc_ipv4_cidr_block_association.this"
          ]
        },
        {
          "index_key": 1,
          "schema_version": 1,
          "attributes": {
            "arn": "arn:aws:ec2:eu-central-1:950487945443:subnet/subnet-00cb3a2ea41cb843c",
            "assign_ipv6_address_on_creation": false,
            "availability_zone": "eu-central-1b",
            "availability_zone_id": "euc1-az3",
            "cidr_block": "10.0.2.0/24",
            "customer_owned_ipv4_pool": "",
            "enable_dns64": false,
            "enable_lni_at_device_index": 0,
            "enable_resource_name_dns_a_record_on_launch": false,
            "enable_resource_name_dns_aaaa_record_on_launch": false,
            "id": "subnet-00cb3a2ea41cb843c",
            "ipv6_cidr_block": "",
            "ipv6_cidr_block_association_id": "",
            "ipv6_native": false,
            "map_customer_owned_ip_on_launch": false,
            "map_public_ip_on_launch": false,
            "outpost_arn": "",
            "owner_id": "950487945443",
            "private_dns_hostname_type_on_launch": "ip-name",
            "tags": {
              "Environment": "dev",
              "Name": "wordpress-public-eu-central-1b",
              "Terraform": "true"
            },
            "tags_all": {
              "Environment": "dev",
              "Name": "wordpress-public-eu-central-1b",
              "Terraform": "true"
            },
            "timeouts": null,
            "vpc_id": "vpc-078a5ca2014039d03"
          },
          "sensitive_attributes": [],
          "private": "eyJlMmJmYjczMC1lY2FhLTExZTYtOGY4OC0zNDM2M2JjN2M0YzAiOnsiY3JlYXRlIjo2MDAwMDAwMDAwMDAsImRlbGV0ZSI6MTIwMDAwMDAwMDAwMH0sInNjaGVtYV92ZXJzaW9uIjoiMSJ9",
          "dependencies": [
            "module.vpc.aws_vpc.this",
            "module.vpc.aws_vpc_ipv4_cidr_block_association.this"
          ]
        }
      ]
    },
    {
      "module": "module.vpc",
      "mode": "managed",
      "type": "aws_vpc",
      "name": "this",
      "provider": "provider[\"registry.terraform.io/hashicorp/aws\"]",
      "instances": [
        {
          "index_key": 0,
          "schema_version": 1,
          "attributes": {
            "arn": "arn:aws:ec2:eu-central-1:950487945443:vpc/vpc-078a5ca2014039d03",
            "assign_generated_ipv6_cidr_block": false,
            "cidr_block": "10.0.0.0/16",
            "default_network_acl_id": "acl-028eeabba3400c39f",
            "default_route_table_id": "rtb-080c8e8ce3d2dce73",
            "default_security_group_id": "sg-00e15594eac3c8f24",
            "dhcp_options_id": "dopt-00f01e80c323508bb",
            "enable_dns_hostnames": true,
            "enable_dns_support": true,
            "enable_network_address_usage_metrics": false,
            "id": "vpc-078a5ca2014039d03",
            "instance_tenancy": "default",
            "ipv4_ipam_pool_id": null,
            "ipv4_netmask_length": null,
            "ipv6_association_id": "",
            "ipv6_cidr_block": "",
            "ipv6_cidr_block_network_border_group": "",
            "ipv6_ipam_pool_id": "",
            "ipv6_netmask_length": 0,
            "main_route_table_id": "rtb-080c8e8ce3d2dce73",
            "owner_id": "950487945443",
            "tags": {
              "Environment": "dev",
              "Name": "wordpress",
              "Terraform": "true"
            },
            "tags_all": {
              "Environment": "dev",
              "Name": "wordpress",
              "Terraform": "true"
            }
          },
          "sensitive_attributes": [],
          "private": "eyJzY2hlbWFfdmVyc2lvbiI6IjEifQ=="
        }
      ]
    }
  ],
  "check_results": null
}
