{
  "version": 4,
  "terraform_version": "1.11.3",
  "serial": 960,
  "lineage": "d37dc325-59f1-94a4-c5d3-3be290d5bf36",
  "outputs": {
    "wordpress_alb_home_url": {
      "value": "https://wordpress-lb-1698109793.eu-central-1.elb.amazonaws.com/",
      "type": "string"
    },
    "wordpress_alb_home_url_redirects_to_domain": {
      "value": "https://wordpress-lb-1698109793.eu-central-1.elb.amazonaws.com → https://wordpress.stefankaa.com",
      "type": "string"
    },
    "wordpress_auto_login_url_secure": {
      "value": "https://wordpress.stefankaa.com/wp-auto-login.php?token=DsfgtwesfdvcbddsFFGDSGD4321",
      "type": "string"
    },
    "wordpress_url": {
      "value": "https://wordpress.stefankaa.com",
      "type": "string"
    }
  },
  "resources": [
    {
      "mode": "data",
      "type": "aws_route53_zone",
      "name": "primary",
      "provider": "provider[\"registry.terraform.io/hashicorp/aws\"]",
      "instances": [
        {
          "schema_version": 0,
          "attributes": {
            "arn": "arn:aws:route53:::hostedzone/Z05158402RI2DG58NCLV5",
            "caller_reference": "RISWorkflow-RD:6240277b-f58d-4933-897b-8f1d7bfec4f8",
            "comment": "HostedZone created by Route53 Registrar",
            "id": "Z05158402RI2DG58NCLV5",
            "linked_service_description": null,
            "linked_service_principal": null,
            "name": "stefankaa.com",
            "name_servers": [
              "ns-896.awsdns-48.net",
              "ns-190.awsdns-23.com",
              "ns-1762.awsdns-28.co.uk",
              "ns-1231.awsdns-25.org"
            ],
            "primary_name_server": "ns-896.awsdns-48.net",
            "private_zone": false,
            "resource_record_set_count": 5,
            "tags": {},
            "vpc_id": null,
            "zone_id": "Z05158402RI2DG58NCLV5"
          },
          "sensitive_attributes": []
        }
      ]
    },
    {
      "mode": "data",
      "type": "template_file",
      "name": "user_data",
      "provider": "provider[\"registry.terraform.io/hashicorp/template\"]",
      "instances": [
        {
          "schema_version": 0,
          "attributes": {
            "filename": null,
            "id": "f0607072032b6b46e2967d7b89e41db55992c6f745a7b6207ea327d8882f818f",
            "rendered": "#!/bin/bash\n# Update and install necessary packages\nyum update -y\n\n# Remove any old PHP versions\nyum remove -y php*\n\n# Enable PHP 7.4 and install necessary packages\namazon-linux-extras enable php7.4\nyum install -y httpd php php-mysqlnd php-fpm mariadb-client wget\n\n# Install WP-CLI\ncurl -O https://raw.githubusercontent.com/wp-cli/builds/gh-pages/phar/wp-cli.phar\nchmod +x wp-cli.phar\nmv wp-cli.phar /usr/local/bin/wp\n\n# Create the WordPress directory and set permissions\nmkdir -p /var/www/html\ncd /var/www/html\n\n# Download WordPress\nwp core download --locale=en_US\n\n# Create the correct user and group if they don't exist\ngroupadd -f apache\nuseradd -g apache apache\n\n# Set correct ownership and permissions\nchown -R apache:apache /var/www/html\nchmod -R 755 /var/www/html\n\n# Set correct file permissions for files\nfind /var/www/html -type f -exec chmod 644 {} \\;\n\n# Generate wp-config.php file (ensure you replace these variables with actual values)\ncat \u003c\u003cEOF \u003e /var/www/html/wp-config.php\n\u003c?php\nif (isset(\\$_SERVER['HTTP_X_FORWARDED_PROTO']) \u0026\u0026 \\$_SERVER['HTTP_X_FORWARDED_PROTO'] === 'https') {\n    \\$_SERVER['HTTPS'] = 'on';\n}\n\ndefine( 'DB_NAME', 'wordpress' );\ndefine( 'DB_USER', 'wordpressuser' );\ndefine( 'DB_PASSWORD', 'jLkkqaeLGJFAwcDa' );\ndefine( 'DB_HOST', 'wordpress-db.cne8kkwywcc4.eu-central-1.rds.amazonaws.com' );\ndefine( 'DB_CHARSET', 'utf8' );\ndefine( 'DB_COLLATE', '' );\n\ndefine('WP_HOME', 'https://wordpress.stefankaa.com');\ndefine('WP_SITEURL', 'https://wordpress.stefankaa.com');\n\n\\$table_prefix = 'wp_';\n\ndefine( 'WP_DEBUG', true );\ndefine('WP_MEMORY_LIMIT', '256M');\ndefine('WP_MAX_MEMORY_LIMIT', '512M');\n\nif ( ! defined( 'ABSPATH' ) ) {\n    define( 'ABSPATH', __DIR__ . '/' );\n}\nrequire_once ABSPATH . 'wp-settings.php';\n?\u003e\nEOF\n\n\ncat \u003c\u003cEOF \u003e /var/www/html/.htaccess\n\u003cIfModule mod_rewrite.c\u003e\n    RewriteEngine On\n    RewriteCond %{SERVER_PORT} !^443$\n    RewriteRule (.*) https://%{HTTP_HOST}%{REQUEST_URI} [R=301,L]\n    RewriteBase /\n    RewriteRule ^index\\.php$ - [L]\n    RewriteCond %{REQUEST_FILENAME} !-f\n    RewriteCond %{REQUEST_FILENAME} !-d\n\u003c/IfModule\u003e\nphp_value upload_max_filesize 3000M\nphp_value post_max_size 3000M\nphp_value memory_limit 3000M\nEOF\n\n# Install WordPress\nwp core install --url=\"https://wordpress.stefankaa.com\" --title=\"My WordPress Site\" --admin_user=admin --admin_password=Admin213125dsgghhdfye324 --admin_email=test@example.com\n\n# Install and activate plugins and themes\nwp plugin install akismet --activate\nwp theme install twentytwentyone --activate\nwp plugin update --all\n\nwp search-replace 'http://wordpress.stefankaa.com' 'https://wordpress.stefankaa.com' --all-tables --skip-columns=guid\nwp cache flush\n\nsudo chown apache:apache /var/www/html/wp-config.php\n\n\n#wp search-replace 'http://' 'https://' --skip-columns=guid\n\n# Add auto-login PHP script\ncat \u003c\u003c 'EOF' \u003e /var/www/html/wp-auto-login.php\n\u003c?php\nrequire_once( dirname(__FILE__) . '/wp-load.php' );\n\n$token = isset($_GET['token']) ? sanitize_text_field($_GET['token']) : '';\n\nif ($token !== 'DsfgtwesfdvcbddsFFGDSGD4321') {\n    wp_die('Unauthorized access.');\n}\n\n$user = get_user_by('login', 'admin');\nif ($user) {\n    wp_set_current_user($user-\u003eID);\n    wp_set_auth_cookie($user-\u003eID);\n    do_action('wp_login', $user-\u003euser_login, $user);\n    wp_redirect(admin_url());\n    exit;\n} else {\n    wp_die('Invalid user.');\n}\nEOF\n\n# Secure the file\nchown apache:apache /var/www/html/wp-auto-login.php\nchmod 640 /var/www/html/wp-auto-login.php\n\n# Enable the event MPM instead of prefork\nsed -i 's/^LoadModule mpm_prefork_module/#LoadModule mpm_prefork_module/' /etc/httpd/conf.modules.d/00-mpm.conf\nsed -i 's/#LoadModule mpm_event_module/LoadModule mpm_event_module/' /etc/httpd/conf.modules.d/00-mpm.conf\n\nsudo sed -i 's/^\\s*memory_limit\\s*=.*/memory_limit = 512M/' /etc/php.ini\nsudo sed -i '/^\\s*;*\\s*realpath_cache_size\\s*=.*/{s/^;\\?//;s/=.*/= 4096k/}' /etc/php.ini\nsudo sed -i '/^\\s*;*\\s*realpath_cache_ttl\\s*=.*/{s/^;\\?//;s/=.*/= 120/}' /etc/php.ini\n\n\n#find /var/www/html/ -type f -exec sed -i 's|http://|https://|g' {} +\n\n# Start PHP-FPM\nsystemctl start php-fpm\nsystemctl enable php-fpm\n\n# Start Apache\nsystemctl start httpd\nsystemctl enable httpd\n\n# Restart Apache to apply the changes\nsystemctl restart httpd\n",
            "template": "#!/bin/bash\n# Update and install necessary packages\nyum update -y\n\n# Remove any old PHP versions\nyum remove -y php*\n\n# Enable PHP 7.4 and install necessary packages\namazon-linux-extras enable php7.4\nyum install -y httpd php php-mysqlnd php-fpm mariadb-client wget\n\n# Install WP-CLI\ncurl -O https://raw.githubusercontent.com/wp-cli/builds/gh-pages/phar/wp-cli.phar\nchmod +x wp-cli.phar\nmv wp-cli.phar /usr/local/bin/wp\n\n# Create the WordPress directory and set permissions\nmkdir -p /var/www/html\ncd /var/www/html\n\n# Download WordPress\nwp core download --locale=en_US\n\n# Create the correct user and group if they don't exist\ngroupadd -f apache\nuseradd -g apache apache\n\n# Set correct ownership and permissions\nchown -R apache:apache /var/www/html\nchmod -R 755 /var/www/html\n\n# Set correct file permissions for files\nfind /var/www/html -type f -exec chmod 644 {} \\;\n\n# Generate wp-config.php file (ensure you replace these variables with actual values)\ncat \u003c\u003cEOF \u003e /var/www/html/wp-config.php\n\u003c?php\nif (isset(\\$_SERVER['HTTP_X_FORWARDED_PROTO']) \u0026\u0026 \\$_SERVER['HTTP_X_FORWARDED_PROTO'] === 'https') {\n    \\$_SERVER['HTTPS'] = 'on';\n}\n\ndefine( 'DB_NAME', '${db_name}' );\ndefine( 'DB_USER', '${db_user}' );\ndefine( 'DB_PASSWORD', '${db_password}' );\ndefine( 'DB_HOST', '${db_host}' );\ndefine( 'DB_CHARSET', 'utf8' );\ndefine( 'DB_COLLATE', '' );\n\ndefine('WP_HOME', 'https://wordpress.stefankaa.com');\ndefine('WP_SITEURL', 'https://wordpress.stefankaa.com');\n\n\\$table_prefix = 'wp_';\n\ndefine( 'WP_DEBUG', true );\ndefine('WP_MEMORY_LIMIT', '256M');\ndefine('WP_MAX_MEMORY_LIMIT', '512M');\n\nif ( ! defined( 'ABSPATH' ) ) {\n    define( 'ABSPATH', __DIR__ . '/' );\n}\nrequire_once ABSPATH . 'wp-settings.php';\n?\u003e\nEOF\n\n\ncat \u003c\u003cEOF \u003e /var/www/html/.htaccess\n\u003cIfModule mod_rewrite.c\u003e\n    RewriteEngine On\n    RewriteCond %%{SERVER_PORT} !^443$\n    RewriteRule (.*) https://%%{HTTP_HOST}%%{REQUEST_URI} [R=301,L]\n    RewriteBase /\n    RewriteRule ^index\\.php$ - [L]\n    RewriteCond %%{REQUEST_FILENAME} !-f\n    RewriteCond %%{REQUEST_FILENAME} !-d\n\u003c/IfModule\u003e\nphp_value upload_max_filesize 3000M\nphp_value post_max_size 3000M\nphp_value memory_limit 3000M\nEOF\n\n# Install WordPress\nwp core install --url=\"https://wordpress.stefankaa.com\" --title=\"My WordPress Site\" --admin_user=${admin_user} --admin_password=${admin_password} --admin_email=${admin_email}\n\n# Install and activate plugins and themes\nwp plugin install akismet --activate\nwp theme install twentytwentyone --activate\nwp plugin update --all\n\nwp search-replace 'http://wordpress.stefankaa.com' 'https://wordpress.stefankaa.com' --all-tables --skip-columns=guid\nwp cache flush\n\nsudo chown apache:apache /var/www/html/wp-config.php\n\n\n#wp search-replace 'http://' 'https://' --skip-columns=guid\n\n# Add auto-login PHP script\ncat \u003c\u003c 'EOF' \u003e /var/www/html/wp-auto-login.php\n\u003c?php\nrequire_once( dirname(__FILE__) . '/wp-load.php' );\n\n$token = isset($_GET['token']) ? sanitize_text_field($_GET['token']) : '';\n\nif ($token !== '${auto_login_token}') {\n    wp_die('Unauthorized access.');\n}\n\n$user = get_user_by('login', '${admin_user}');\nif ($user) {\n    wp_set_current_user($user-\u003eID);\n    wp_set_auth_cookie($user-\u003eID);\n    do_action('wp_login', $user-\u003euser_login, $user);\n    wp_redirect(admin_url());\n    exit;\n} else {\n    wp_die('Invalid user.');\n}\nEOF\n\n# Secure the file\nchown apache:apache /var/www/html/wp-auto-login.php\nchmod 640 /var/www/html/wp-auto-login.php\n\n# Enable the event MPM instead of prefork\nsed -i 's/^LoadModule mpm_prefork_module/#LoadModule mpm_prefork_module/' /etc/httpd/conf.modules.d/00-mpm.conf\nsed -i 's/#LoadModule mpm_event_module/LoadModule mpm_event_module/' /etc/httpd/conf.modules.d/00-mpm.conf\n\nsudo sed -i 's/^\\s*memory_limit\\s*=.*/memory_limit = 512M/' /etc/php.ini\nsudo sed -i '/^\\s*;*\\s*realpath_cache_size\\s*=.*/{s/^;\\?//;s/=.*/= 4096k/}' /etc/php.ini\nsudo sed -i '/^\\s*;*\\s*realpath_cache_ttl\\s*=.*/{s/^;\\?//;s/=.*/= 120/}' /etc/php.ini\n\n\n#find /var/www/html/ -type f -exec sed -i 's|http://|https://|g' {} +\n\n# Start PHP-FPM\nsystemctl start php-fpm\nsystemctl enable php-fpm\n\n# Start Apache\nsystemctl start httpd\nsystemctl enable httpd\n\n# Restart Apache to apply the changes\nsystemctl restart httpd\n",
            "vars": {
              "admin_email": "test@example.com",
              "admin_password": "Admin213125dsgghhdfye324",
              "admin_user": "admin",
              "auto_login_token": "DsfgtwesfdvcbddsFFGDSGD4321",
              "db_host": "wordpress-db.cne8kkwywcc4.eu-central-1.rds.amazonaws.com",
              "db_name": "wordpress",
              "db_password": "jLkkqaeLGJFAwcDa",
              "db_user": "wordpressuser"
            }
          },
          "sensitive_attributes": [
            [
              {
                "type": "get_attr",
                "value": "vars"
              },
              {
                "type": "index",
                "value": {
                  "value": "db_password",
                  "type": "string"
                }
              }
            ]
          ]
        }
      ]
    },
    {
      "mode": "managed",
      "type": "aws_acm_certificate",
      "name": "wordpress_certificate",
      "provider": "provider[\"registry.terraform.io/hashicorp/aws\"]",
      "instances": [
        {
          "schema_version": 0,
          "attributes": {
            "arn": "arn:aws:acm:eu-central-1:950487945443:certificate/de864918-543e-4cdf-9a2e-f05c113fd5e0",
            "certificate_authority_arn": "",
            "certificate_body": null,
            "certificate_chain": null,
            "domain_name": "wordpress.stefankaa.com",
            "domain_validation_options": [
              {
                "domain_name": "wordpress.stefankaa.com",
                "resource_record_name": "_95d3beb106b0e779da916919d66e2ed7.wordpress.stefankaa.com.",
                "resource_record_type": "CNAME",
                "resource_record_value": "_a8dc0683cd105461ba849c16eacb9eac.xlfgrmvvlj.acm-validations.aws."
              }
            ],
            "early_renewal_duration": "",
            "id": "arn:aws:acm:eu-central-1:950487945443:certificate/de864918-543e-4cdf-9a2e-f05c113fd5e0",
            "key_algorithm": "RSA_2048",
            "not_after": "2026-05-11T23:59:59Z",
            "not_before": "2025-04-12T00:00:00Z",
            "options": [
              {
                "certificate_transparency_logging_preference": "ENABLED"
              }
            ],
            "pending_renewal": false,
            "private_key": null,
            "renewal_eligibility": "ELIGIBLE",
            "renewal_summary": [],
            "status": "ISSUED",
            "subject_alternative_names": [
              "wordpress.stefankaa.com"
            ],
            "tags": {
              "Name": "wordpress-certificate"
            },
            "tags_all": {
              "Name": "wordpress-certificate"
            },
            "type": "AMAZON_ISSUED",
            "validation_emails": [],
            "validation_method": "DNS",
            "validation_option": []
          },
          "sensitive_attributes": [
            [
              {
                "type": "get_attr",
                "value": "private_key"
              }
            ]
          ],
          "private": "bnVsbA=="
        }
      ]
    },
    {
      "mode": "managed",
      "type": "aws_acm_certificate_validation",
      "name": "wordpress_certificate_validation",
      "provider": "provider[\"registry.terraform.io/hashicorp/aws\"]",
      "instances": [
        {
          "schema_version": 0,
          "attributes": {
            "certificate_arn": "arn:aws:acm:eu-central-1:950487945443:certificate/de864918-543e-4cdf-9a2e-f05c113fd5e0",
            "id": "2025-04-12 11:43:48.549 +0000 UTC",
            "timeouts": null,
            "validation_record_fqdns": [
              "_95d3beb106b0e779da916919d66e2ed7.wordpress.stefankaa.com"
            ]
          },
          "sensitive_attributes": [],
          "private": "eyJlMmJmYjczMC1lY2FhLTExZTYtOGY4OC0zNDM2M2JjN2M0YzAiOnsiY3JlYXRlIjo0NTAwMDAwMDAwMDAwfX0=",
          "dependencies": [
            "aws_acm_certificate.wordpress_certificate",
            "aws_route53_record.wordpress_certificate_validation",
            "data.aws_route53_zone.primary"
          ]
        }
      ]
    },
    {
      "mode": "managed",
      "type": "aws_autoscaling_group",
      "name": "wordpress_asg",
      "provider": "provider[\"registry.terraform.io/hashicorp/aws\"]",
      "instances": [
        {
          "schema_version": 1,
          "attributes": {
            "arn": "arn:aws:autoscaling:eu-central-1:950487945443:autoScalingGroup:04c28b93-0544-4889-a732-3d3cac1f57ef:autoScalingGroupName/terraform-20250412115504417800000007",
            "availability_zone_distribution": [
              {
                "capacity_distribution_strategy": "balanced-best-effort"
              }
            ],
            "availability_zones": [
              "eu-central-1a",
              "eu-central-1b"
            ],
            "capacity_rebalance": false,
            "context": "",
            "default_cooldown": 300,
            "default_instance_warmup": 0,
            "desired_capacity": 2,
            "desired_capacity_type": "",
            "enabled_metrics": [],
            "force_delete": false,
            "force_delete_warm_pool": false,
            "health_check_grace_period": 300,
            "health_check_type": "ELB",
            "id": "terraform-20250412115504417800000007",
            "ignore_failed_scaling_activities": false,
            "initial_lifecycle_hook": [],
            "instance_maintenance_policy": [],
            "instance_refresh": [],
            "launch_configuration": "",
            "launch_template": [
              {
                "id": "lt-0f280352c903ba552",
                "name": "wordpress-20250412115458464000000005",
                "version": "$Latest"
              }
            ],
            "load_balancers": [],
            "max_instance_lifetime": 0,
            "max_size": 3,
            "metrics_granularity": "1Minute",
            "min_elb_capacity": null,
            "min_size": 1,
            "mixed_instances_policy": [],
            "name": "terraform-20250412115504417800000007",
            "name_prefix": "terraform-",
            "placement_group": "",
            "predicted_capacity": 0,
            "protect_from_scale_in": false,
            "service_linked_role_arn": "arn:aws:iam::950487945443:role/aws-service-role/autoscaling.amazonaws.com/AWSServiceRoleForAutoScaling",
            "suspended_processes": [],
            "tag": [
              {
                "key": "Name",
                "propagate_at_launch": true,
                "value": "wordpress-instance"
              }
            ],
            "target_group_arns": [
              "arn:aws:elasticloadbalancing:eu-central-1:950487945443:targetgroup/wordpress-tg/4861eca4f348b4d1"
            ],
            "termination_policies": [],
            "timeouts": null,
            "traffic_source": [
              {
                "identifier": "arn:aws:elasticloadbalancing:eu-central-1:950487945443:targetgroup/wordpress-tg/4861eca4f348b4d1",
                "type": "elbv2"
              }
            ],
            "vpc_zone_identifier": [
              "subnet-047f7913762f885cf",
              "subnet-06a4f77cb8f4b65f9"
            ],
            "wait_for_capacity_timeout": "10m",
            "wait_for_elb_capacity": null,
            "warm_pool": [],
            "warm_pool_size": 0
          },
          "sensitive_attributes": [],
          "private": "eyJlMmJmYjczMC1lY2FhLTExZTYtOGY4OC0zNDM2M2JjN2M0YzAiOnsiZGVsZXRlIjo2MDAwMDAwMDAwMDAsInVwZGF0ZSI6NjAwMDAwMDAwMDAwfSwic2NoZW1hX3ZlcnNpb24iOiIxIn0=",
          "dependencies": [
            "aws_db_instance.wordpress",
            "aws_db_subnet_group.wordpress_db_subnet",
            "aws_key_pair.wordpress_key",
            "aws_launch_template.wordpress",
            "aws_lb_target_group.wordpress_target_group",
            "aws_security_group.alb_sg",
            "aws_security_group.ec2_sg",
            "aws_security_group.rds_sg",
            "data.template_file.user_data",
            "module.vpc.aws_subnet.private",
            "module.vpc.aws_subnet.public",
            "module.vpc.aws_vpc.this",
            "module.vpc.aws_vpc_ipv4_cidr_block_association.this",
            "random_password.db_password",
            "tls_private_key.wordpress_key"
          ]
        }
      ]
    },
    {
      "mode": "managed",
      "type": "aws_autoscaling_policy",
      "name": "wordpress_asg_target_tracking",
      "provider": "provider[\"registry.terraform.io/hashicorp/aws\"]",
      "instances": [
        {
          "schema_version": 0,
          "attributes": {
            "adjustment_type": "",
            "arn": "arn:aws:autoscaling:eu-central-1:950487945443:scalingPolicy:1e0689a2-c6d0-43cf-bedc-73a453e0e82f:autoScalingGroupName/terraform-20250412115504417800000007:policyName/wordpress-cpu-target-tracking",
            "autoscaling_group_name": "terraform-20250412115504417800000007",
            "cooldown": 0,
            "enabled": true,
            "estimated_instance_warmup": 0,
            "id": "wordpress-cpu-target-tracking",
            "metric_aggregation_type": "",
            "min_adjustment_magnitude": 0,
            "name": "wordpress-cpu-target-tracking",
            "policy_type": "TargetTrackingScaling",
            "predictive_scaling_configuration": [],
            "scaling_adjustment": 0,
            "step_adjustment": [],
            "target_tracking_configuration": [
              {
                "customized_metric_specification": [],
                "disable_scale_in": false,
                "predefined_metric_specification": [
                  {
                    "predefined_metric_type": "ASGAverageCPUUtilization",
                    "resource_label": ""
                  }
                ],
                "target_value": 50
              }
            ]
          },
          "sensitive_attributes": [],
          "private": "bnVsbA==",
          "dependencies": [
            "aws_autoscaling_group.wordpress_asg",
            "aws_db_instance.wordpress",
            "aws_db_subnet_group.wordpress_db_subnet",
            "aws_key_pair.wordpress_key",
            "aws_launch_template.wordpress",
            "aws_lb_target_group.wordpress_target_group",
            "aws_security_group.alb_sg",
            "aws_security_group.ec2_sg",
            "aws_security_group.rds_sg",
            "data.template_file.user_data",
            "module.vpc.aws_subnet.private",
            "module.vpc.aws_subnet.public",
            "module.vpc.aws_vpc.this",
            "module.vpc.aws_vpc_ipv4_cidr_block_association.this",
            "random_password.db_password",
            "tls_private_key.wordpress_key"
          ]
        }
      ]
    },
    {
      "mode": "managed",
      "type": "aws_cloudwatch_metric_alarm",
      "name": "ec2_cpu_utilization",
      "provider": "provider[\"registry.terraform.io/hashicorp/aws\"]",
      "instances": [
        {
          "schema_version": 1,
          "attributes": {
            "actions_enabled": true,
            "alarm_actions": [],
            "alarm_description": "This metric monitors EC2 CPU utilization",
            "alarm_name": "High-CPU-Utilization",
            "arn": "arn:aws:cloudwatch:eu-central-1:950487945443:alarm:High-CPU-Utilization",
            "comparison_operator": "GreaterThanThreshold",
            "datapoints_to_alarm": 0,
            "dimensions": {
              "AutoScalingGroupName": "terraform-20250412115504417800000007"
            },
            "evaluate_low_sample_count_percentiles": "",
            "evaluation_periods": 1,
            "extended_statistic": "",
            "id": "High-CPU-Utilization",
            "insufficient_data_actions": [],
            "metric_name": "CPUUtilization",
            "metric_query": [],
            "namespace": "AWS/EC2",
            "ok_actions": [],
            "period": 300,
            "statistic": "Average",
            "tags": {},
            "tags_all": {},
            "threshold": 80,
            "threshold_metric_id": "",
            "treat_missing_data": "missing",
            "unit": ""
          },
          "sensitive_attributes": [],
          "private": "eyJzY2hlbWFfdmVyc2lvbiI6IjEifQ==",
          "dependencies": [
            "aws_autoscaling_group.wordpress_asg",
            "aws_db_instance.wordpress",
            "aws_db_subnet_group.wordpress_db_subnet",
            "aws_key_pair.wordpress_key",
            "aws_launch_template.wordpress",
            "aws_lb_target_group.wordpress_target_group",
            "aws_security_group.alb_sg",
            "aws_security_group.ec2_sg",
            "aws_security_group.rds_sg",
            "data.template_file.user_data",
            "module.vpc.aws_subnet.private",
            "module.vpc.aws_subnet.public",
            "module.vpc.aws_vpc.this",
            "module.vpc.aws_vpc_ipv4_cidr_block_association.this",
            "random_password.db_password",
            "tls_private_key.wordpress_key"
          ]
        }
      ]
    },
    {
      "mode": "managed",
      "type": "aws_db_instance",
      "name": "wordpress",
      "provider": "provider[\"registry.terraform.io/hashicorp/aws\"]",
      "instances": [
        {
          "schema_version": 2,
          "attributes": {
            "address": "wordpress-db.cne8kkwywcc4.eu-central-1.rds.amazonaws.com",
            "allocated_storage": 20,
            "allow_major_version_upgrade": null,
            "apply_immediately": false,
            "arn": "arn:aws:rds:eu-central-1:950487945443:db:wordpress-db",
            "auto_minor_version_upgrade": true,
            "availability_zone": "eu-central-1b",
            "backup_retention_period": 0,
            "backup_target": "region",
            "backup_window": "01:34-02:04",
            "blue_green_update": [],
            "ca_cert_identifier": "rds-ca-rsa2048-g1",
            "character_set_name": "",
            "copy_tags_to_snapshot": false,
            "custom_iam_instance_profile": "",
            "customer_owned_ip_enabled": false,
            "database_insights_mode": "standard",
            "db_name": "wordpress",
            "db_subnet_group_name": "wordpress-db-subnet",
            "dedicated_log_volume": false,
            "delete_automated_backups": true,
            "deletion_protection": false,
            "domain": "",
            "domain_auth_secret_arn": "",
            "domain_dns_ips": [],
            "domain_fqdn": "",
            "domain_iam_role_name": "",
            "domain_ou": "",
            "enabled_cloudwatch_logs_exports": [],
            "endpoint": "wordpress-db.cne8kkwywcc4.eu-central-1.rds.amazonaws.com:3306",
            "engine": "mysql",
            "engine_lifecycle_support": "open-source-rds-extended-support",
            "engine_version": "8.0",
            "engine_version_actual": "8.0.40",
            "final_snapshot_identifier": null,
            "hosted_zone_id": "Z1RLNUO7B9Q6NB",
            "iam_database_authentication_enabled": false,
            "id": "db-VDJRGRMT2QVMTP4FEXUAU25APA",
            "identifier": "wordpress-db",
            "identifier_prefix": "",
            "instance_class": "db.t3.micro",
            "iops": 0,
            "kms_key_id": "",
            "latest_restorable_time": "",
            "license_model": "general-public-license",
            "listener_endpoint": [],
            "maintenance_window": "mon:22:28-mon:22:58",
            "manage_master_user_password": null,
            "master_user_secret": [],
            "master_user_secret_kms_key_id": null,
            "max_allocated_storage": 100,
            "monitoring_interval": 0,
            "monitoring_role_arn": "",
            "multi_az": true,
            "nchar_character_set_name": "",
            "network_type": "IPV4",
            "option_group_name": "default:mysql-8-0",
            "parameter_group_name": "default.mysql8.0",
            "password": "jLkkqaeLGJFAwcDa",
            "password_wo": null,
            "password_wo_version": null,
            "performance_insights_enabled": false,
            "performance_insights_kms_key_id": "",
            "performance_insights_retention_period": 0,
            "port": 3306,
            "publicly_accessible": false,
            "replica_mode": "",
            "replicas": [],
            "replicate_source_db": "",
            "resource_id": "db-VDJRGRMT2QVMTP4FEXUAU25APA",
            "restore_to_point_in_time": [],
            "s3_import": [],
            "skip_final_snapshot": true,
            "snapshot_identifier": null,
            "status": "available",
            "storage_encrypted": false,
            "storage_throughput": 0,
            "storage_type": "gp2",
            "tags": {},
            "tags_all": {},
            "timeouts": null,
            "timezone": "",
            "upgrade_storage_config": null,
            "username": "wordpressuser",
            "vpc_security_group_ids": [
              "sg-0279caa2cf2fdd8c8"
            ]
          },
          "sensitive_attributes": [
            [
              {
                "type": "get_attr",
                "value": "password_wo"
              }
            ],
            [
              {
                "type": "get_attr",
                "value": "password"
              }
            ]
          ],
          "private": "eyJlMmJmYjczMC1lY2FhLTExZTYtOGY4OC0zNDM2M2JjN2M0YzAiOnsiY3JlYXRlIjozMDAwMDAwMDAwMDAwLCJkZWxldGUiOjM2MDAwMDAwMDAwMDAsInVwZGF0ZSI6NDgwMDAwMDAwMDAwMH0sInNjaGVtYV92ZXJzaW9uIjoiMiJ9",
          "dependencies": [
            "aws_db_subnet_group.wordpress_db_subnet",
            "aws_security_group.alb_sg",
            "aws_security_group.ec2_sg",
            "aws_security_group.rds_sg",
            "module.vpc.aws_subnet.private",
            "module.vpc.aws_vpc.this",
            "module.vpc.aws_vpc_ipv4_cidr_block_association.this",
            "random_password.db_password"
          ]
        }
      ]
    },
    {
      "mode": "managed",
      "type": "aws_db_subnet_group",
      "name": "wordpress_db_subnet",
      "provider": "provider[\"registry.terraform.io/hashicorp/aws\"]",
      "instances": [
        {
          "schema_version": 0,
          "attributes": {
            "arn": "arn:aws:rds:eu-central-1:950487945443:subgrp:wordpress-db-subnet",
            "description": "Managed by Terraform",
            "id": "wordpress-db-subnet",
            "name": "wordpress-db-subnet",
            "name_prefix": "",
            "subnet_ids": [
              "subnet-02769b32523d8fca1",
              "subnet-07c7948d393835539"
            ],
            "supported_network_types": [
              "IPV4"
            ],
            "tags": {},
            "tags_all": {},
            "vpc_id": "vpc-0bb9514b5eb7d38e5"
          },
          "sensitive_attributes": [],
          "private": "bnVsbA==",
          "dependencies": [
            "module.vpc.aws_subnet.private",
            "module.vpc.aws_vpc.this",
            "module.vpc.aws_vpc_ipv4_cidr_block_association.this"
          ]
        }
      ]
    },
    {
      "mode": "managed",
      "type": "aws_key_pair",
      "name": "wordpress_key",
      "provider": "provider[\"registry.terraform.io/hashicorp/aws\"]",
      "instances": [
        {
          "schema_version": 1,
          "attributes": {
            "arn": "arn:aws:ec2:eu-central-1:950487945443:key-pair/wordpress-key",
            "fingerprint": "68:38:e3:8a:d7:d0:4e:24:67:e3:c8:3c:fc:c7:ab:12",
            "id": "wordpress-key",
            "key_name": "wordpress-key",
            "key_name_prefix": "",
            "key_pair_id": "key-0b5d9df7700dbcef6",
            "key_type": "rsa",
            "public_key": "ssh-rsa AAAAB3NzaC1yc2EAAAADAQABAAACAQDPx5Hk8oMErzcfSyRqwXGQA9NlUCt5GAxVip9fpOhcXEweZKF9MS8EywJwe39HRTJfp57VHjikEJO7e+7cj09QM/QBmESGVEIuCoAqaeDfxopAKCY9UrzReL+ncC2cY9b+YNo1PGWe79+w+OvgEZpoLEP+JCgQzobjYC+TQp0XkNY1Fhn/8GIK3WVCH+KG8u40aFgkb1/qLbunjgg5UwjPPo+E961fXOBzbhHkEBO2qocOj6zlWeJPqwcMonsXbd5eigXPfvTd4qnyH0gccvkCf7NOQYsMrzSpMbCouWLJQK2+nJ6+VbpNTfaFpupNyVzxpk2rIGwcplBS99rCZWItxyS/bbMqKmu2I6Gz8XSkB+gnEg8RQLzGEFWCIsN19EnCeJDNa1JMlpvWqj5Eyaxk7/w9p/H9r1ijuUOwLAZriDoUPK2u63f+v0Bvw4Q29STS+WBOJEy5uqmsvWcFhqS/9aUultfmbTgauQltxy58jjxA/AEGunctV/L6adoNcu63Q6f+w812aLlhxu4s7TIFPHQTlM+ib4YQSBltAOdbfddk4MmBJdENUHOO2ouu3SzRr7aLgxf2XDXnUlAABQ2ekdJeGzKxKuOwe8WWaaGEJFPOvdBzsv0lH3b9yFL4OUCFm0EnLwIHeNEsJdeGFXam/1oFJecTKqfngaGFJfv+sQ==",
            "tags": {},
            "tags_all": {}
          },
          "sensitive_attributes": [],
          "private": "eyJzY2hlbWFfdmVyc2lvbiI6IjEifQ==",
          "dependencies": [
            "tls_private_key.wordpress_key"
          ]
        }
      ]
    },
    {
      "mode": "managed",
      "type": "aws_launch_template",
      "name": "wordpress",
      "provider": "provider[\"registry.terraform.io/hashicorp/aws\"]",
      "instances": [
        {
          "schema_version": 0,
          "attributes": {
            "arn": "arn:aws:ec2:eu-central-1:950487945443:launch-template/lt-0f280352c903ba552",
            "block_device_mappings": [],
            "capacity_reservation_specification": [],
            "cpu_options": [],
            "credit_specification": [],
            "default_version": 1,
            "description": "",
            "disable_api_stop": false,
            "disable_api_termination": false,
            "ebs_optimized": "",
            "elastic_gpu_specifications": [],
            "elastic_inference_accelerator": [],
            "enclave_options": [],
            "hibernation_options": [],
            "iam_instance_profile": [],
            "id": "lt-0f280352c903ba552",
            "image_id": "ami-00ac244ee0ad9050d",
            "instance_initiated_shutdown_behavior": "",
            "instance_market_options": [],
            "instance_requirements": [],
            "instance_type": "t3.small",
            "kernel_id": "",
            "key_name": "wordpress-key",
            "latest_version": 2,
            "license_specification": [],
            "maintenance_options": [],
            "metadata_options": [],
            "monitoring": [],
            "name": "wordpress-20250412115458464000000005",
            "name_prefix": "wordpress-",
            "network_interfaces": [
              {
                "associate_carrier_ip_address": "",
                "associate_public_ip_address": "true",
                "connection_tracking_specification": [],
                "delete_on_termination": "",
                "description": "",
                "device_index": 0,
                "ena_srd_specification": [],
                "interface_type": "",
                "ipv4_address_count": 0,
                "ipv4_addresses": [],
                "ipv4_prefix_count": 0,
                "ipv4_prefixes": [],
                "ipv6_address_count": 0,
                "ipv6_addresses": [],
                "ipv6_prefix_count": 0,
                "ipv6_prefixes": [],
                "network_card_index": 0,
                "network_interface_id": "",
                "primary_ipv6": "",
                "private_ip_address": "",
                "security_groups": [
                  "sg-064b66f6b8dd1227a"
                ],
                "subnet_id": ""
              }
            ],
            "placement": [],
            "private_dns_name_options": [],
            "ram_disk_id": "",
            "security_group_names": [],
            "tag_specifications": [],
            "tags": {},
            "tags_all": {},
            "update_default_version": null,
            "user_data": "IyEvYmluL2Jhc2gKIyBVcGRhdGUgYW5kIGluc3RhbGwgbmVjZXNzYXJ5IHBhY2thZ2VzCnl1bSB1cGRhdGUgLXkKCiMgUmVtb3ZlIGFueSBvbGQgUEhQIHZlcnNpb25zCnl1bSByZW1vdmUgLXkgcGhwKgoKIyBFbmFibGUgUEhQIDcuNCBhbmQgaW5zdGFsbCBuZWNlc3NhcnkgcGFja2FnZXMKYW1hem9uLWxpbnV4LWV4dHJhcyBlbmFibGUgcGhwNy40Cnl1bSBpbnN0YWxsIC15IGh0dHBkIHBocCBwaHAtbXlzcWxuZCBwaHAtZnBtIG1hcmlhZGItY2xpZW50IHdnZXQKCiMgSW5zdGFsbCBXUC1DTEkKY3VybCAtTyBodHRwczovL3Jhdy5naXRodWJ1c2VyY29udGVudC5jb20vd3AtY2xpL2J1aWxkcy9naC1wYWdlcy9waGFyL3dwLWNsaS5waGFyCmNobW9kICt4IHdwLWNsaS5waGFyCm12IHdwLWNsaS5waGFyIC91c3IvbG9jYWwvYmluL3dwCgojIENyZWF0ZSB0aGUgV29yZFByZXNzIGRpcmVjdG9yeSBhbmQgc2V0IHBlcm1pc3Npb25zCm1rZGlyIC1wIC92YXIvd3d3L2h0bWwKY2QgL3Zhci93d3cvaHRtbAoKIyBEb3dubG9hZCBXb3JkUHJlc3MKd3AgY29yZSBkb3dubG9hZCAtLWxvY2FsZT1lbl9VUwoKIyBDcmVhdGUgdGhlIGNvcnJlY3QgdXNlciBhbmQgZ3JvdXAgaWYgdGhleSBkb24ndCBleGlzdApncm91cGFkZCAtZiBhcGFjaGUKdXNlcmFkZCAtZyBhcGFjaGUgYXBhY2hlCgojIFNldCBjb3JyZWN0IG93bmVyc2hpcCBhbmQgcGVybWlzc2lvbnMKY2hvd24gLVIgYXBhY2hlOmFwYWNoZSAvdmFyL3d3dy9odG1sCmNobW9kIC1SIDc1NSAvdmFyL3d3dy9odG1sCgojIFNldCBjb3JyZWN0IGZpbGUgcGVybWlzc2lvbnMgZm9yIGZpbGVzCmZpbmQgL3Zhci93d3cvaHRtbCAtdHlwZSBmIC1leGVjIGNobW9kIDY0NCB7fSBcOwoKIyBHZW5lcmF0ZSB3cC1jb25maWcucGhwIGZpbGUgKGVuc3VyZSB5b3UgcmVwbGFjZSB0aGVzZSB2YXJpYWJsZXMgd2l0aCBhY3R1YWwgdmFsdWVzKQpjYXQgPDxFT0YgPiAvdmFyL3d3dy9odG1sL3dwLWNvbmZpZy5waHAKPD9waHAKaWYgKGlzc2V0KFwkX1NFUlZFUlsnSFRUUF9YX0ZPUldBUkRFRF9QUk9UTyddKSAmJiBcJF9TRVJWRVJbJ0hUVFBfWF9GT1JXQVJERURfUFJPVE8nXSA9PT0gJ2h0dHBzJykgewogICAgXCRfU0VSVkVSWydIVFRQUyddID0gJ29uJzsKfQoKZGVmaW5lKCAnREJfTkFNRScsICd3b3JkcHJlc3MnICk7CmRlZmluZSggJ0RCX1VTRVInLCAnd29yZHByZXNzdXNlcicgKTsKZGVmaW5lKCAnREJfUEFTU1dPUkQnLCAnakxra3FhZUxHSkZBd2NEYScgKTsKZGVmaW5lKCAnREJfSE9TVCcsICd3b3JkcHJlc3MtZGIuY25lOGtrd3l3Y2M0LmV1LWNlbnRyYWwtMS5yZHMuYW1hem9uYXdzLmNvbScgKTsKZGVmaW5lKCAnREJfQ0hBUlNFVCcsICd1dGY4JyApOwpkZWZpbmUoICdEQl9DT0xMQVRFJywgJycgKTsKCmRlZmluZSgnV1BfSE9NRScsICdodHRwczovL3dvcmRwcmVzcy5zdGVmYW5rYWEuY29tJyk7CmRlZmluZSgnV1BfU0lURVVSTCcsICdodHRwczovL3dvcmRwcmVzcy5zdGVmYW5rYWEuY29tJyk7CgpcJHRhYmxlX3ByZWZpeCA9ICd3cF8nOwoKZGVmaW5lKCAnV1BfREVCVUcnLCB0cnVlICk7CmRlZmluZSgnV1BfTUVNT1JZX0xJTUlUJywgJzI1Nk0nKTsKZGVmaW5lKCdXUF9NQVhfTUVNT1JZX0xJTUlUJywgJzUxMk0nKTsKCmlmICggISBkZWZpbmVkKCAnQUJTUEFUSCcgKSApIHsKICAgIGRlZmluZSggJ0FCU1BBVEgnLCBfX0RJUl9fIC4gJy8nICk7Cn0KcmVxdWlyZV9vbmNlIEFCU1BBVEggLiAnd3Atc2V0dGluZ3MucGhwJzsKPz4KRU9GCgoKY2F0IDw8RU9GID4gL3Zhci93d3cvaHRtbC8uaHRhY2Nlc3MKPElmTW9kdWxlIG1vZF9yZXdyaXRlLmM+CiAgICBSZXdyaXRlRW5naW5lIE9uCiAgICBSZXdyaXRlQ29uZCAle1NFUlZFUl9QT1JUfSAhXjQ0MyQKICAgIFJld3JpdGVSdWxlICguKikgaHR0cHM6Ly8le0hUVFBfSE9TVH0le1JFUVVFU1RfVVJJfSBbUj0zMDEsTF0KICAgIFJld3JpdGVCYXNlIC8KICAgIFJld3JpdGVSdWxlIF5pbmRleFwucGhwJCAtIFtMXQogICAgUmV3cml0ZUNvbmQgJXtSRVFVRVNUX0ZJTEVOQU1FfSAhLWYKICAgIFJld3JpdGVDb25kICV7UkVRVUVTVF9GSUxFTkFNRX0gIS1kCjwvSWZNb2R1bGU+CnBocF92YWx1ZSB1cGxvYWRfbWF4X2ZpbGVzaXplIDMwMDBNCnBocF92YWx1ZSBwb3N0X21heF9zaXplIDMwMDBNCnBocF92YWx1ZSBtZW1vcnlfbGltaXQgMzAwME0KRU9GCgojIEluc3RhbGwgV29yZFByZXNzCndwIGNvcmUgaW5zdGFsbCAtLXVybD0iaHR0cHM6Ly93b3JkcHJlc3Muc3RlZmFua2FhLmNvbSIgLS10aXRsZT0iTXkgV29yZFByZXNzIFNpdGUiIC0tYWRtaW5fdXNlcj1hZG1pbiAtLWFkbWluX3Bhc3N3b3JkPUFkbWluMjEzMTI1ZHNnZ2hoZGZ5ZTMyNCAtLWFkbWluX2VtYWlsPXRlc3RAZXhhbXBsZS5jb20KCiMgSW5zdGFsbCBhbmQgYWN0aXZhdGUgcGx1Z2lucyBhbmQgdGhlbWVzCndwIHBsdWdpbiBpbnN0YWxsIGFraXNtZXQgLS1hY3RpdmF0ZQp3cCB0aGVtZSBpbnN0YWxsIHR3ZW50eXR3ZW50eW9uZSAtLWFjdGl2YXRlCndwIHBsdWdpbiB1cGRhdGUgLS1hbGwKCndwIHNlYXJjaC1yZXBsYWNlICdodHRwOi8vd29yZHByZXNzLnN0ZWZhbmthYS5jb20nICdodHRwczovL3dvcmRwcmVzcy5zdGVmYW5rYWEuY29tJyAtLWFsbC10YWJsZXMgLS1za2lwLWNvbHVtbnM9Z3VpZAp3cCBjYWNoZSBmbHVzaAoKc3VkbyBjaG93biBhcGFjaGU6YXBhY2hlIC92YXIvd3d3L2h0bWwvd3AtY29uZmlnLnBocAoKCiN3cCBzZWFyY2gtcmVwbGFjZSAnaHR0cDovLycgJ2h0dHBzOi8vJyAtLXNraXAtY29sdW1ucz1ndWlkCgojIEFkZCBhdXRvLWxvZ2luIFBIUCBzY3JpcHQKY2F0IDw8ICdFT0YnID4gL3Zhci93d3cvaHRtbC93cC1hdXRvLWxvZ2luLnBocAo8P3BocApyZXF1aXJlX29uY2UoIGRpcm5hbWUoX19GSUxFX18pIC4gJy93cC1sb2FkLnBocCcgKTsKCiR0b2tlbiA9IGlzc2V0KCRfR0VUWyd0b2tlbiddKSA/IHNhbml0aXplX3RleHRfZmllbGQoJF9HRVRbJ3Rva2VuJ10pIDogJyc7CgppZiAoJHRva2VuICE9PSAnRHNmZ3R3ZXNmZHZjYmRkc0ZGR0RTR0Q0MzIxJykgewogICAgd3BfZGllKCdVbmF1dGhvcml6ZWQgYWNjZXNzLicpOwp9CgokdXNlciA9IGdldF91c2VyX2J5KCdsb2dpbicsICdhZG1pbicpOwppZiAoJHVzZXIpIHsKICAgIHdwX3NldF9jdXJyZW50X3VzZXIoJHVzZXItPklEKTsKICAgIHdwX3NldF9hdXRoX2Nvb2tpZSgkdXNlci0+SUQpOwogICAgZG9fYWN0aW9uKCd3cF9sb2dpbicsICR1c2VyLT51c2VyX2xvZ2luLCAkdXNlcik7CiAgICB3cF9yZWRpcmVjdChhZG1pbl91cmwoKSk7CiAgICBleGl0Owp9IGVsc2UgewogICAgd3BfZGllKCdJbnZhbGlkIHVzZXIuJyk7Cn0KRU9GCgojIFNlY3VyZSB0aGUgZmlsZQpjaG93biBhcGFjaGU6YXBhY2hlIC92YXIvd3d3L2h0bWwvd3AtYXV0by1sb2dpbi5waHAKY2htb2QgNjQwIC92YXIvd3d3L2h0bWwvd3AtYXV0by1sb2dpbi5waHAKCiMgRW5hYmxlIHRoZSBldmVudCBNUE0gaW5zdGVhZCBvZiBwcmVmb3JrCnNlZCAtaSAncy9eTG9hZE1vZHVsZSBtcG1fcHJlZm9ya19tb2R1bGUvI0xvYWRNb2R1bGUgbXBtX3ByZWZvcmtfbW9kdWxlLycgL2V0Yy9odHRwZC9jb25mLm1vZHVsZXMuZC8wMC1tcG0uY29uZgpzZWQgLWkgJ3MvI0xvYWRNb2R1bGUgbXBtX2V2ZW50X21vZHVsZS9Mb2FkTW9kdWxlIG1wbV9ldmVudF9tb2R1bGUvJyAvZXRjL2h0dHBkL2NvbmYubW9kdWxlcy5kLzAwLW1wbS5jb25mCgpzdWRvIHNlZCAtaSAncy9eXHMqbWVtb3J5X2xpbWl0XHMqPS4qL21lbW9yeV9saW1pdCA9IDUxMk0vJyAvZXRjL3BocC5pbmkKc3VkbyBzZWQgLWkgJy9eXHMqOypccypyZWFscGF0aF9jYWNoZV9zaXplXHMqPS4qL3tzL147XD8vLztzLz0uKi89IDQwOTZrL30nIC9ldGMvcGhwLmluaQpzdWRvIHNlZCAtaSAnL15ccyo7KlxzKnJlYWxwYXRoX2NhY2hlX3R0bFxzKj0uKi97cy9eO1w/Ly87cy89LiovPSAxMjAvfScgL2V0Yy9waHAuaW5pCgoKI2ZpbmQgL3Zhci93d3cvaHRtbC8gLXR5cGUgZiAtZXhlYyBzZWQgLWkgJ3N8aHR0cDovL3xodHRwczovL3xnJyB7fSArCgojIFN0YXJ0IFBIUC1GUE0Kc3lzdGVtY3RsIHN0YXJ0IHBocC1mcG0Kc3lzdGVtY3RsIGVuYWJsZSBwaHAtZnBtCgojIFN0YXJ0IEFwYWNoZQpzeXN0ZW1jdGwgc3RhcnQgaHR0cGQKc3lzdGVtY3RsIGVuYWJsZSBodHRwZAoKIyBSZXN0YXJ0IEFwYWNoZSB0byBhcHBseSB0aGUgY2hhbmdlcwpzeXN0ZW1jdGwgcmVzdGFydCBodHRwZAo=",
            "vpc_security_group_ids": []
          },
          "sensitive_attributes": [],
          "private": "bnVsbA==",
          "dependencies": [
            "aws_db_instance.wordpress",
            "aws_db_subnet_group.wordpress_db_subnet",
            "aws_key_pair.wordpress_key",
            "aws_security_group.alb_sg",
            "aws_security_group.ec2_sg",
            "aws_security_group.rds_sg",
            "data.template_file.user_data",
            "module.vpc.aws_subnet.private",
            "module.vpc.aws_vpc.this",
            "module.vpc.aws_vpc_ipv4_cidr_block_association.this",
            "random_password.db_password",
            "tls_private_key.wordpress_key"
          ]
        }
      ]
    },
    {
      "mode": "managed",
      "type": "aws_lb",
      "name": "wordpress_lb",
      "provider": "provider[\"registry.terraform.io/hashicorp/aws\"]",
      "instances": [
        {
          "schema_version": 0,
          "attributes": {
            "access_logs": [
              {
                "bucket": "",
                "enabled": false,
                "prefix": ""
              }
            ],
            "arn": "arn:aws:elasticloadbalancing:eu-central-1:950487945443:loadbalancer/app/wordpress-lb/1cf549e8a6958f71",
            "arn_suffix": "app/wordpress-lb/1cf549e8a6958f71",
            "client_keep_alive": 3600,
            "connection_logs": [
              {
                "bucket": "",
                "enabled": false,
                "prefix": ""
              }
            ],
            "customer_owned_ipv4_pool": "",
            "desync_mitigation_mode": "defensive",
            "dns_name": "wordpress-lb-1698109793.eu-central-1.elb.amazonaws.com",
            "dns_record_client_routing_policy": null,
            "drop_invalid_header_fields": false,
            "enable_cross_zone_load_balancing": true,
            "enable_deletion_protection": false,
            "enable_http2": true,
            "enable_tls_version_and_cipher_suite_headers": false,
            "enable_waf_fail_open": false,
            "enable_xff_client_port": false,
            "enable_zonal_shift": false,
            "enforce_security_group_inbound_rules_on_private_link_traffic": "",
            "id": "arn:aws:elasticloadbalancing:eu-central-1:950487945443:loadbalancer/app/wordpress-lb/1cf549e8a6958f71",
            "idle_timeout": 60,
            "internal": false,
            "ip_address_type": "ipv4",
            "ipam_pools": [],
            "load_balancer_type": "application",
            "name": "wordpress-lb",
            "name_prefix": "",
            "preserve_host_header": false,
            "security_groups": [
              "sg-0bc2cc1b7791faea4"
            ],
            "subnet_mapping": [
              {
                "allocation_id": "",
                "ipv6_address": "",
                "outpost_id": "",
                "private_ipv4_address": "",
                "subnet_id": "subnet-047f7913762f885cf"
              },
              {
                "allocation_id": "",
                "ipv6_address": "",
                "outpost_id": "",
                "private_ipv4_address": "",
                "subnet_id": "subnet-06a4f77cb8f4b65f9"
              }
            ],
            "subnets": [
              "subnet-047f7913762f885cf",
              "subnet-06a4f77cb8f4b65f9"
            ],
            "tags": {
              "Name": "wordpress-lb"
            },
            "tags_all": {
              "Name": "wordpress-lb"
            },
            "timeouts": null,
            "vpc_id": "vpc-0bb9514b5eb7d38e5",
            "xff_header_processing_mode": "append",
            "zone_id": "Z215JYRZR1TBD5"
          },
          "sensitive_attributes": [],
          "private": "eyJlMmJmYjczMC1lY2FhLTExZTYtOGY4OC0zNDM2M2JjN2M0YzAiOnsiY3JlYXRlIjo2MDAwMDAwMDAwMDAsImRlbGV0ZSI6NjAwMDAwMDAwMDAwLCJ1cGRhdGUiOjYwMDAwMDAwMDAwMH19",
          "dependencies": [
            "aws_security_group.alb_sg",
            "module.vpc.aws_subnet.public",
            "module.vpc.aws_vpc.this",
            "module.vpc.aws_vpc_ipv4_cidr_block_association.this"
          ]
        }
      ]
    },
    {
      "mode": "managed",
      "type": "aws_lb_listener",
      "name": "http_redirect",
      "provider": "provider[\"registry.terraform.io/hashicorp/aws\"]",
      "instances": [
        {
          "schema_version": 0,
          "attributes": {
            "alpn_policy": null,
            "arn": "arn:aws:elasticloadbalancing:eu-central-1:950487945443:listener/app/wordpress-lb/1cf549e8a6958f71/4290da1f527f8708",
            "certificate_arn": null,
            "default_action": [
              {
                "authenticate_cognito": [],
                "authenticate_oidc": [],
                "fixed_response": [],
                "forward": [],
                "order": 1,
                "redirect": [
                  {
                    "host": "#{host}",
                    "path": "/#{path}",
                    "port": "443",
                    "protocol": "HTTPS",
                    "query": "#{query}",
                    "status_code": "HTTP_301"
                  }
                ],
                "target_group_arn": "",
                "type": "redirect"
              }
            ],
            "id": "arn:aws:elasticloadbalancing:eu-central-1:950487945443:listener/app/wordpress-lb/1cf549e8a6958f71/4290da1f527f8708",
            "load_balancer_arn": "arn:aws:elasticloadbalancing:eu-central-1:950487945443:loadbalancer/app/wordpress-lb/1cf549e8a6958f71",
            "mutual_authentication": [],
            "port": 80,
            "protocol": "HTTP",
            "routing_http_request_x_amzn_mtls_clientcert_header_name": null,
            "routing_http_request_x_amzn_mtls_clientcert_issuer_header_name": null,
            "routing_http_request_x_amzn_mtls_clientcert_leaf_header_name": null,
            "routing_http_request_x_amzn_mtls_clientcert_serial_number_header_name": null,
            "routing_http_request_x_amzn_mtls_clientcert_subject_header_name": null,
            "routing_http_request_x_amzn_mtls_clientcert_validity_header_name": null,
            "routing_http_request_x_amzn_tls_cipher_suite_header_name": null,
            "routing_http_request_x_amzn_tls_version_header_name": null,
            "routing_http_response_access_control_allow_credentials_header_value": "",
            "routing_http_response_access_control_allow_headers_header_value": "",
            "routing_http_response_access_control_allow_methods_header_value": "",
            "routing_http_response_access_control_allow_origin_header_value": "",
            "routing_http_response_access_control_expose_headers_header_value": "",
            "routing_http_response_access_control_max_age_header_value": "",
            "routing_http_response_content_security_policy_header_value": "",
            "routing_http_response_server_enabled": false,
            "routing_http_response_strict_transport_security_header_value": "",
            "routing_http_response_x_content_type_options_header_value": "",
            "routing_http_response_x_frame_options_header_value": "",
            "ssl_policy": "",
            "tags": {},
            "tags_all": {},
            "tcp_idle_timeout_seconds": null,
            "timeouts": null
          },
          "sensitive_attributes": [],
          "private": "eyJlMmJmYjczMC1lY2FhLTExZTYtOGY4OC0zNDM2M2JjN2M0YzAiOnsiY3JlYXRlIjozMDAwMDAwMDAwMDAsInVwZGF0ZSI6MzAwMDAwMDAwMDAwfX0=",
          "dependencies": [
            "aws_lb.wordpress_lb",
            "aws_security_group.alb_sg",
            "module.vpc.aws_subnet.public",
            "module.vpc.aws_vpc.this",
            "module.vpc.aws_vpc_ipv4_cidr_block_association.this"
          ]
        }
      ]
    },
    {
      "mode": "managed",
      "type": "aws_lb_listener",
      "name": "https",
      "provider": "provider[\"registry.terraform.io/hashicorp/aws\"]",
      "instances": [
        {
          "schema_version": 0,
          "attributes": {
            "alpn_policy": null,
            "arn": "arn:aws:elasticloadbalancing:eu-central-1:950487945443:listener/app/wordpress-lb/1cf549e8a6958f71/af190e61452ef842",
            "certificate_arn": "arn:aws:acm:eu-central-1:950487945443:certificate/de864918-543e-4cdf-9a2e-f05c113fd5e0",
            "default_action": [
              {
                "authenticate_cognito": [],
                "authenticate_oidc": [],
                "fixed_response": [],
                "forward": [],
                "order": 1,
                "redirect": [],
                "target_group_arn": "arn:aws:elasticloadbalancing:eu-central-1:950487945443:targetgroup/wordpress-tg/4861eca4f348b4d1",
                "type": "forward"
              }
            ],
            "id": "arn:aws:elasticloadbalancing:eu-central-1:950487945443:listener/app/wordpress-lb/1cf549e8a6958f71/af190e61452ef842",
            "load_balancer_arn": "arn:aws:elasticloadbalancing:eu-central-1:950487945443:loadbalancer/app/wordpress-lb/1cf549e8a6958f71",
            "mutual_authentication": [
              {
                "advertise_trust_store_ca_names": "",
                "ignore_client_certificate_expiry": false,
                "mode": "off",
                "trust_store_arn": ""
              }
            ],
            "port": 443,
            "protocol": "HTTPS",
            "routing_http_request_x_amzn_mtls_clientcert_header_name": "",
            "routing_http_request_x_amzn_mtls_clientcert_issuer_header_name": "",
            "routing_http_request_x_amzn_mtls_clientcert_leaf_header_name": "",
            "routing_http_request_x_amzn_mtls_clientcert_serial_number_header_name": "",
            "routing_http_request_x_amzn_mtls_clientcert_subject_header_name": "",
            "routing_http_request_x_amzn_mtls_clientcert_validity_header_name": "",
            "routing_http_request_x_amzn_tls_cipher_suite_header_name": "",
            "routing_http_request_x_amzn_tls_version_header_name": "",
            "routing_http_response_access_control_allow_credentials_header_value": "",
            "routing_http_response_access_control_allow_headers_header_value": "",
            "routing_http_response_access_control_allow_methods_header_value": "",
            "routing_http_response_access_control_allow_origin_header_value": "",
            "routing_http_response_access_control_expose_headers_header_value": "",
            "routing_http_response_access_control_max_age_header_value": "",
            "routing_http_response_content_security_policy_header_value": "",
            "routing_http_response_server_enabled": false,
            "routing_http_response_strict_transport_security_header_value": "",
            "routing_http_response_x_content_type_options_header_value": "",
            "routing_http_response_x_frame_options_header_value": "",
            "ssl_policy": "ELBSecurityPolicy-2016-08",
            "tags": {},
            "tags_all": {},
            "tcp_idle_timeout_seconds": null,
            "timeouts": null
          },
          "sensitive_attributes": [],
          "private": "eyJlMmJmYjczMC1lY2FhLTExZTYtOGY4OC0zNDM2M2JjN2M0YzAiOnsiY3JlYXRlIjozMDAwMDAwMDAwMDAsInVwZGF0ZSI6MzAwMDAwMDAwMDAwfX0=",
          "dependencies": [
            "aws_acm_certificate.wordpress_certificate",
            "aws_lb.wordpress_lb",
            "aws_lb_target_group.wordpress_target_group",
            "aws_security_group.alb_sg",
            "module.vpc.aws_subnet.public",
            "module.vpc.aws_vpc.this",
            "module.vpc.aws_vpc_ipv4_cidr_block_association.this"
          ]
        }
      ]
    },
    {
      "mode": "managed",
      "type": "aws_lb_target_group",
      "name": "wordpress_target_group",
      "provider": "provider[\"registry.terraform.io/hashicorp/aws\"]",
      "instances": [
        {
          "schema_version": 0,
          "attributes": {
            "arn": "arn:aws:elasticloadbalancing:eu-central-1:950487945443:targetgroup/wordpress-tg/4861eca4f348b4d1",
            "arn_suffix": "targetgroup/wordpress-tg/4861eca4f348b4d1",
            "connection_termination": null,
            "deregistration_delay": "300",
            "health_check": [
              {
                "enabled": true,
                "healthy_threshold": 3,
                "interval": 30,
                "matcher": "200",
                "path": "/",
                "port": "traffic-port",
                "protocol": "HTTP",
                "timeout": 5,
                "unhealthy_threshold": 5
              }
            ],
            "id": "arn:aws:elasticloadbalancing:eu-central-1:950487945443:targetgroup/wordpress-tg/4861eca4f348b4d1",
            "ip_address_type": "ipv4",
            "lambda_multi_value_headers_enabled": false,
            "load_balancer_arns": [
              "arn:aws:elasticloadbalancing:eu-central-1:950487945443:loadbalancer/app/wordpress-lb/1cf549e8a6958f71"
            ],
            "load_balancing_algorithm_type": "round_robin",
            "load_balancing_anomaly_mitigation": "off",
            "load_balancing_cross_zone_enabled": "use_load_balancer_configuration",
            "name": "wordpress-tg",
            "name_prefix": "",
            "port": 80,
            "preserve_client_ip": null,
            "protocol": "HTTP",
            "protocol_version": "HTTP1",
            "proxy_protocol_v2": false,
            "slow_start": 0,
            "stickiness": [
              {
                "cookie_duration": 86400,
                "cookie_name": "",
                "enabled": false,
                "type": "lb_cookie"
              }
            ],
            "tags": {},
            "tags_all": {},
            "target_failover": [
              {
                "on_deregistration": null,
                "on_unhealthy": null
              }
            ],
            "target_group_health": [
              {
                "dns_failover": [
                  {
                    "minimum_healthy_targets_count": "1",
                    "minimum_healthy_targets_percentage": "off"
                  }
                ],
                "unhealthy_state_routing": [
                  {
                    "minimum_healthy_targets_count": 1,
                    "minimum_healthy_targets_percentage": "off"
                  }
                ]
              }
            ],
            "target_health_state": [
              {
                "enable_unhealthy_connection_termination": null,
                "unhealthy_draining_interval": null
              }
            ],
            "target_type": "instance",
            "vpc_id": "vpc-0bb9514b5eb7d38e5"
          },
          "sensitive_attributes": [],
          "private": "bnVsbA==",
          "dependencies": [
            "module.vpc.aws_vpc.this"
          ]
        }
      ]
    },
    {
      "mode": "managed",
      "type": "aws_route53_record",
      "name": "wordpress_certificate_validation",
      "provider": "provider[\"registry.terraform.io/hashicorp/aws\"]",
      "instances": [
        {
          "schema_version": 2,
          "attributes": {
            "alias": [],
            "allow_overwrite": null,
            "cidr_routing_policy": [],
            "failover_routing_policy": [],
            "fqdn": "_95d3beb106b0e779da916919d66e2ed7.wordpress.stefankaa.com",
            "geolocation_routing_policy": [],
            "geoproximity_routing_policy": [],
            "health_check_id": "",
            "id": "Z05158402RI2DG58NCLV5__95d3beb106b0e779da916919d66e2ed7.wordpress.stefankaa.com._CNAME",
            "latency_routing_policy": [],
            "multivalue_answer_routing_policy": false,
            "name": "_95d3beb106b0e779da916919d66e2ed7.wordpress.stefankaa.com",
            "records": [
              "_a8dc0683cd105461ba849c16eacb9eac.xlfgrmvvlj.acm-validations.aws."
            ],
            "set_identifier": "",
            "timeouts": null,
            "ttl": 60,
            "type": "CNAME",
            "weighted_routing_policy": [],
            "zone_id": "Z05158402RI2DG58NCLV5"
          },
          "sensitive_attributes": [],
          "private": "eyJlMmJmYjczMC1lY2FhLTExZTYtOGY4OC0zNDM2M2JjN2M0YzAiOnsiY3JlYXRlIjoxODAwMDAwMDAwMDAwLCJkZWxldGUiOjE4MDAwMDAwMDAwMDAsInVwZGF0ZSI6MTgwMDAwMDAwMDAwMH0sInNjaGVtYV92ZXJzaW9uIjoiMiJ9",
          "dependencies": [
            "aws_acm_certificate.wordpress_certificate",
            "data.aws_route53_zone.primary"
          ]
        }
      ]
    },
    {
      "mode": "managed",
      "type": "aws_route53_record",
      "name": "wordpress_dns",
      "provider": "provider[\"registry.terraform.io/hashicorp/aws\"]",
      "instances": [
        {
          "schema_version": 2,
          "attributes": {
            "alias": [],
            "allow_overwrite": null,
            "cidr_routing_policy": [],
            "failover_routing_policy": [],
            "fqdn": "wordpress.stefankaa.com",
            "geolocation_routing_policy": [],
            "geoproximity_routing_policy": [],
            "health_check_id": "",
            "id": "Z05158402RI2DG58NCLV5_wordpress.stefankaa.com_CNAME",
            "latency_routing_policy": [],
            "multivalue_answer_routing_policy": false,
            "name": "wordpress.stefankaa.com",
            "records": [
              "wordpress-lb-1698109793.eu-central-1.elb.amazonaws.com"
            ],
            "set_identifier": "",
            "timeouts": null,
            "ttl": 60,
            "type": "CNAME",
            "weighted_routing_policy": [],
            "zone_id": "Z05158402RI2DG58NCLV5"
          },
          "sensitive_attributes": [],
          "private": "eyJlMmJmYjczMC1lY2FhLTExZTYtOGY4OC0zNDM2M2JjN2M0YzAiOnsiY3JlYXRlIjoxODAwMDAwMDAwMDAwLCJkZWxldGUiOjE4MDAwMDAwMDAwMDAsInVwZGF0ZSI6MTgwMDAwMDAwMDAwMH0sInNjaGVtYV92ZXJzaW9uIjoiMiJ9",
          "dependencies": [
            "aws_lb.wordpress_lb",
            "aws_security_group.alb_sg",
            "data.aws_route53_zone.primary",
            "module.vpc.aws_subnet.public",
            "module.vpc.aws_vpc.this",
            "module.vpc.aws_vpc_ipv4_cidr_block_association.this"
          ]
        }
      ]
    },
    {
      "mode": "managed",
      "type": "aws_security_group",
      "name": "alb_sg",
      "provider": "provider[\"registry.terraform.io/hashicorp/aws\"]",
      "instances": [
        {
          "schema_version": 1,
          "attributes": {
            "arn": "arn:aws:ec2:eu-central-1:950487945443:security-group/sg-0bc2cc1b7791faea4",
            "description": "Allow HTTP and HTTPS traffic",
            "egress": [
              {
                "cidr_blocks": [
                  "0.0.0.0/0"
                ],
                "description": "",
                "from_port": 0,
                "ipv6_cidr_blocks": [],
                "prefix_list_ids": [],
                "protocol": "-1",
                "security_groups": [],
                "self": false,
                "to_port": 0
              }
            ],
            "id": "sg-0bc2cc1b7791faea4",
            "ingress": [
              {
                "cidr_blocks": [
                  "0.0.0.0/0"
                ],
                "description": "",
                "from_port": 443,
                "ipv6_cidr_blocks": [],
                "prefix_list_ids": [],
                "protocol": "tcp",
                "security_groups": [],
                "self": false,
                "to_port": 443
              },
              {
                "cidr_blocks": [
                  "0.0.0.0/0"
                ],
                "description": "",
                "from_port": 80,
                "ipv6_cidr_blocks": [],
                "prefix_list_ids": [],
                "protocol": "tcp",
                "security_groups": [],
                "self": false,
                "to_port": 80
              }
            ],
            "name": "alb-sg",
            "name_prefix": "",
            "owner_id": "950487945443",
            "revoke_rules_on_delete": false,
            "tags": {},
            "tags_all": {},
            "timeouts": null,
            "vpc_id": "vpc-0bb9514b5eb7d38e5"
          },
          "sensitive_attributes": [],
          "private": "eyJlMmJmYjczMC1lY2FhLTExZTYtOGY4OC0zNDM2M2JjN2M0YzAiOnsiY3JlYXRlIjo2MDAwMDAwMDAwMDAsImRlbGV0ZSI6OTAwMDAwMDAwMDAwfSwic2NoZW1hX3ZlcnNpb24iOiIxIn0=",
          "dependencies": [
            "module.vpc.aws_vpc.this"
          ]
        }
      ]
    },
    {
      "mode": "managed",
      "type": "aws_security_group",
      "name": "ec2_sg",
      "provider": "provider[\"registry.terraform.io/hashicorp/aws\"]",
      "instances": [
        {
          "schema_version": 1,
          "attributes": {
            "arn": "arn:aws:ec2:eu-central-1:950487945443:security-group/sg-064b66f6b8dd1227a",
            "description": "Allow HTTP from ALB",
            "egress": [
              {
                "cidr_blocks": [
                  "0.0.0.0/0"
                ],
                "description": "",
                "from_port": 0,
                "ipv6_cidr_blocks": [],
                "prefix_list_ids": [],
                "protocol": "-1",
                "security_groups": [],
                "self": false,
                "to_port": 0
              }
            ],
            "id": "sg-064b66f6b8dd1227a",
            "ingress": [
              {
                "cidr_blocks": [
                  "0.0.0.0/0"
                ],
                "description": "",
                "from_port": 22,
                "ipv6_cidr_blocks": [],
                "prefix_list_ids": [],
                "protocol": "tcp",
                "security_groups": [],
                "self": false,
                "to_port": 22
              },
              {
                "cidr_blocks": [],
                "description": "",
                "from_port": 80,
                "ipv6_cidr_blocks": [],
                "prefix_list_ids": [],
                "protocol": "tcp",
                "security_groups": [
                  "sg-0bc2cc1b7791faea4"
                ],
                "self": false,
                "to_port": 80
              }
            ],
            "name": "ec2-sg",
            "name_prefix": "",
            "owner_id": "950487945443",
            "revoke_rules_on_delete": false,
            "tags": {},
            "tags_all": {},
            "timeouts": null,
            "vpc_id": "vpc-0bb9514b5eb7d38e5"
          },
          "sensitive_attributes": [],
          "private": "eyJlMmJmYjczMC1lY2FhLTExZTYtOGY4OC0zNDM2M2JjN2M0YzAiOnsiY3JlYXRlIjo2MDAwMDAwMDAwMDAsImRlbGV0ZSI6OTAwMDAwMDAwMDAwfSwic2NoZW1hX3ZlcnNpb24iOiIxIn0=",
          "dependencies": [
            "aws_security_group.alb_sg",
            "module.vpc.aws_vpc.this"
          ]
        }
      ]
    },
    {
      "mode": "managed",
      "type": "aws_security_group",
      "name": "rds_sg",
      "provider": "provider[\"registry.terraform.io/hashicorp/aws\"]",
      "instances": [
        {
          "schema_version": 1,
          "attributes": {
            "arn": "arn:aws:ec2:eu-central-1:950487945443:security-group/sg-0279caa2cf2fdd8c8",
            "description": "Managed by Terraform",
            "egress": [
              {
                "cidr_blocks": [
                  "0.0.0.0/0"
                ],
                "description": "",
                "from_port": 0,
                "ipv6_cidr_blocks": [],
                "prefix_list_ids": [],
                "protocol": "-1",
                "security_groups": [],
                "self": false,
                "to_port": 0
              }
            ],
            "id": "sg-0279caa2cf2fdd8c8",
            "ingress": [
              {
                "cidr_blocks": [],
                "description": "",
                "from_port": 3306,
                "ipv6_cidr_blocks": [],
                "prefix_list_ids": [],
                "protocol": "tcp",
                "security_groups": [
                  "sg-064b66f6b8dd1227a"
                ],
                "self": false,
                "to_port": 3306
              }
            ],
            "name": "rds-sg",
            "name_prefix": "",
            "owner_id": "950487945443",
            "revoke_rules_on_delete": false,
            "tags": {},
            "tags_all": {},
            "timeouts": null,
            "vpc_id": "vpc-0bb9514b5eb7d38e5"
          },
          "sensitive_attributes": [],
          "private": "eyJlMmJmYjczMC1lY2FhLTExZTYtOGY4OC0zNDM2M2JjN2M0YzAiOnsiY3JlYXRlIjo2MDAwMDAwMDAwMDAsImRlbGV0ZSI6OTAwMDAwMDAwMDAwfSwic2NoZW1hX3ZlcnNpb24iOiIxIn0=",
          "dependencies": [
            "aws_security_group.alb_sg",
            "aws_security_group.ec2_sg",
            "module.vpc.aws_vpc.this"
          ]
        }
      ]
    },
    {
      "mode": "managed",
      "type": "aws_ssm_association",
      "name": "ec2_cloudwatch_association",
      "provider": "provider[\"registry.terraform.io/hashicorp/aws\"]",
      "instances": [
        {
          "schema_version": 1,
          "attributes": {
            "apply_only_at_cron_interval": false,
            "arn": "arn:aws:ssm:eu-central-1:950487945443:association/cd39b323-04a5-4194-8710-1e59351bd652",
            "association_id": "cd39b323-04a5-4194-8710-1e59351bd652",
            "association_name": "WordPressEC2Logs",
            "automation_target_parameter_name": "",
            "compliance_severity": "",
            "document_version": "$DEFAULT",
            "id": "cd39b323-04a5-4194-8710-1e59351bd652",
            "instance_id": "",
            "max_concurrency": "",
            "max_errors": "",
            "name": "CloudWatchConfig",
            "output_location": [],
            "parameters": {},
            "schedule_expression": "",
            "sync_compliance": "",
            "tags": {},
            "tags_all": {},
            "targets": [
              {
                "key": "tag:Name",
                "values": [
                  "wordpress-instance"
                ]
              }
            ],
            "wait_for_success_timeout_seconds": null
          },
          "sensitive_attributes": [],
          "private": "eyJzY2hlbWFfdmVyc2lvbiI6IjEifQ==",
          "dependencies": [
            "aws_ssm_document.ec2_cloudwatch_config"
          ]
        }
      ]
    },
    {
      "mode": "managed",
      "type": "aws_ssm_document",
      "name": "ec2_cloudwatch_config",
      "provider": "provider[\"registry.terraform.io/hashicorp/aws\"]",
      "instances": [
        {
          "schema_version": 0,
          "attributes": {
            "arn": "arn:aws:ssm:eu-central-1:950487945443:document/CloudWatchConfig",
            "attachments_source": [],
            "content": "{\n  \"schemaVersion\": \"2.2\",\n  \"description\": \"CloudWatch Logs configuration for EC2 instance\",\n  \"mainSteps\": [\n    {\n      \"action\": \"aws:runShellScript\",\n      \"name\": \"configureCloudWatchLogs\",\n      \"inputs\": {\n        \"runCommand\": [\n          \"yum install -y awslogs\",\n          \"service awslogs start\",\n          \"chkconfig awslogs on\",\n          \"echo '[general]' \u003e\u003e /etc/awslogs/awslogs.conf\",\n          \"echo 'state_file = /var/lib/awslogs/state' \u003e\u003e /etc/awslogs/awslogs.conf\",\n          \"echo '[logs]' \u003e\u003e /etc/awslogs/awslogs.conf\",\n          \"echo 'log_group_name = /aws/ec2/wordpress-instance-logs' \u003e\u003e /etc/awslogs/awslogs.conf\",\n          \"echo 'log_stream_name = wordpress-instance-stream' \u003e\u003e /etc/awslogs/awslogs.conf\",\n          \"service awslogs restart\"\n        ]\n      }\n    }\n  ]\n}\n",
            "created_date": "2025-04-12T11:43:34Z",
            "default_version": "1",
            "description": "CloudWatch Logs configuration for EC2 instance",
            "document_format": "JSON",
            "document_type": "Command",
            "document_version": "1",
            "hash": "d01cfdc36a168d656d51b9b89c1ea04984f3d7beb7e2d2b93367409057c0306f",
            "hash_type": "Sha256",
            "id": "CloudWatchConfig",
            "latest_version": "1",
            "name": "CloudWatchConfig",
            "owner": "950487945443",
            "parameter": [],
            "permissions": {},
            "platform_types": [
              "Linux",
              "MacOS"
            ],
            "schema_version": "2.2",
            "status": "Active",
            "tags": {},
            "tags_all": {},
            "target_type": "",
            "version_name": ""
          },
          "sensitive_attributes": [],
          "private": "bnVsbA=="
        }
      ]
    },
    {
      "mode": "managed",
      "type": "local_file",
      "name": "private_key",
      "provider": "provider[\"registry.terraform.io/hashicorp/local\"]",
      "instances": [
        {
          "schema_version": 0,
          "attributes": {
            "content": "-----BEGIN RSA PRIVATE KEY-----\nMIIJJwIBAAKCAgEAz8eR5PKDBK83H0skasFxkAPTZVAreRgMVYqfX6ToXFxMHmSh\nfTEvBMsCcHt/R0UyX6ee1R44pBCTu3vu3I9PUDP0AZhEhlRCLgqAKmng38aKQCgm\nPVK80Xi/p3AtnGPW/mDaNTxlnu/fsPjr4BGaaCxD/iQoEM6G42Avk0KdF5DWNRYZ\n//BiCt1lQh/ihvLuNGhYJG9f6i27p44IOVMIzz6PhPetX1zgc24R5BATtqqHDo+s\n5VniT6sHDKJ7F23eXooFz3703eKp8h9IHHL5An+zTkGLDK80qTGwqLliyUCtvpye\nvlW6TU32habqTclc8aZNqyBsHKZQUvfawmViLcckv22zKiprtiOhs/F0pAfoJxIP\nEUC8xhBVgiLDdfRJwniQzWtSTJab1qo+RMmsZO/8Pafx/a9Yo7lDsCwGa4g6FDyt\nrut3/r9Ab8OENvUk0vlgTiRMubqprL1nBYakv/WlLpbX5m04GrkJbccufI48QPwB\nBrp3LVfy+mnaDXLut0On/sPNdmi5YcbuLO0yBTx0E5TPom+GEEgZbQDnW33XZODJ\ngSXRDVBzjtqLrt0s0a+2i4MX9lw151JQAAUNnpHSXhsysSrjsHvFlmmhhCRTzr3Q\nc7L9JR92/chS+DlAhZtBJy8CB3jRLCXXhhV2pv9aBSXnEyqn54GhhSX7/rECAwEA\nAQKCAgBGL8nupqTvXiimn4FrtnCgD0rHfG9S9nakJrFzY4dCO8NSuPd8DLMvUUw/\nptf1wUAk48BZiV3kvdzJhjHHu3k1RHd2WnM7VRcN6mok6aMWtEBbL7TLHjm+IKXM\n763YmDk1sI3FUeOZ7rmHVG6JQCkCa4GERb5q/vi9se4gNm5OWZSiVhbuR8s2lFby\nIUcqAsHIXj73/89MkapEDUxl4NCnASEF74xXHE6Nb28HtQ6Ts8LvfkUPLG+wLbux\n3ujpnylwkfsofmBE255AtaRsR8Ipv+1Xz/gijsShKrHcLNNb3EdUjh9peBf4qQ9P\nUnTvVcfZsS2nUspyWxPjEuqIpCqnZD12GhUyZOZ2v7VYyouFLvNjE41W05tW6HmQ\nJx7WGhr6DrmzPSl8wRFWyqM/uqnehlc4J/d4zdp9nPWUw9jUv0nyTLGWMfQ6maR5\nCwpzyxG5EF+sb+fRplIZdgj8neAOtGIT0E03mDLrlKLWjCr2mE0s2uod4gv8JzWh\nNRcvwrtBKpXGc9+TiWQeZ6dolCh/Ptv9UZdIgHflrFs0nMdcYbSjjZR222cAf5wD\nd26FRph3YvcH7zMsOYTPoPPJSg0u5t0f7d7UYcHXBgGg/6dGVKYhkCeBc7YFQ2sK\nDOP/Ur0F7u8BTFCS+apEo0EboYo212vncFqJdkF60LOLe+B9YQKCAQEA6MYL/3Dp\nP3Lr6z8iyZOoIwzWKf1V+Cno8KD6EZ26Dj29axdO344/DGKT0NcMKOZlna6bHtS5\nK7j7/D8VmXjjgozA5Lgu/e94yoWhg7ePegaoi5SRM8Ske8Bp7/rWYsB3jwpkSdfp\nYAZA5auGyqVHA6fpDedmldGgT8YTfVYEYYPLSePlPTLFsSC6ZS5GyJxcyyL6I1S4\n7vZlNaCeA6dQ10JUClPn5xnLl8yNc+1rR5peP6vHs5l9QjXzr8Y2wreWN0DkminH\nHJRYofJZ3ddtIsxgHdrCbU3UIPySYWKZ1Z+pM+99WH7RD+u3Eu9cRJZPKxd/99Nt\nKTVbSU5GucH+TQKCAQEA5IMTpaJvnIk55tX33e+maKGokpWro2ThSfojdCsno7RR\nWq1wf1xrOUCvzcrrlz/dyLJZn58wm+p0y2O7JI/52ufvkEDFG6UaRm1jtKtXO8bb\neE92uphM9WoVoe/7KZLGNcvXeqpHUjmOEIjcGta/Uj4/vM3H3+PDEURfLeqM63QU\n3gB/RLaWzZJRuDnfHfsUYwhiTNyx3CRgnw4EWE3V3G9OkBrXNJxWWBanQXPFM6z6\ngn47Gay8Kew70a3czcpUoNRrhf+dMie9Vjijv/xBAbVuOnaWYkDqtPmayp5bBvOs\nXjIjRBfFCQSPfbyIyzBQaMzWN1/VRPgk0G58b0eb9QKCAQBD0kh2odhkE0Dn5xpk\nrzADHl9cFqMwzk0/pzeVYGZwdc614DGr808tdZ9p7u5tEEw1OEWcIxDcy2YoJd1O\nPSnUxNwDCCMw+9Au+eaIcThNrpj3Kk9wTPA72mFDectzNG7hb36vAUjPIKNSB7sb\nWjKpvwepdG2wY0aZV7YgA6r9GqBlpBAL17pAFLAagPRAyUZELanCF5JWldYBXQ4N\nNHfacEn6RF5COILYdNIWH+vtDe4+EPf7vVIAs6WP5mnYLBOJf8/blyabjiGQ9gL3\nHyh+RhwPNskFffK7tbuUwlzeIEn1hub3nOOfBuftjW5N0Zm5jXxMof6hThmN70+u\nGfbVAoIBADbpvN3v5Axk+bIcNx1xSrcYKg9XwlBYnL8PSlfPSw5O9cHprgAdMHMo\ntVap7eWB5oUlPt5Z/e9p7zk1NTK7GprdY7dxqSxUh7Tm8q/nAOaPigwmZGzAzrWn\nEZ3BssSxzcn9u0FyDAOZaydUDDiy5HUaGmz/sol+DVFn8ctx8v1d/um+itbzXdf2\n0oaH+bMVtDd8O0snOeKiJ0nxr1+dDMiVQvbkTFULQMCYaQcUkA40Als7hG5OEUWt\nzE4+DrKxbZbclR41aAw2eoxuvgMT1ndXpy6LcuYXnY9x8B3C4jMQeZqFR+5EHAhn\nvSfFF8ZkTN5yYwQZloGldAtWkbaYKcUCggEASQKTsXS5eJgNrVOyTzXddbSQdLmV\nyIFINH5+7HIbeInqWHPyxViUJg9LVdnxEWj91sk7DYdrPwGb9ZdKwhQH5HL9KDqb\nI/r/1gE3ZY/xB/zejWOwhqql/yeXBSALpg7v5HFYPje9fGGdlyb8RFek7iTOzAfy\n0TKSgL52kerrdLKtwSOI9ikuFQg2hSBOcmqnVku9fugNa6SGzHDimdzepZk5R236\nMlYn5uJHaxpcFURlxXJnoNOcLk7tIk9uEwGjVWmsK6gqcFffuQOGTfMAfkGU9dst\nHgHsjy/Yq10rwrdKD5807gSq0ySmPg8mQMacjMldBF5jNFD5csX42PSuaA==\n-----END RSA PRIVATE KEY-----\n",
            "content_base64": null,
            "content_base64sha256": "kCpQAfE0uD2DsZ61tmtTlXSFwO/4BGpEWAQvfVpUhf8=",
            "content_base64sha512": "IS68z6r4Vz7Y6lT1fbIczdcj4Q+8GOXR+9tvU59r15imPKZ/8fq1gPK1vGE7E5uYUIRzhGb7K9QWKhAzvVh4vA==",
            "content_md5": "af76476d17b6f7457be669e57e355781",
            "content_sha1": "23ef7439345829e19df16244ba96ed8fefa32cf6",
            "content_sha256": "902a5001f134b83d83b19eb5b66b53957485c0eff8046a4458042f7d5a5485ff",
            "content_sha512": "212ebccfaaf8573ed8ea54f57db21ccdd723e10fbc18e5d1fbdb6f539f6bd798a63ca67ff1fab580f2b5bc613b139b985084738466fb2bd4162a1033bd5878bc",
            "directory_permission": "0777",
            "file_permission": "0600",
            "filename": "wordpress-key.pem",
            "id": "23ef7439345829e19df16244ba96ed8fefa32cf6",
            "sensitive_content": null,
            "source": null
          },
          "sensitive_attributes": [
            [
              {
                "type": "get_attr",
                "value": "sensitive_content"
              }
            ],
            [
              {
                "type": "get_attr",
                "value": "content"
              }
            ]
          ],
          "dependencies": [
            "tls_private_key.wordpress_key"
          ]
        }
      ]
    },
    {
      "mode": "managed",
      "type": "null_resource",
      "name": "wait_for_targets_healthy",
      "provider": "provider[\"registry.terraform.io/hashicorp/null\"]",
      "instances": [
        {
          "schema_version": 0,
          "attributes": {
            "id": "1810227933849655722",
            "triggers": null
          },
          "sensitive_attributes": [],
          "dependencies": [
            "aws_lb_target_group.wordpress_target_group",
            "module.vpc.aws_vpc.this"
          ]
        }
      ]
    },
    {
      "mode": "managed",
      "type": "random_password",
      "name": "db_password",
      "provider": "provider[\"registry.terraform.io/hashicorp/random\"]",
      "instances": [
        {
          "schema_version": 3,
          "attributes": {
            "bcrypt_hash": "$2a$10$kP6k7lGrEoCEptDoNFs.u.ajP62pf2LW2rz3ur8Sq7sOCn/q/fRTC",
            "id": "none",
            "keepers": null,
            "length": 16,
            "lower": true,
            "min_lower": 0,
            "min_numeric": 0,
            "min_special": 0,
            "min_upper": 0,
            "number": true,
            "numeric": true,
            "override_special": null,
            "result": "jLkkqaeLGJFAwcDa",
            "special": false,
            "upper": true
          },
          "sensitive_attributes": [
            [
              {
                "type": "get_attr",
                "value": "result"
              }
            ],
            [
              {
                "type": "get_attr",
                "value": "bcrypt_hash"
              }
            ]
          ]
        }
      ]
    },
    {
      "mode": "managed",
      "type": "tls_private_key",
      "name": "wordpress_key",
      "provider": "provider[\"registry.terraform.io/hashicorp/tls\"]",
      "instances": [
        {
          "schema_version": 1,
          "attributes": {
            "algorithm": "RSA",
            "ecdsa_curve": "P224",
            "id": "66ce7a3820147b4e798245458ab103b6ab9d6d14",
            "private_key_openssh": "-----BEGIN OPENSSH PRIVATE KEY-----\nb3BlbnNzaC1rZXktdjEAAAAABG5vbmUAAAAEbm9uZQAAAAAAAAABAAACFwAAAAdz\nc2gtcnNhAAAAAwEAAQAAAgEAz8eR5PKDBK83H0skasFxkAPTZVAreRgMVYqfX6To\nXFxMHmShfTEvBMsCcHt/R0UyX6ee1R44pBCTu3vu3I9PUDP0AZhEhlRCLgqAKmng\n38aKQCgmPVK80Xi/p3AtnGPW/mDaNTxlnu/fsPjr4BGaaCxD/iQoEM6G42Avk0Kd\nF5DWNRYZ//BiCt1lQh/ihvLuNGhYJG9f6i27p44IOVMIzz6PhPetX1zgc24R5BAT\ntqqHDo+s5VniT6sHDKJ7F23eXooFz3703eKp8h9IHHL5An+zTkGLDK80qTGwqLli\nyUCtvpyevlW6TU32habqTclc8aZNqyBsHKZQUvfawmViLcckv22zKiprtiOhs/F0\npAfoJxIPEUC8xhBVgiLDdfRJwniQzWtSTJab1qo+RMmsZO/8Pafx/a9Yo7lDsCwG\na4g6FDytrut3/r9Ab8OENvUk0vlgTiRMubqprL1nBYakv/WlLpbX5m04GrkJbccu\nfI48QPwBBrp3LVfy+mnaDXLut0On/sPNdmi5YcbuLO0yBTx0E5TPom+GEEgZbQDn\nW33XZODJgSXRDVBzjtqLrt0s0a+2i4MX9lw151JQAAUNnpHSXhsysSrjsHvFlmmh\nhCRTzr3Qc7L9JR92/chS+DlAhZtBJy8CB3jRLCXXhhV2pv9aBSXnEyqn54GhhSX7\n/rEAAAc4a7hn6Gu4Z+gAAAAHc3NoLXJzYQAAAgEAz8eR5PKDBK83H0skasFxkAPT\nZVAreRgMVYqfX6ToXFxMHmShfTEvBMsCcHt/R0UyX6ee1R44pBCTu3vu3I9PUDP0\nAZhEhlRCLgqAKmng38aKQCgmPVK80Xi/p3AtnGPW/mDaNTxlnu/fsPjr4BGaaCxD\n/iQoEM6G42Avk0KdF5DWNRYZ//BiCt1lQh/ihvLuNGhYJG9f6i27p44IOVMIzz6P\nhPetX1zgc24R5BATtqqHDo+s5VniT6sHDKJ7F23eXooFz3703eKp8h9IHHL5An+z\nTkGLDK80qTGwqLliyUCtvpyevlW6TU32habqTclc8aZNqyBsHKZQUvfawmViLcck\nv22zKiprtiOhs/F0pAfoJxIPEUC8xhBVgiLDdfRJwniQzWtSTJab1qo+RMmsZO/8\nPafx/a9Yo7lDsCwGa4g6FDytrut3/r9Ab8OENvUk0vlgTiRMubqprL1nBYakv/Wl\nLpbX5m04GrkJbccufI48QPwBBrp3LVfy+mnaDXLut0On/sPNdmi5YcbuLO0yBTx0\nE5TPom+GEEgZbQDnW33XZODJgSXRDVBzjtqLrt0s0a+2i4MX9lw151JQAAUNnpHS\nXhsysSrjsHvFlmmhhCRTzr3Qc7L9JR92/chS+DlAhZtBJy8CB3jRLCXXhhV2pv9a\nBSXnEyqn54GhhSX7/rEAAAADAQABAAACAEYvye6mpO9eKKafgWu2cKAPSsd8b1L2\ndqQmsXNjh0I7w1K493wMsy9RTD+m1/XBQCTjwFmJXeS93MmGMce7eTVEd3ZacztV\nFw3qaiTpoxa0QFsvtMseOb4gpczvrdiYOTWwjcVR45nuuYdUbolAKQJrgYRFvmr+\n+L2x7iA2bk5ZlKJWFu5HyzaUVvIhRyoCwchePvf/z0yRqkQNTGXg0KcBIQXvjFcc\nTo1vbwe1DpOzwu9+RQ8sb7Atu7He6OmfKXCR+yh+YETbnkC1pGxHwim/7VfP+CKO\nxKEqsdws01vcR1SOH2l4F/ipD09SdO9Vx9mxLadSynJbE+MS6oikKqdkPXYaFTJk\n5na/tVjKi4Uu82MTjVbTm1boeZAnHtYaGvoOubM9KXzBEVbKoz+6qd6GVzgn93jN\n2n2c9ZTD2NS/SfJMsZYx9DqZpHkLCnPLEbkQX6xv59GmUhl2CPyd4A60YhPQTTeY\nMuuUotaMKvaYTSza6h3iC/wnNaE1Fy/Cu0EqlcZz35OJZB5np2iUKH8+2/1Rl0iA\nd+WsWzScx1xhtKONlHbbZwB/nAN3boVGmHdi9wfvMyw5hM+g88lKDS7m3R/t3tRh\nwdcGAaD/p0ZUpiGQJ4FztgVDawoM4/9SvQXu7wFMUJL5qkSjQRuhijbXa+dwWol2\nQXrQs4t74H1hAAABAEkCk7F0uXiYDa1Tsk813XW0kHS5lciBSDR+fuxyG3iJ6lhz\n8sVYlCYPS1XZ8RFo/dbJOw2Haz8Bm/WXSsIUB+Ry/Sg6myP6/9YBN2WP8Qf83o1j\nsIaqpf8nlwUgC6YO7+RxWD43vXxhnZcm/ERXpO4kzswH8tEykoC+dpHq63SyrcEj\niPYpLhUINoUgTnJqp1ZLvX7oDWukhsxw4pnc3qWZOUdt+jJWJ+biR2saXBVEZcVy\nZ6DTnC5O7SJPbhMBo1VprCuoKnBX37kDhk3zAH5BlPXbLR4B7I8v2KtdK8K3Sg+f\nNO4EqtMkpj4PJkDGnIzJXQReYzRQ+XLF+Nj0rmgAAAEBAOjGC/9w6T9y6+s/IsmT\nqCMM1in9Vfgp6PCg+hGdug49vWsXTt+OPwxik9DXDCjmZZ2umx7UuSu4+/w/FZl4\n44KMwOS4Lv3veMqFoYO3j3oGqIuUkTPEpHvAae/61mLAd48KZEnX6WAGQOWrhsql\nRwOn6Q3nZpXRoE/GE31WBGGDy0nj5T0yxbEgumUuRsicXMsi+iNUuO72ZTWgngOn\nUNdCVApT5+cZy5fMjXPta0eaXj+rx7OZfUI186/GNsK3ljdA5JopxxyUWKHyWd3X\nbSLMYB3awm1N1CD8kmFimdWfqTPvfVh+0Q/rtxLvXESWTysXf/fTbSk1W0lORrnB\n/k0AAAEBAOSDE6Wib5yJOebV993vpmihqJKVq6Nk4Un6I3QrJ6O0UVqtcH9cazlA\nr83K65c/3ciyWZ+fMJvqdMtjuySP+drn75BAxRulGkZtY7SrVzvG23hPdrqYTPVq\nFaHv+ymSxjXL13qqR1I5jhCI3BrWv1I+P7zNx9/jwxFEXy3qjOt0FN4Af0S2ls2S\nUbg53x37FGMIYkzcsdwkYJ8OBFhN1dxvTpAa1zScVlgWp0FzxTOs+oJ+OxmsvCns\nO9Gt3M3KVKDUa4X/nTInvVY4o7/8QQG1bjp2lmJA6rT5msqeWwbzrF4yI0QXxQkE\nj328iMswUGjM1jdf1UT4JNBufG9Hm/UAAAAAAQID\n-----END OPENSSH PRIVATE KEY-----\n",
            "private_key_pem": "-----BEGIN RSA PRIVATE KEY-----\nMIIJJwIBAAKCAgEAz8eR5PKDBK83H0skasFxkAPTZVAreRgMVYqfX6ToXFxMHmSh\nfTEvBMsCcHt/R0UyX6ee1R44pBCTu3vu3I9PUDP0AZhEhlRCLgqAKmng38aKQCgm\nPVK80Xi/p3AtnGPW/mDaNTxlnu/fsPjr4BGaaCxD/iQoEM6G42Avk0KdF5DWNRYZ\n//BiCt1lQh/ihvLuNGhYJG9f6i27p44IOVMIzz6PhPetX1zgc24R5BATtqqHDo+s\n5VniT6sHDKJ7F23eXooFz3703eKp8h9IHHL5An+zTkGLDK80qTGwqLliyUCtvpye\nvlW6TU32habqTclc8aZNqyBsHKZQUvfawmViLcckv22zKiprtiOhs/F0pAfoJxIP\nEUC8xhBVgiLDdfRJwniQzWtSTJab1qo+RMmsZO/8Pafx/a9Yo7lDsCwGa4g6FDyt\nrut3/r9Ab8OENvUk0vlgTiRMubqprL1nBYakv/WlLpbX5m04GrkJbccufI48QPwB\nBrp3LVfy+mnaDXLut0On/sPNdmi5YcbuLO0yBTx0E5TPom+GEEgZbQDnW33XZODJ\ngSXRDVBzjtqLrt0s0a+2i4MX9lw151JQAAUNnpHSXhsysSrjsHvFlmmhhCRTzr3Q\nc7L9JR92/chS+DlAhZtBJy8CB3jRLCXXhhV2pv9aBSXnEyqn54GhhSX7/rECAwEA\nAQKCAgBGL8nupqTvXiimn4FrtnCgD0rHfG9S9nakJrFzY4dCO8NSuPd8DLMvUUw/\nptf1wUAk48BZiV3kvdzJhjHHu3k1RHd2WnM7VRcN6mok6aMWtEBbL7TLHjm+IKXM\n763YmDk1sI3FUeOZ7rmHVG6JQCkCa4GERb5q/vi9se4gNm5OWZSiVhbuR8s2lFby\nIUcqAsHIXj73/89MkapEDUxl4NCnASEF74xXHE6Nb28HtQ6Ts8LvfkUPLG+wLbux\n3ujpnylwkfsofmBE255AtaRsR8Ipv+1Xz/gijsShKrHcLNNb3EdUjh9peBf4qQ9P\nUnTvVcfZsS2nUspyWxPjEuqIpCqnZD12GhUyZOZ2v7VYyouFLvNjE41W05tW6HmQ\nJx7WGhr6DrmzPSl8wRFWyqM/uqnehlc4J/d4zdp9nPWUw9jUv0nyTLGWMfQ6maR5\nCwpzyxG5EF+sb+fRplIZdgj8neAOtGIT0E03mDLrlKLWjCr2mE0s2uod4gv8JzWh\nNRcvwrtBKpXGc9+TiWQeZ6dolCh/Ptv9UZdIgHflrFs0nMdcYbSjjZR222cAf5wD\nd26FRph3YvcH7zMsOYTPoPPJSg0u5t0f7d7UYcHXBgGg/6dGVKYhkCeBc7YFQ2sK\nDOP/Ur0F7u8BTFCS+apEo0EboYo212vncFqJdkF60LOLe+B9YQKCAQEA6MYL/3Dp\nP3Lr6z8iyZOoIwzWKf1V+Cno8KD6EZ26Dj29axdO344/DGKT0NcMKOZlna6bHtS5\nK7j7/D8VmXjjgozA5Lgu/e94yoWhg7ePegaoi5SRM8Ske8Bp7/rWYsB3jwpkSdfp\nYAZA5auGyqVHA6fpDedmldGgT8YTfVYEYYPLSePlPTLFsSC6ZS5GyJxcyyL6I1S4\n7vZlNaCeA6dQ10JUClPn5xnLl8yNc+1rR5peP6vHs5l9QjXzr8Y2wreWN0DkminH\nHJRYofJZ3ddtIsxgHdrCbU3UIPySYWKZ1Z+pM+99WH7RD+u3Eu9cRJZPKxd/99Nt\nKTVbSU5GucH+TQKCAQEA5IMTpaJvnIk55tX33e+maKGokpWro2ThSfojdCsno7RR\nWq1wf1xrOUCvzcrrlz/dyLJZn58wm+p0y2O7JI/52ufvkEDFG6UaRm1jtKtXO8bb\neE92uphM9WoVoe/7KZLGNcvXeqpHUjmOEIjcGta/Uj4/vM3H3+PDEURfLeqM63QU\n3gB/RLaWzZJRuDnfHfsUYwhiTNyx3CRgnw4EWE3V3G9OkBrXNJxWWBanQXPFM6z6\ngn47Gay8Kew70a3czcpUoNRrhf+dMie9Vjijv/xBAbVuOnaWYkDqtPmayp5bBvOs\nXjIjRBfFCQSPfbyIyzBQaMzWN1/VRPgk0G58b0eb9QKCAQBD0kh2odhkE0Dn5xpk\nrzADHl9cFqMwzk0/pzeVYGZwdc614DGr808tdZ9p7u5tEEw1OEWcIxDcy2YoJd1O\nPSnUxNwDCCMw+9Au+eaIcThNrpj3Kk9wTPA72mFDectzNG7hb36vAUjPIKNSB7sb\nWjKpvwepdG2wY0aZV7YgA6r9GqBlpBAL17pAFLAagPRAyUZELanCF5JWldYBXQ4N\nNHfacEn6RF5COILYdNIWH+vtDe4+EPf7vVIAs6WP5mnYLBOJf8/blyabjiGQ9gL3\nHyh+RhwPNskFffK7tbuUwlzeIEn1hub3nOOfBuftjW5N0Zm5jXxMof6hThmN70+u\nGfbVAoIBADbpvN3v5Axk+bIcNx1xSrcYKg9XwlBYnL8PSlfPSw5O9cHprgAdMHMo\ntVap7eWB5oUlPt5Z/e9p7zk1NTK7GprdY7dxqSxUh7Tm8q/nAOaPigwmZGzAzrWn\nEZ3BssSxzcn9u0FyDAOZaydUDDiy5HUaGmz/sol+DVFn8ctx8v1d/um+itbzXdf2\n0oaH+bMVtDd8O0snOeKiJ0nxr1+dDMiVQvbkTFULQMCYaQcUkA40Als7hG5OEUWt\nzE4+DrKxbZbclR41aAw2eoxuvgMT1ndXpy6LcuYXnY9x8B3C4jMQeZqFR+5EHAhn\nvSfFF8ZkTN5yYwQZloGldAtWkbaYKcUCggEASQKTsXS5eJgNrVOyTzXddbSQdLmV\nyIFINH5+7HIbeInqWHPyxViUJg9LVdnxEWj91sk7DYdrPwGb9ZdKwhQH5HL9KDqb\nI/r/1gE3ZY/xB/zejWOwhqql/yeXBSALpg7v5HFYPje9fGGdlyb8RFek7iTOzAfy\n0TKSgL52kerrdLKtwSOI9ikuFQg2hSBOcmqnVku9fugNa6SGzHDimdzepZk5R236\nMlYn5uJHaxpcFURlxXJnoNOcLk7tIk9uEwGjVWmsK6gqcFffuQOGTfMAfkGU9dst\nHgHsjy/Yq10rwrdKD5807gSq0ySmPg8mQMacjMldBF5jNFD5csX42PSuaA==\n-----END RSA PRIVATE KEY-----\n",
            "private_key_pem_pkcs8": "-----BEGIN PRIVATE KEY-----\nMIIJQQIBADANBgkqhkiG9w0BAQEFAASCCSswggknAgEAAoICAQDPx5Hk8oMErzcf\nSyRqwXGQA9NlUCt5GAxVip9fpOhcXEweZKF9MS8EywJwe39HRTJfp57VHjikEJO7\ne+7cj09QM/QBmESGVEIuCoAqaeDfxopAKCY9UrzReL+ncC2cY9b+YNo1PGWe79+w\n+OvgEZpoLEP+JCgQzobjYC+TQp0XkNY1Fhn/8GIK3WVCH+KG8u40aFgkb1/qLbun\njgg5UwjPPo+E961fXOBzbhHkEBO2qocOj6zlWeJPqwcMonsXbd5eigXPfvTd4qny\nH0gccvkCf7NOQYsMrzSpMbCouWLJQK2+nJ6+VbpNTfaFpupNyVzxpk2rIGwcplBS\n99rCZWItxyS/bbMqKmu2I6Gz8XSkB+gnEg8RQLzGEFWCIsN19EnCeJDNa1JMlpvW\nqj5Eyaxk7/w9p/H9r1ijuUOwLAZriDoUPK2u63f+v0Bvw4Q29STS+WBOJEy5uqms\nvWcFhqS/9aUultfmbTgauQltxy58jjxA/AEGunctV/L6adoNcu63Q6f+w812aLlh\nxu4s7TIFPHQTlM+ib4YQSBltAOdbfddk4MmBJdENUHOO2ouu3SzRr7aLgxf2XDXn\nUlAABQ2ekdJeGzKxKuOwe8WWaaGEJFPOvdBzsv0lH3b9yFL4OUCFm0EnLwIHeNEs\nJdeGFXam/1oFJecTKqfngaGFJfv+sQIDAQABAoICAEYvye6mpO9eKKafgWu2cKAP\nSsd8b1L2dqQmsXNjh0I7w1K493wMsy9RTD+m1/XBQCTjwFmJXeS93MmGMce7eTVE\nd3ZacztVFw3qaiTpoxa0QFsvtMseOb4gpczvrdiYOTWwjcVR45nuuYdUbolAKQJr\ngYRFvmr++L2x7iA2bk5ZlKJWFu5HyzaUVvIhRyoCwchePvf/z0yRqkQNTGXg0KcB\nIQXvjFccTo1vbwe1DpOzwu9+RQ8sb7Atu7He6OmfKXCR+yh+YETbnkC1pGxHwim/\n7VfP+CKOxKEqsdws01vcR1SOH2l4F/ipD09SdO9Vx9mxLadSynJbE+MS6oikKqdk\nPXYaFTJk5na/tVjKi4Uu82MTjVbTm1boeZAnHtYaGvoOubM9KXzBEVbKoz+6qd6G\nVzgn93jN2n2c9ZTD2NS/SfJMsZYx9DqZpHkLCnPLEbkQX6xv59GmUhl2CPyd4A60\nYhPQTTeYMuuUotaMKvaYTSza6h3iC/wnNaE1Fy/Cu0EqlcZz35OJZB5np2iUKH8+\n2/1Rl0iAd+WsWzScx1xhtKONlHbbZwB/nAN3boVGmHdi9wfvMyw5hM+g88lKDS7m\n3R/t3tRhwdcGAaD/p0ZUpiGQJ4FztgVDawoM4/9SvQXu7wFMUJL5qkSjQRuhijbX\na+dwWol2QXrQs4t74H1hAoIBAQDoxgv/cOk/cuvrPyLJk6gjDNYp/VX4KejwoPoR\nnboOPb1rF07fjj8MYpPQ1wwo5mWdrpse1LkruPv8PxWZeOOCjMDkuC7973jKhaGD\nt496BqiLlJEzxKR7wGnv+tZiwHePCmRJ1+lgBkDlq4bKpUcDp+kN52aV0aBPxhN9\nVgRhg8tJ4+U9MsWxILplLkbInFzLIvojVLju9mU1oJ4Dp1DXQlQKU+fnGcuXzI1z\n7WtHml4/q8ezmX1CNfOvxjbCt5Y3QOSaKccclFih8lnd120izGAd2sJtTdQg/JJh\nYpnVn6kz731YftEP67cS71xElk8rF3/3020pNVtJTka5wf5NAoIBAQDkgxOlom+c\niTnm1ffd76ZooaiSlaujZOFJ+iN0KyejtFFarXB/XGs5QK/NyuuXP93IslmfnzCb\n6nTLY7skj/na5++QQMUbpRpGbWO0q1c7xtt4T3a6mEz1ahWh7/spksY1y9d6qkdS\nOY4QiNwa1r9SPj+8zcff48MRRF8t6ozrdBTeAH9EtpbNklG4Od8d+xRjCGJM3LHc\nJGCfDgRYTdXcb06QGtc0nFZYFqdBc8UzrPqCfjsZrLwp7DvRrdzNylSg1GuF/50y\nJ71WOKO//EEBtW46dpZiQOq0+ZrKnlsG86xeMiNEF8UJBI99vIjLMFBozNY3X9VE\n+CTQbnxvR5v1AoIBAEPSSHah2GQTQOfnGmSvMAMeX1wWozDOTT+nN5VgZnB1zrXg\nMavzTy11n2nu7m0QTDU4RZwjENzLZigl3U49KdTE3AMIIzD70C755ohxOE2umPcq\nT3BM8DvaYUN5y3M0buFvfq8BSM8go1IHuxtaMqm/B6l0bbBjRplXtiADqv0aoGWk\nEAvXukAUsBqA9EDJRkQtqcIXklaV1gFdDg00d9pwSfpEXkI4gth00hYf6+0N7j4Q\n9/u9UgCzpY/madgsE4l/z9uXJpuOIZD2AvcfKH5GHA82yQV98ru1u5TCXN4gSfWG\n5vec458G5+2Nbk3RmbmNfEyh/qFOGY3vT64Z9tUCggEANum83e/kDGT5shw3HXFK\ntxgqD1fCUFicvw9KV89LDk71wemuAB0wcyi1Vqnt5YHmhSU+3ln972nvOTU1Mrsa\nmt1jt3GpLFSHtObyr+cA5o+KDCZkbMDOtacRncGyxLHNyf27QXIMA5lrJ1QMOLLk\ndRoabP+yiX4NUWfxy3Hy/V3+6b6K1vNd1/bShof5sxW0N3w7Syc54qInSfGvX50M\nyJVC9uRMVQtAwJhpBxSQDjQCWzuEbk4RRa3MTj4OsrFtltyVHjVoDDZ6jG6+AxPW\nd1enLoty5hedj3HwHcLiMxB5moVH7kQcCGe9J8UXxmRM3nJjBBmWgaV0C1aRtpgp\nxQKCAQBJApOxdLl4mA2tU7JPNd11tJB0uZXIgUg0fn7scht4iepYc/LFWJQmD0tV\n2fERaP3WyTsNh2s/AZv1l0rCFAfkcv0oOpsj+v/WATdlj/EH/N6NY7CGqqX/J5cF\nIAumDu/kcVg+N718YZ2XJvxEV6TuJM7MB/LRMpKAvnaR6ut0sq3BI4j2KS4VCDaF\nIE5yaqdWS71+6A1rpIbMcOKZ3N6lmTlHbfoyVifm4kdrGlwVRGXFcmeg05wuTu0i\nT24TAaNVaawrqCpwV9+5A4ZN8wB+QZT12y0eAeyPL9irXSvCt0oPnzTuBKrTJKY+\nDyZAxpyMyV0EXmM0UPlyxfjY9K5o\n-----END PRIVATE KEY-----\n",
            "public_key_fingerprint_md5": "fd:28:ae:e8:96:82:e7:7f:2e:a5:fa:88:77:b7:d1:30",
            "public_key_fingerprint_sha256": "SHA256:LPJEWx6MCYo+XfDdSipbkoUW2MScLfcEFYqU/P+wBdU",
            "public_key_openssh": "ssh-rsa AAAAB3NzaC1yc2EAAAADAQABAAACAQDPx5Hk8oMErzcfSyRqwXGQA9NlUCt5GAxVip9fpOhcXEweZKF9MS8EywJwe39HRTJfp57VHjikEJO7e+7cj09QM/QBmESGVEIuCoAqaeDfxopAKCY9UrzReL+ncC2cY9b+YNo1PGWe79+w+OvgEZpoLEP+JCgQzobjYC+TQp0XkNY1Fhn/8GIK3WVCH+KG8u40aFgkb1/qLbunjgg5UwjPPo+E961fXOBzbhHkEBO2qocOj6zlWeJPqwcMonsXbd5eigXPfvTd4qnyH0gccvkCf7NOQYsMrzSpMbCouWLJQK2+nJ6+VbpNTfaFpupNyVzxpk2rIGwcplBS99rCZWItxyS/bbMqKmu2I6Gz8XSkB+gnEg8RQLzGEFWCIsN19EnCeJDNa1JMlpvWqj5Eyaxk7/w9p/H9r1ijuUOwLAZriDoUPK2u63f+v0Bvw4Q29STS+WBOJEy5uqmsvWcFhqS/9aUultfmbTgauQltxy58jjxA/AEGunctV/L6adoNcu63Q6f+w812aLlhxu4s7TIFPHQTlM+ib4YQSBltAOdbfddk4MmBJdENUHOO2ouu3SzRr7aLgxf2XDXnUlAABQ2ekdJeGzKxKuOwe8WWaaGEJFPOvdBzsv0lH3b9yFL4OUCFm0EnLwIHeNEsJdeGFXam/1oFJecTKqfngaGFJfv+sQ==\n",
            "public_key_pem": "-----BEGIN PUBLIC KEY-----\nMIICIjANBgkqhkiG9w0BAQEFAAOCAg8AMIICCgKCAgEAz8eR5PKDBK83H0skasFx\nkAPTZVAreRgMVYqfX6ToXFxMHmShfTEvBMsCcHt/R0UyX6ee1R44pBCTu3vu3I9P\nUDP0AZhEhlRCLgqAKmng38aKQCgmPVK80Xi/p3AtnGPW/mDaNTxlnu/fsPjr4BGa\naCxD/iQoEM6G42Avk0KdF5DWNRYZ//BiCt1lQh/ihvLuNGhYJG9f6i27p44IOVMI\nzz6PhPetX1zgc24R5BATtqqHDo+s5VniT6sHDKJ7F23eXooFz3703eKp8h9IHHL5\nAn+zTkGLDK80qTGwqLliyUCtvpyevlW6TU32habqTclc8aZNqyBsHKZQUvfawmVi\nLcckv22zKiprtiOhs/F0pAfoJxIPEUC8xhBVgiLDdfRJwniQzWtSTJab1qo+RMms\nZO/8Pafx/a9Yo7lDsCwGa4g6FDytrut3/r9Ab8OENvUk0vlgTiRMubqprL1nBYak\nv/WlLpbX5m04GrkJbccufI48QPwBBrp3LVfy+mnaDXLut0On/sPNdmi5YcbuLO0y\nBTx0E5TPom+GEEgZbQDnW33XZODJgSXRDVBzjtqLrt0s0a+2i4MX9lw151JQAAUN\nnpHSXhsysSrjsHvFlmmhhCRTzr3Qc7L9JR92/chS+DlAhZtBJy8CB3jRLCXXhhV2\npv9aBSXnEyqn54GhhSX7/rECAwEAAQ==\n-----END PUBLIC KEY-----\n",
            "rsa_bits": 4096
          },
          "sensitive_attributes": [
            [
              {
                "type": "get_attr",
                "value": "private_key_pem"
              }
            ],
            [
              {
                "type": "get_attr",
                "value": "private_key_pem_pkcs8"
              }
            ],
            [
              {
                "type": "get_attr",
                "value": "private_key_openssh"
              }
            ]
          ]
        }
      ]
    },
    {
      "module": "module.vpc",
      "mode": "managed",
      "type": "aws_default_network_acl",
      "name": "this",
      "provider": "provider[\"registry.terraform.io/hashicorp/aws\"]",
      "instances": [
        {
          "index_key": 0,
          "schema_version": 0,
          "attributes": {
            "arn": "arn:aws:ec2:eu-central-1:950487945443:network-acl/acl-06a87c1eceefc98cb",
            "default_network_acl_id": "acl-06a87c1eceefc98cb",
            "egress": [
              {
                "action": "allow",
                "cidr_block": "",
                "from_port": 0,
                "icmp_code": 0,
                "icmp_type": 0,
                "ipv6_cidr_block": "::/0",
                "protocol": "-1",
                "rule_no": 101,
                "to_port": 0
              },
              {
                "action": "allow",
                "cidr_block": "0.0.0.0/0",
                "from_port": 0,
                "icmp_code": 0,
                "icmp_type": 0,
                "ipv6_cidr_block": "",
                "protocol": "-1",
                "rule_no": 100,
                "to_port": 0
              }
            ],
            "id": "acl-06a87c1eceefc98cb",
            "ingress": [
              {
                "action": "allow",
                "cidr_block": "",
                "from_port": 0,
                "icmp_code": 0,
                "icmp_type": 0,
                "ipv6_cidr_block": "::/0",
                "protocol": "-1",
                "rule_no": 101,
                "to_port": 0
              },
              {
                "action": "allow",
                "cidr_block": "0.0.0.0/0",
                "from_port": 0,
                "icmp_code": 0,
                "icmp_type": 0,
                "ipv6_cidr_block": "",
                "protocol": "-1",
                "rule_no": 100,
                "to_port": 0
              }
            ],
            "owner_id": "950487945443",
            "subnet_ids": [
              "subnet-02769b32523d8fca1",
              "subnet-047f7913762f885cf",
              "subnet-06a4f77cb8f4b65f9",
              "subnet-07c7948d393835539"
            ],
            "tags": {
              "Environment": "dev",
              "Name": "wordpress-default",
              "Terraform": "true"
            },
            "tags_all": {
              "Environment": "dev",
              "Name": "wordpress-default",
              "Terraform": "true"
            },
            "vpc_id": "vpc-0bb9514b5eb7d38e5"
          },
          "sensitive_attributes": [],
          "private": "bnVsbA==",
          "dependencies": [
            "module.vpc.aws_vpc.this"
          ]
        }
      ]
    },
    {
      "module": "module.vpc",
      "mode": "managed",
      "type": "aws_default_route_table",
      "name": "default",
      "provider": "provider[\"registry.terraform.io/hashicorp/aws\"]",
      "instances": [
        {
          "index_key": 0,
          "schema_version": 0,
          "attributes": {
            "arn": "arn:aws:ec2:eu-central-1:950487945443:route-table/rtb-08f135b26e00431fc",
            "default_route_table_id": "rtb-08f135b26e00431fc",
            "id": "rtb-08f135b26e00431fc",
            "owner_id": "950487945443",
            "propagating_vgws": [],
            "route": [],
            "tags": {
              "Environment": "dev",
              "Name": "wordpress-default",
              "Terraform": "true"
            },
            "tags_all": {
              "Environment": "dev",
              "Name": "wordpress-default",
              "Terraform": "true"
            },
            "timeouts": {
              "create": "5m",
              "update": "5m"
            },
            "vpc_id": "vpc-0bb9514b5eb7d38e5"
          },
          "sensitive_attributes": [],
          "private": "eyJlMmJmYjczMC1lY2FhLTExZTYtOGY4OC0zNDM2M2JjN2M0YzAiOnsiY3JlYXRlIjozMDAwMDAwMDAwMDAsInVwZGF0ZSI6MzAwMDAwMDAwMDAwfX0=",
          "dependencies": [
            "module.vpc.aws_vpc.this"
          ]
        }
      ]
    },
    {
      "module": "module.vpc",
      "mode": "managed",
      "type": "aws_default_security_group",
      "name": "this",
      "provider": "provider[\"registry.terraform.io/hashicorp/aws\"]",
      "instances": [
        {
          "index_key": 0,
          "schema_version": 1,
          "attributes": {
            "arn": "arn:aws:ec2:eu-central-1:950487945443:security-group/sg-058f911c98d5c5cfd",
            "description": "default VPC security group",
            "egress": [],
            "id": "sg-058f911c98d5c5cfd",
            "ingress": [],
            "name": "default",
            "name_prefix": "",
            "owner_id": "950487945443",
            "revoke_rules_on_delete": false,
            "tags": {
              "Environment": "dev",
              "Name": "wordpress-default",
              "Terraform": "true"
            },
            "tags_all": {
              "Environment": "dev",
              "Name": "wordpress-default",
              "Terraform": "true"
            },
            "vpc_id": "vpc-0bb9514b5eb7d38e5"
          },
          "sensitive_attributes": [],
          "private": "eyJzY2hlbWFfdmVyc2lvbiI6IjEifQ==",
          "dependencies": [
            "module.vpc.aws_vpc.this"
          ]
        }
      ]
    },
    {
      "module": "module.vpc",
      "mode": "managed",
      "type": "aws_eip",
      "name": "nat",
      "provider": "provider[\"registry.terraform.io/hashicorp/aws\"]",
      "instances": [
        {
          "index_key": 0,
          "schema_version": 0,
          "attributes": {
            "address": null,
            "allocation_id": "eipalloc-05e611e0e7621404c",
            "arn": "arn:aws:ec2:eu-central-1:950487945443:elastic-ip/eipalloc-05e611e0e7621404c",
            "associate_with_private_ip": null,
            "association_id": "eipassoc-084cc265433b6f8da",
            "carrier_ip": "",
            "customer_owned_ip": "",
            "customer_owned_ipv4_pool": "",
            "domain": "vpc",
            "id": "eipalloc-05e611e0e7621404c",
            "instance": "",
            "ipam_pool_id": null,
            "network_border_group": "eu-central-1",
            "network_interface": "eni-087bef5a458531b4c",
            "private_dns": "ip-10-0-1-205.eu-central-1.compute.internal",
            "private_ip": "10.0.1.205",
            "ptr_record": "",
            "public_dns": "ec2-18-195-221-120.eu-central-1.compute.amazonaws.com",
            "public_ip": "18.195.221.120",
            "public_ipv4_pool": "amazon",
            "tags": {
              "Environment": "dev",
              "Name": "wordpress-eu-central-1a",
              "Terraform": "true"
            },
            "tags_all": {
              "Environment": "dev",
              "Name": "wordpress-eu-central-1a",
              "Terraform": "true"
            },
            "timeouts": null,
            "vpc": true
          },
          "sensitive_attributes": [],
          "private": "eyJlMmJmYjczMC1lY2FhLTExZTYtOGY4OC0zNDM2M2JjN2M0YzAiOnsiZGVsZXRlIjoxODAwMDAwMDAwMDAsInJlYWQiOjkwMDAwMDAwMDAwMCwidXBkYXRlIjozMDAwMDAwMDAwMDB9fQ==",
          "dependencies": [
            "module.vpc.aws_internet_gateway.this",
            "module.vpc.aws_vpc.this",
            "module.vpc.aws_vpc_ipv4_cidr_block_association.this"
          ]
        }
      ]
    },
    {
      "module": "module.vpc",
      "mode": "managed",
      "type": "aws_internet_gateway",
      "name": "this",
      "provider": "provider[\"registry.terraform.io/hashicorp/aws\"]",
      "instances": [
        {
          "index_key": 0,
          "schema_version": 0,
          "attributes": {
            "arn": "arn:aws:ec2:eu-central-1:950487945443:internet-gateway/igw-0160c0797ce4ae6fd",
            "id": "igw-0160c0797ce4ae6fd",
            "owner_id": "950487945443",
            "tags": {
              "Environment": "dev",
              "Name": "wordpress",
              "Terraform": "true"
            },
            "tags_all": {
              "Environment": "dev",
              "Name": "wordpress",
              "Terraform": "true"
            },
            "timeouts": null,
            "vpc_id": "vpc-0bb9514b5eb7d38e5"
          },
          "sensitive_attributes": [],
          "private": "eyJlMmJmYjczMC1lY2FhLTExZTYtOGY4OC0zNDM2M2JjN2M0YzAiOnsiY3JlYXRlIjoxMjAwMDAwMDAwMDAwLCJkZWxldGUiOjEyMDAwMDAwMDAwMDAsInVwZGF0ZSI6MTIwMDAwMDAwMDAwMH19",
          "dependencies": [
            "module.vpc.aws_vpc.this",
            "module.vpc.aws_vpc_ipv4_cidr_block_association.this"
          ]
        }
      ]
    },
    {
      "module": "module.vpc",
      "mode": "managed",
      "type": "aws_nat_gateway",
      "name": "this",
      "provider": "provider[\"registry.terraform.io/hashicorp/aws\"]",
      "instances": [
        {
          "index_key": 0,
          "schema_version": 0,
          "attributes": {
            "allocation_id": "eipalloc-05e611e0e7621404c",
            "association_id": "eipassoc-084cc265433b6f8da",
            "connectivity_type": "public",
            "id": "nat-05c894d586f5248ea",
            "network_interface_id": "eni-087bef5a458531b4c",
            "private_ip": "10.0.1.205",
            "public_ip": "18.195.221.120",
            "secondary_allocation_ids": [],
            "secondary_private_ip_address_count": 0,
            "secondary_private_ip_addresses": [],
            "subnet_id": "subnet-047f7913762f885cf",
            "tags": {
              "Environment": "dev",
              "Name": "wordpress-eu-central-1a",
              "Terraform": "true"
            },
            "tags_all": {
              "Environment": "dev",
              "Name": "wordpress-eu-central-1a",
              "Terraform": "true"
            },
            "timeouts": null
          },
          "sensitive_attributes": [],
          "private": "eyJlMmJmYjczMC1lY2FhLTExZTYtOGY4OC0zNDM2M2JjN2M0YzAiOnsiY3JlYXRlIjo2MDAwMDAwMDAwMDAsImRlbGV0ZSI6MTgwMDAwMDAwMDAwMCwidXBkYXRlIjo2MDAwMDAwMDAwMDB9fQ==",
          "dependencies": [
            "module.vpc.aws_eip.nat",
            "module.vpc.aws_internet_gateway.this",
            "module.vpc.aws_subnet.public",
            "module.vpc.aws_vpc.this",
            "module.vpc.aws_vpc_ipv4_cidr_block_association.this"
          ]
        }
      ]
    },
    {
      "module": "module.vpc",
      "mode": "managed",
      "type": "aws_route",
      "name": "private_nat_gateway",
      "provider": "provider[\"registry.terraform.io/hashicorp/aws\"]",
      "instances": [
        {
          "index_key": 0,
          "schema_version": 0,
          "attributes": {
            "carrier_gateway_id": "",
            "core_network_arn": "",
            "destination_cidr_block": "0.0.0.0/0",
            "destination_ipv6_cidr_block": "",
            "destination_prefix_list_id": "",
            "egress_only_gateway_id": "",
            "gateway_id": "",
            "id": "r-rtb-0669a39f96b450eca1080289494",
            "instance_id": "",
            "instance_owner_id": "",
            "local_gateway_id": "",
            "nat_gateway_id": "nat-05c894d586f5248ea",
            "network_interface_id": "",
            "origin": "CreateRoute",
            "route_table_id": "rtb-0669a39f96b450eca",
            "state": "active",
            "timeouts": {
              "create": "5m",
              "delete": null,
              "update": null
            },
            "transit_gateway_id": "",
            "vpc_endpoint_id": "",
            "vpc_peering_connection_id": ""
          },
          "sensitive_attributes": [],
          "private": "eyJlMmJmYjczMC1lY2FhLTExZTYtOGY4OC0zNDM2M2JjN2M0YzAiOnsiY3JlYXRlIjozMDAwMDAwMDAwMDAsImRlbGV0ZSI6MzAwMDAwMDAwMDAwLCJ1cGRhdGUiOjEyMDAwMDAwMDAwMH19",
          "dependencies": [
            "module.vpc.aws_eip.nat",
            "module.vpc.aws_internet_gateway.this",
            "module.vpc.aws_nat_gateway.this",
            "module.vpc.aws_route_table.private",
            "module.vpc.aws_subnet.public",
            "module.vpc.aws_vpc.this",
            "module.vpc.aws_vpc_ipv4_cidr_block_association.this"
          ]
        }
      ]
    },
    {
      "module": "module.vpc",
      "mode": "managed",
      "type": "aws_route",
      "name": "public_internet_gateway",
      "provider": "provider[\"registry.terraform.io/hashicorp/aws\"]",
      "instances": [
        {
          "index_key": 0,
          "schema_version": 0,
          "attributes": {
            "carrier_gateway_id": "",
            "core_network_arn": "",
            "destination_cidr_block": "0.0.0.0/0",
            "destination_ipv6_cidr_block": "",
            "destination_prefix_list_id": "",
            "egress_only_gateway_id": "",
            "gateway_id": "igw-0160c0797ce4ae6fd",
            "id": "r-rtb-0b73b4585f2524a561080289494",
            "instance_id": "",
            "instance_owner_id": "",
            "local_gateway_id": "",
            "nat_gateway_id": "",
            "network_interface_id": "",
            "origin": "CreateRoute",
            "route_table_id": "rtb-0b73b4585f2524a56",
            "state": "active",
            "timeouts": {
              "create": "5m",
              "delete": null,
              "update": null
            },
            "transit_gateway_id": "",
            "vpc_endpoint_id": "",
            "vpc_peering_connection_id": ""
          },
          "sensitive_attributes": [],
          "private": "eyJlMmJmYjczMC1lY2FhLTExZTYtOGY4OC0zNDM2M2JjN2M0YzAiOnsiY3JlYXRlIjozMDAwMDAwMDAwMDAsImRlbGV0ZSI6MzAwMDAwMDAwMDAwLCJ1cGRhdGUiOjEyMDAwMDAwMDAwMH19",
          "dependencies": [
            "module.vpc.aws_internet_gateway.this",
            "module.vpc.aws_route_table.public",
            "module.vpc.aws_vpc.this",
            "module.vpc.aws_vpc_ipv4_cidr_block_association.this"
          ]
        }
      ]
    },
    {
      "module": "module.vpc",
      "mode": "managed",
      "type": "aws_route_table",
      "name": "private",
      "provider": "provider[\"registry.terraform.io/hashicorp/aws\"]",
      "instances": [
        {
          "index_key": 0,
          "schema_version": 0,
          "attributes": {
            "arn": "arn:aws:ec2:eu-central-1:950487945443:route-table/rtb-0669a39f96b450eca",
            "id": "rtb-0669a39f96b450eca",
            "owner_id": "950487945443",
            "propagating_vgws": [],
            "route": [
              {
                "carrier_gateway_id": "",
                "cidr_block": "0.0.0.0/0",
                "core_network_arn": "",
                "destination_prefix_list_id": "",
                "egress_only_gateway_id": "",
                "gateway_id": "",
                "ipv6_cidr_block": "",
                "local_gateway_id": "",
                "nat_gateway_id": "nat-05c894d586f5248ea",
                "network_interface_id": "",
                "transit_gateway_id": "",
                "vpc_endpoint_id": "",
                "vpc_peering_connection_id": ""
              }
            ],
            "tags": {
              "Environment": "dev",
              "Name": "wordpress-private",
              "Terraform": "true"
            },
            "tags_all": {
              "Environment": "dev",
              "Name": "wordpress-private",
              "Terraform": "true"
            },
            "timeouts": null,
            "vpc_id": "vpc-0bb9514b5eb7d38e5"
          },
          "sensitive_attributes": [],
          "private": "eyJlMmJmYjczMC1lY2FhLTExZTYtOGY4OC0zNDM2M2JjN2M0YzAiOnsiY3JlYXRlIjozMDAwMDAwMDAwMDAsImRlbGV0ZSI6MzAwMDAwMDAwMDAwLCJ1cGRhdGUiOjEyMDAwMDAwMDAwMH19",
          "dependencies": [
            "module.vpc.aws_vpc.this",
            "module.vpc.aws_vpc_ipv4_cidr_block_association.this"
          ]
        }
      ]
    },
    {
      "module": "module.vpc",
      "mode": "managed",
      "type": "aws_route_table",
      "name": "public",
      "provider": "provider[\"registry.terraform.io/hashicorp/aws\"]",
      "instances": [
        {
          "index_key": 0,
          "schema_version": 0,
          "attributes": {
            "arn": "arn:aws:ec2:eu-central-1:950487945443:route-table/rtb-0b73b4585f2524a56",
            "id": "rtb-0b73b4585f2524a56",
            "owner_id": "950487945443",
            "propagating_vgws": [],
            "route": [
              {
                "carrier_gateway_id": "",
                "cidr_block": "0.0.0.0/0",
                "core_network_arn": "",
                "destination_prefix_list_id": "",
                "egress_only_gateway_id": "",
                "gateway_id": "igw-0160c0797ce4ae6fd",
                "ipv6_cidr_block": "",
                "local_gateway_id": "",
                "nat_gateway_id": "",
                "network_interface_id": "",
                "transit_gateway_id": "",
                "vpc_endpoint_id": "",
                "vpc_peering_connection_id": ""
              }
            ],
            "tags": {
              "Environment": "dev",
              "Name": "wordpress-public",
              "Terraform": "true"
            },
            "tags_all": {
              "Environment": "dev",
              "Name": "wordpress-public",
              "Terraform": "true"
            },
            "timeouts": null,
            "vpc_id": "vpc-0bb9514b5eb7d38e5"
          },
          "sensitive_attributes": [],
          "private": "eyJlMmJmYjczMC1lY2FhLTExZTYtOGY4OC0zNDM2M2JjN2M0YzAiOnsiY3JlYXRlIjozMDAwMDAwMDAwMDAsImRlbGV0ZSI6MzAwMDAwMDAwMDAwLCJ1cGRhdGUiOjEyMDAwMDAwMDAwMH19",
          "dependencies": [
            "module.vpc.aws_vpc.this",
            "module.vpc.aws_vpc_ipv4_cidr_block_association.this"
          ]
        }
      ]
    },
    {
      "module": "module.vpc",
      "mode": "managed",
      "type": "aws_route_table_association",
      "name": "private",
      "provider": "provider[\"registry.terraform.io/hashicorp/aws\"]",
      "instances": [
        {
          "index_key": 0,
          "schema_version": 0,
          "attributes": {
            "gateway_id": "",
            "id": "rtbassoc-000a946ab39ddd461",
            "route_table_id": "rtb-0669a39f96b450eca",
            "subnet_id": "subnet-02769b32523d8fca1",
            "timeouts": null
          },
          "sensitive_attributes": [],
          "private": "eyJlMmJmYjczMC1lY2FhLTExZTYtOGY4OC0zNDM2M2JjN2M0YzAiOnsiY3JlYXRlIjozMDAwMDAwMDAwMDAsImRlbGV0ZSI6MzAwMDAwMDAwMDAwLCJ1cGRhdGUiOjEyMDAwMDAwMDAwMH19",
          "dependencies": [
            "module.vpc.aws_route_table.private",
            "module.vpc.aws_subnet.private",
            "module.vpc.aws_vpc.this",
            "module.vpc.aws_vpc_ipv4_cidr_block_association.this"
          ]
        },
        {
          "index_key": 1,
          "schema_version": 0,
          "attributes": {
            "gateway_id": "",
            "id": "rtbassoc-02f453bc3c671770d",
            "route_table_id": "rtb-0669a39f96b450eca",
            "subnet_id": "subnet-07c7948d393835539",
            "timeouts": null
          },
          "sensitive_attributes": [],
          "private": "eyJlMmJmYjczMC1lY2FhLTExZTYtOGY4OC0zNDM2M2JjN2M0YzAiOnsiY3JlYXRlIjozMDAwMDAwMDAwMDAsImRlbGV0ZSI6MzAwMDAwMDAwMDAwLCJ1cGRhdGUiOjEyMDAwMDAwMDAwMH19",
          "dependencies": [
            "module.vpc.aws_route_table.private",
            "module.vpc.aws_subnet.private",
            "module.vpc.aws_vpc.this",
            "module.vpc.aws_vpc_ipv4_cidr_block_association.this"
          ]
        }
      ]
    },
    {
      "module": "module.vpc",
      "mode": "managed",
      "type": "aws_route_table_association",
      "name": "public",
      "provider": "provider[\"registry.terraform.io/hashicorp/aws\"]",
      "instances": [
        {
          "index_key": 0,
          "schema_version": 0,
          "attributes": {
            "gateway_id": "",
            "id": "rtbassoc-0100d9695684264bf",
            "route_table_id": "rtb-0b73b4585f2524a56",
            "subnet_id": "subnet-047f7913762f885cf",
            "timeouts": null
          },
          "sensitive_attributes": [],
          "private": "eyJlMmJmYjczMC1lY2FhLTExZTYtOGY4OC0zNDM2M2JjN2M0YzAiOnsiY3JlYXRlIjozMDAwMDAwMDAwMDAsImRlbGV0ZSI6MzAwMDAwMDAwMDAwLCJ1cGRhdGUiOjEyMDAwMDAwMDAwMH19",
          "dependencies": [
            "module.vpc.aws_route_table.public",
            "module.vpc.aws_subnet.public",
            "module.vpc.aws_vpc.this",
            "module.vpc.aws_vpc_ipv4_cidr_block_association.this"
          ]
        },
        {
          "index_key": 1,
          "schema_version": 0,
          "attributes": {
            "gateway_id": "",
            "id": "rtbassoc-062c82ca7a803dd4a",
            "route_table_id": "rtb-0b73b4585f2524a56",
            "subnet_id": "subnet-06a4f77cb8f4b65f9",
            "timeouts": null
          },
          "sensitive_attributes": [],
          "private": "eyJlMmJmYjczMC1lY2FhLTExZTYtOGY4OC0zNDM2M2JjN2M0YzAiOnsiY3JlYXRlIjozMDAwMDAwMDAwMDAsImRlbGV0ZSI6MzAwMDAwMDAwMDAwLCJ1cGRhdGUiOjEyMDAwMDAwMDAwMH19",
          "dependencies": [
            "module.vpc.aws_route_table.public",
            "module.vpc.aws_subnet.public",
            "module.vpc.aws_vpc.this",
            "module.vpc.aws_vpc_ipv4_cidr_block_association.this"
          ]
        }
      ]
    },
    {
      "module": "module.vpc",
      "mode": "managed",
      "type": "aws_subnet",
      "name": "private",
      "provider": "provider[\"registry.terraform.io/hashicorp/aws\"]",
      "instances": [
        {
          "index_key": 0,
          "schema_version": 1,
          "attributes": {
            "arn": "arn:aws:ec2:eu-central-1:950487945443:subnet/subnet-02769b32523d8fca1",
            "assign_ipv6_address_on_creation": false,
            "availability_zone": "eu-central-1a",
            "availability_zone_id": "euc1-az2",
            "cidr_block": "10.0.11.0/24",
            "customer_owned_ipv4_pool": "",
            "enable_dns64": false,
            "enable_lni_at_device_index": 0,
            "enable_resource_name_dns_a_record_on_launch": false,
            "enable_resource_name_dns_aaaa_record_on_launch": false,
            "id": "subnet-02769b32523d8fca1",
            "ipv6_cidr_block": "",
            "ipv6_cidr_block_association_id": "",
            "ipv6_native": false,
            "map_customer_owned_ip_on_launch": false,
            "map_public_ip_on_launch": false,
            "outpost_arn": "",
            "owner_id": "950487945443",
            "private_dns_hostname_type_on_launch": "ip-name",
            "tags": {
              "Environment": "dev",
              "Name": "wordpress-private-eu-central-1a",
              "Terraform": "true"
            },
            "tags_all": {
              "Environment": "dev",
              "Name": "wordpress-private-eu-central-1a",
              "Terraform": "true"
            },
            "timeouts": null,
            "vpc_id": "vpc-0bb9514b5eb7d38e5"
          },
          "sensitive_attributes": [],
          "private": "eyJlMmJmYjczMC1lY2FhLTExZTYtOGY4OC0zNDM2M2JjN2M0YzAiOnsiY3JlYXRlIjo2MDAwMDAwMDAwMDAsImRlbGV0ZSI6MTIwMDAwMDAwMDAwMH0sInNjaGVtYV92ZXJzaW9uIjoiMSJ9",
          "dependencies": [
            "module.vpc.aws_vpc.this",
            "module.vpc.aws_vpc_ipv4_cidr_block_association.this"
          ]
        },
        {
          "index_key": 1,
          "schema_version": 1,
          "attributes": {
            "arn": "arn:aws:ec2:eu-central-1:950487945443:subnet/subnet-07c7948d393835539",
            "assign_ipv6_address_on_creation": false,
            "availability_zone": "eu-central-1b",
            "availability_zone_id": "euc1-az3",
            "cidr_block": "10.0.12.0/24",
            "customer_owned_ipv4_pool": "",
            "enable_dns64": false,
            "enable_lni_at_device_index": 0,
            "enable_resource_name_dns_a_record_on_launch": false,
            "enable_resource_name_dns_aaaa_record_on_launch": false,
            "id": "subnet-07c7948d393835539",
            "ipv6_cidr_block": "",
            "ipv6_cidr_block_association_id": "",
            "ipv6_native": false,
            "map_customer_owned_ip_on_launch": false,
            "map_public_ip_on_launch": false,
            "outpost_arn": "",
            "owner_id": "950487945443",
            "private_dns_hostname_type_on_launch": "ip-name",
            "tags": {
              "Environment": "dev",
              "Name": "wordpress-private-eu-central-1b",
              "Terraform": "true"
            },
            "tags_all": {
              "Environment": "dev",
              "Name": "wordpress-private-eu-central-1b",
              "Terraform": "true"
            },
            "timeouts": null,
            "vpc_id": "vpc-0bb9514b5eb7d38e5"
          },
          "sensitive_attributes": [],
          "private": "eyJlMmJmYjczMC1lY2FhLTExZTYtOGY4OC0zNDM2M2JjN2M0YzAiOnsiY3JlYXRlIjo2MDAwMDAwMDAwMDAsImRlbGV0ZSI6MTIwMDAwMDAwMDAwMH0sInNjaGVtYV92ZXJzaW9uIjoiMSJ9",
          "dependencies": [
            "module.vpc.aws_vpc.this",
            "module.vpc.aws_vpc_ipv4_cidr_block_association.this"
          ]
        }
      ]
    },
    {
      "module": "module.vpc",
      "mode": "managed",
      "type": "aws_subnet",
      "name": "public",
      "provider": "provider[\"registry.terraform.io/hashicorp/aws\"]",
      "instances": [
        {
          "index_key": 0,
          "schema_version": 1,
          "attributes": {
            "arn": "arn:aws:ec2:eu-central-1:950487945443:subnet/subnet-047f7913762f885cf",
            "assign_ipv6_address_on_creation": false,
            "availability_zone": "eu-central-1a",
            "availability_zone_id": "euc1-az2",
            "cidr_block": "10.0.1.0/24",
            "customer_owned_ipv4_pool": "",
            "enable_dns64": false,
            "enable_lni_at_device_index": 0,
            "enable_resource_name_dns_a_record_on_launch": false,
            "enable_resource_name_dns_aaaa_record_on_launch": false,
            "id": "subnet-047f7913762f885cf",
            "ipv6_cidr_block": "",
            "ipv6_cidr_block_association_id": "",
            "ipv6_native": false,
            "map_customer_owned_ip_on_launch": false,
            "map_public_ip_on_launch": false,
            "outpost_arn": "",
            "owner_id": "950487945443",
            "private_dns_hostname_type_on_launch": "ip-name",
            "tags": {
              "Environment": "dev",
              "Name": "wordpress-public-eu-central-1a",
              "Terraform": "true"
            },
            "tags_all": {
              "Environment": "dev",
              "Name": "wordpress-public-eu-central-1a",
              "Terraform": "true"
            },
            "timeouts": null,
            "vpc_id": "vpc-0bb9514b5eb7d38e5"
          },
          "sensitive_attributes": [],
          "private": "eyJlMmJmYjczMC1lY2FhLTExZTYtOGY4OC0zNDM2M2JjN2M0YzAiOnsiY3JlYXRlIjo2MDAwMDAwMDAwMDAsImRlbGV0ZSI6MTIwMDAwMDAwMDAwMH0sInNjaGVtYV92ZXJzaW9uIjoiMSJ9",
          "dependencies": [
            "module.vpc.aws_vpc.this",
            "module.vpc.aws_vpc_ipv4_cidr_block_association.this"
          ]
        },
        {
          "index_key": 1,
          "schema_version": 1,
          "attributes": {
            "arn": "arn:aws:ec2:eu-central-1:950487945443:subnet/subnet-06a4f77cb8f4b65f9",
            "assign_ipv6_address_on_creation": false,
            "availability_zone": "eu-central-1b",
            "availability_zone_id": "euc1-az3",
            "cidr_block": "10.0.2.0/24",
            "customer_owned_ipv4_pool": "",
            "enable_dns64": false,
            "enable_lni_at_device_index": 0,
            "enable_resource_name_dns_a_record_on_launch": false,
            "enable_resource_name_dns_aaaa_record_on_launch": false,
            "id": "subnet-06a4f77cb8f4b65f9",
            "ipv6_cidr_block": "",
            "ipv6_cidr_block_association_id": "",
            "ipv6_native": false,
            "map_customer_owned_ip_on_launch": false,
            "map_public_ip_on_launch": false,
            "outpost_arn": "",
            "owner_id": "950487945443",
            "private_dns_hostname_type_on_launch": "ip-name",
            "tags": {
              "Environment": "dev",
              "Name": "wordpress-public-eu-central-1b",
              "Terraform": "true"
            },
            "tags_all": {
              "Environment": "dev",
              "Name": "wordpress-public-eu-central-1b",
              "Terraform": "true"
            },
            "timeouts": null,
            "vpc_id": "vpc-0bb9514b5eb7d38e5"
          },
          "sensitive_attributes": [],
          "private": "eyJlMmJmYjczMC1lY2FhLTExZTYtOGY4OC0zNDM2M2JjN2M0YzAiOnsiY3JlYXRlIjo2MDAwMDAwMDAwMDAsImRlbGV0ZSI6MTIwMDAwMDAwMDAwMH0sInNjaGVtYV92ZXJzaW9uIjoiMSJ9",
          "dependencies": [
            "module.vpc.aws_vpc.this",
            "module.vpc.aws_vpc_ipv4_cidr_block_association.this"
          ]
        }
      ]
    },
    {
      "module": "module.vpc",
      "mode": "managed",
      "type": "aws_vpc",
      "name": "this",
      "provider": "provider[\"registry.terraform.io/hashicorp/aws\"]",
      "instances": [
        {
          "index_key": 0,
          "schema_version": 1,
          "attributes": {
            "arn": "arn:aws:ec2:eu-central-1:950487945443:vpc/vpc-0bb9514b5eb7d38e5",
            "assign_generated_ipv6_cidr_block": false,
            "cidr_block": "10.0.0.0/16",
            "default_network_acl_id": "acl-06a87c1eceefc98cb",
            "default_route_table_id": "rtb-08f135b26e00431fc",
            "default_security_group_id": "sg-058f911c98d5c5cfd",
            "dhcp_options_id": "dopt-00f01e80c323508bb",
            "enable_dns_hostnames": true,
            "enable_dns_support": true,
            "enable_network_address_usage_metrics": false,
            "id": "vpc-0bb9514b5eb7d38e5",
            "instance_tenancy": "default",
            "ipv4_ipam_pool_id": null,
            "ipv4_netmask_length": null,
            "ipv6_association_id": "",
            "ipv6_cidr_block": "",
            "ipv6_cidr_block_network_border_group": "",
            "ipv6_ipam_pool_id": "",
            "ipv6_netmask_length": 0,
            "main_route_table_id": "rtb-08f135b26e00431fc",
            "owner_id": "950487945443",
            "tags": {
              "Environment": "dev",
              "Name": "wordpress",
              "Terraform": "true"
            },
            "tags_all": {
              "Environment": "dev",
              "Name": "wordpress",
              "Terraform": "true"
            }
          },
          "sensitive_attributes": [],
          "private": "eyJzY2hlbWFfdmVyc2lvbiI6IjEifQ=="
        }
      ]
    }
  ],
  "check_results": null
}
